// !$*UTF8*$!
{
	archiveVersion = 1;
	classes = {
	};
	objectVersion = 46;
	objects = {

/* Begin PBXBuildFile section */
		750BA0FD1AAA8582003FEA16 /* libOpenPGP_x86_64.a in Frameworks */ = {isa = PBXBuildFile; fileRef = 750BA0FB1AAA8582003FEA16 /* libOpenPGP_x86_64.a */; };
		752B38651C46D9150019742F /* OpenPGP_Test.swift in Sources */ = {isa = PBXBuildFile; fileRef = 752B38641C46D9150019742F /* OpenPGP_Test.swift */; };
		755E3C151C471197006B1EE2 /* SwiftObjC-Bridging-Header.cpp in Sources */ = {isa = PBXBuildFile; fileRef = 7588B9611AA53F4D006A8793 /* SwiftObjC-Bridging-Header.cpp */; };
		755E3C171C47119F006B1EE2 /* libOpenPGP_x86_64.a in Frameworks */ = {isa = PBXBuildFile; fileRef = 755E3C161C47119F006B1EE2 /* libOpenPGP_x86_64.a */; };
		755E3C181C4711A9006B1EE2 /* libz.dylib in Frameworks */ = {isa = PBXBuildFile; fileRef = 7588B96C1AA541D3006A8793 /* libz.dylib */; };
		755E3C191C4711B6006B1EE2 /* libbz2.dylib in Frameworks */ = {isa = PBXBuildFile; fileRef = 7588B96A1AA541CD006A8793 /* libbz2.dylib */; };
		755E3C1C1C4711BE006B1EE2 /* libcrypto.a in Frameworks */ = {isa = PBXBuildFile; fileRef = 755E3C1A1C4711BE006B1EE2 /* libcrypto.a */; };
		755E3C1D1C4711BE006B1EE2 /* libssl.a in Frameworks */ = {isa = PBXBuildFile; fileRef = 755E3C1B1C4711BE006B1EE2 /* libssl.a */; };
		755E3C271C471BA7006B1EE2 /* feng_mulitiple_keys.json in Resources */ = {isa = PBXBuildFile; fileRef = 755E3C1F1C471BA6006B1EE2 /* feng_mulitiple_keys.json */; };
		755E3C281C471BA7006B1EE2 /* feng_mulitiple_test_message.txt in Resources */ = {isa = PBXBuildFile; fileRef = 755E3C201C471BA6006B1EE2 /* feng_mulitiple_test_message.txt */; };
		755E3C291C471BA7006B1EE2 /* feng_bad_msg_emoji_1.txt in Resources */ = {isa = PBXBuildFile; fileRef = 755E3C211C471BA6006B1EE2 /* feng_bad_msg_emoji_1.txt */; };
		755E3C2A1C471BA7006B1EE2 /* large.zip in Resources */ = {isa = PBXBuildFile; fileRef = 755E3C221C471BA6006B1EE2 /* large.zip */; };
		755E3C2B1C471BA7006B1EE2 /* privatekey.txt in Resources */ = {isa = PBXBuildFile; fileRef = 755E3C231C471BA7006B1EE2 /* privatekey.txt */; };
		755E3C2C1C471BA7006B1EE2 /* publickey.txt in Resources */ = {isa = PBXBuildFile; fileRef = 755E3C241C471BA7006B1EE2 /* publickey.txt */; };
		755E3C2D1C471BA7006B1EE2 /* test_plain_message.txt in Resources */ = {isa = PBXBuildFile; fileRef = 755E3C251C471BA7006B1EE2 /* test_plain_message.txt */; };
		755E3C2E1C471BA7006B1EE2 /* testpdf.pdf in Resources */ = {isa = PBXBuildFile; fileRef = 755E3C261C471BA7006B1EE2 /* testpdf.pdf */; };
		755E3C301C472DBD006B1EE2 /* String_Extention.swift in Sources */ = {isa = PBXBuildFile; fileRef = 755E3C2F1C472DBD006B1EE2 /* String_Extention.swift */; };
		755E3C311C472DDD006B1EE2 /* String_Extention.swift in Sources */ = {isa = PBXBuildFile; fileRef = 755E3C2F1C472DBD006B1EE2 /* String_Extention.swift */; };
		755E3C321C473928006B1EE2 /* feng_addresses.geojson in Resources */ = {isa = PBXBuildFile; fileRef = 7571EC3C1C3C6C2300428F74 /* feng_addresses.geojson */; };
		7571EC3D1C3C6CBE00428F74 /* feng_addresses.geojson in Resources */ = {isa = PBXBuildFile; fileRef = 7571EC3C1C3C6C2300428F74 /* feng_addresses.geojson */; };
		7588B9451AA53D6D006A8793 /* AppDelegate.swift in Sources */ = {isa = PBXBuildFile; fileRef = 7588B9441AA53D6D006A8793 /* AppDelegate.swift */; };
		7588B9471AA53D6D006A8793 /* ViewController.swift in Sources */ = {isa = PBXBuildFile; fileRef = 7588B9461AA53D6D006A8793 /* ViewController.swift */; };
		7588B9491AA53D6D006A8793 /* Images.xcassets in Resources */ = {isa = PBXBuildFile; fileRef = 7588B9481AA53D6D006A8793 /* Images.xcassets */; };
		7588B94C1AA53D6D006A8793 /* Main.storyboard in Resources */ = {isa = PBXBuildFile; fileRef = 7588B94A1AA53D6D006A8793 /* Main.storyboard */; };
		7588B9581AA53D6D006A8793 /* OSX_TestTests.swift in Sources */ = {isa = PBXBuildFile; fileRef = 7588B9571AA53D6D006A8793 /* OSX_TestTests.swift */; };
		7588B9631AA53F4D006A8793 /* SwiftObjC-Bridging-Header.cpp in Sources */ = {isa = PBXBuildFile; fileRef = 7588B9611AA53F4D006A8793 /* SwiftObjC-Bridging-Header.cpp */; };
		7588B9681AA541C8006A8793 /* libcrypto.a in Frameworks */ = {isa = PBXBuildFile; fileRef = 7588B9661AA541C8006A8793 /* libcrypto.a */; };
		7588B9691AA541C8006A8793 /* libssl.a in Frameworks */ = {isa = PBXBuildFile; fileRef = 7588B9671AA541C8006A8793 /* libssl.a */; };
		7588B96B1AA541CD006A8793 /* libbz2.dylib in Frameworks */ = {isa = PBXBuildFile; fileRef = 7588B96A1AA541CD006A8793 /* libbz2.dylib */; };
		7588B96D1AA541D3006A8793 /* libz.dylib in Frameworks */ = {isa = PBXBuildFile; fileRef = 7588B96C1AA541D3006A8793 /* libz.dylib */; };
/* End PBXBuildFile section */

/* Begin PBXContainerItemProxy section */
		7588B9521AA53D6D006A8793 /* PBXContainerItemProxy */ = {
			isa = PBXContainerItemProxy;
			containerPortal = 7588B9371AA53D6D006A8793 /* Project object */;
			proxyType = 1;
			remoteGlobalIDString = 7588B93E1AA53D6D006A8793;
			remoteInfo = OSX_Test;
		};
/* End PBXContainerItemProxy section */

/* Begin PBXFileReference section */
		750BA0FB1AAA8582003FEA16 /* libOpenPGP_x86_64.a */ = {isa = PBXFileReference; lastKnownFileType = archive.ar; name = libOpenPGP_x86_64.a; path = /Users/Yanfeng/Documents/ProtonMailGit/OpenPGP/OpenPGP_OSX_Lib/../Bin/libs/Debug/libOpenPGP_x86_64.a; sourceTree = "<absolute>"; };
		750BA5621AAA969A003FEA16 /* libOpenPGP.a */ = {isa = PBXFileReference; lastKnownFileType = archive.ar; name = libOpenPGP.a; path = "../Bin/libs/Debug-iphoneos/libOpenPGP.a"; sourceTree = "<group>"; };
		752B38641C46D9150019742F /* OpenPGP_Test.swift */ = {isa = PBXFileReference; fileEncoding = 4; lastKnownFileType = sourcecode.swift; path = OpenPGP_Test.swift; sourceTree = "<group>"; };
		755E3C161C47119F006B1EE2 /* libOpenPGP_x86_64.a */ = {isa = PBXFileReference; lastKnownFileType = archive.ar; name = libOpenPGP_x86_64.a; path = /Users/Yanfeng/Documents/ProtonMailGit/OpenPGP/OpenPGP_OSX_Lib/../Bin/libs/Debug/libOpenPGP_x86_64.a; sourceTree = "<absolute>"; };
		755E3C1A1C4711BE006B1EE2 /* libcrypto.a */ = {isa = PBXFileReference; lastKnownFileType = archive.ar; name = libcrypto.a; path = ../tmp_lib/libcrypto.a; sourceTree = "<group>"; };
		755E3C1B1C4711BE006B1EE2 /* libssl.a */ = {isa = PBXFileReference; lastKnownFileType = archive.ar; name = libssl.a; path = ../tmp_lib/libssl.a; sourceTree = "<group>"; };
		755E3C1F1C471BA6006B1EE2 /* feng_mulitiple_keys.json */ = {isa = PBXFileReference; fileEncoding = 4; lastKnownFileType = text.json; name = feng_mulitiple_keys.json; path = Resource/feng_mulitiple_keys.json; sourceTree = "<group>"; };
		755E3C201C471BA6006B1EE2 /* feng_mulitiple_test_message.txt */ = {isa = PBXFileReference; fileEncoding = 4; lastKnownFileType = text; name = feng_mulitiple_test_message.txt; path = Resource/feng_mulitiple_test_message.txt; sourceTree = "<group>"; };
		755E3C211C471BA6006B1EE2 /* feng_bad_msg_emoji_1.txt */ = {isa = PBXFileReference; fileEncoding = 4; lastKnownFileType = text; name = feng_bad_msg_emoji_1.txt; path = Resource/feng_bad_msg_emoji_1.txt; sourceTree = "<group>"; };
		755E3C221C471BA6006B1EE2 /* large.zip */ = {isa = PBXFileReference; lastKnownFileType = archive.zip; name = large.zip; path = Resource/large.zip; sourceTree = "<group>"; };
		755E3C231C471BA7006B1EE2 /* privatekey.txt */ = {isa = PBXFileReference; fileEncoding = 4; lastKnownFileType = text; name = privatekey.txt; path = Resource/privatekey.txt; sourceTree = "<group>"; };
		755E3C241C471BA7006B1EE2 /* publickey.txt */ = {isa = PBXFileReference; fileEncoding = 4; lastKnownFileType = text; name = publickey.txt; path = Resource/publickey.txt; sourceTree = "<group>"; };
		755E3C251C471BA7006B1EE2 /* test_plain_message.txt */ = {isa = PBXFileReference; fileEncoding = 4; lastKnownFileType = text; name = test_plain_message.txt; path = Resource/test_plain_message.txt; sourceTree = "<group>"; };
		755E3C261C471BA7006B1EE2 /* testpdf.pdf */ = {isa = PBXFileReference; lastKnownFileType = image.pdf; name = testpdf.pdf; path = Resource/testpdf.pdf; sourceTree = "<group>"; };
		755E3C2F1C472DBD006B1EE2 /* String_Extention.swift */ = {isa = PBXFileReference; fileEncoding = 4; lastKnownFileType = sourcecode.swift; path = String_Extention.swift; sourceTree = "<group>"; };
		7571EC3C1C3C6C2300428F74 /* feng_addresses.geojson */ = {isa = PBXFileReference; lastKnownFileType = text; name = feng_addresses.geojson; path = OSX_Test/feng_addresses.geojson; sourceTree = "<group>"; };
		7588B93F1AA53D6D006A8793 /* OSX_Test.app */ = {isa = PBXFileReference; explicitFileType = wrapper.application; includeInIndex = 0; path = OSX_Test.app; sourceTree = BUILT_PRODUCTS_DIR; };
		7588B9431AA53D6D006A8793 /* Info.plist */ = {isa = PBXFileReference; lastKnownFileType = text.plist.xml; path = Info.plist; sourceTree = "<group>"; };
		7588B9441AA53D6D006A8793 /* AppDelegate.swift */ = {isa = PBXFileReference; lastKnownFileType = sourcecode.swift; path = AppDelegate.swift; sourceTree = "<group>"; };
		7588B9461AA53D6D006A8793 /* ViewController.swift */ = {isa = PBXFileReference; lastKnownFileType = sourcecode.swift; path = ViewController.swift; sourceTree = "<group>"; };
		7588B9481AA53D6D006A8793 /* Images.xcassets */ = {isa = PBXFileReference; lastKnownFileType = folder.assetcatalog; path = Images.xcassets; sourceTree = "<group>"; };
		7588B94B1AA53D6D006A8793 /* Base */ = {isa = PBXFileReference; lastKnownFileType = file.storyboard; name = Base; path = Base.lproj/Main.storyboard; sourceTree = "<group>"; };
		7588B9511AA53D6D006A8793 /* OSX_TestTests.xctest */ = {isa = PBXFileReference; explicitFileType = wrapper.cfbundle; includeInIndex = 0; path = OSX_TestTests.xctest; sourceTree = BUILT_PRODUCTS_DIR; };
		7588B9561AA53D6D006A8793 /* Info.plist */ = {isa = PBXFileReference; lastKnownFileType = text.plist.xml; path = Info.plist; sourceTree = "<group>"; };
		7588B9571AA53D6D006A8793 /* OSX_TestTests.swift */ = {isa = PBXFileReference; lastKnownFileType = sourcecode.swift; path = OSX_TestTests.swift; sourceTree = "<group>"; };
		7588B9611AA53F4D006A8793 /* SwiftObjC-Bridging-Header.cpp */ = {isa = PBXFileReference; fileEncoding = 4; lastKnownFileType = sourcecode.cpp.cpp; path = "SwiftObjC-Bridging-Header.cpp"; sourceTree = "<group>"; };
		7588B9621AA53F4D006A8793 /* SwiftObjC-Bridging-Header.h */ = {isa = PBXFileReference; fileEncoding = 4; lastKnownFileType = sourcecode.c.h; path = "SwiftObjC-Bridging-Header.h"; sourceTree = "<group>"; };
		7588B9661AA541C8006A8793 /* libcrypto.a */ = {isa = PBXFileReference; lastKnownFileType = archive.ar; name = libcrypto.a; path = ../Bin/libs/OpenSSL/libcrypto.a; sourceTree = "<group>"; };
		7588B9671AA541C8006A8793 /* libssl.a */ = {isa = PBXFileReference; lastKnownFileType = archive.ar; name = libssl.a; path = ../Bin/libs/OpenSSL/libssl.a; sourceTree = "<group>"; };
		7588B96A1AA541CD006A8793 /* libbz2.dylib */ = {isa = PBXFileReference; lastKnownFileType = "compiled.mach-o.dylib"; name = libbz2.dylib; path = usr/lib/libbz2.dylib; sourceTree = SDKROOT; };
		7588B96C1AA541D3006A8793 /* libz.dylib */ = {isa = PBXFileReference; lastKnownFileType = "compiled.mach-o.dylib"; name = libz.dylib; path = usr/lib/libz.dylib; sourceTree = SDKROOT; };
/* End PBXFileReference section */

/* Begin PBXFrameworksBuildPhase section */
		7588B93C1AA53D6D006A8793 /* Frameworks */ = {
			isa = PBXFrameworksBuildPhase;
			buildActionMask = 2147483647;
			files = (
				750BA0FD1AAA8582003FEA16 /* libOpenPGP_x86_64.a in Frameworks */,
				7588B96D1AA541D3006A8793 /* libz.dylib in Frameworks */,
				7588B96B1AA541CD006A8793 /* libbz2.dylib in Frameworks */,
				7588B9681AA541C8006A8793 /* libcrypto.a in Frameworks */,
				7588B9691AA541C8006A8793 /* libssl.a in Frameworks */,
			);
			runOnlyForDeploymentPostprocessing = 0;
		};
		7588B94E1AA53D6D006A8793 /* Frameworks */ = {
			isa = PBXFrameworksBuildPhase;
			buildActionMask = 2147483647;
			files = (
				755E3C1C1C4711BE006B1EE2 /* libcrypto.a in Frameworks */,
				755E3C1D1C4711BE006B1EE2 /* libssl.a in Frameworks */,
				755E3C191C4711B6006B1EE2 /* libbz2.dylib in Frameworks */,
				755E3C181C4711A9006B1EE2 /* libz.dylib in Frameworks */,
				755E3C171C47119F006B1EE2 /* libOpenPGP_x86_64.a in Frameworks */,
			);
			runOnlyForDeploymentPostprocessing = 0;
		};
/* End PBXFrameworksBuildPhase section */

/* Begin PBXGroup section */
		750BA0E41AAA73BB003FEA16 /* Frameworks */ = {
			isa = PBXGroup;
			children = (
				755E3C1A1C4711BE006B1EE2 /* libcrypto.a */,
				755E3C1B1C4711BE006B1EE2 /* libssl.a */,
				755E3C161C47119F006B1EE2 /* libOpenPGP_x86_64.a */,
				750BA5621AAA969A003FEA16 /* libOpenPGP.a */,
				750BA0FB1AAA8582003FEA16 /* libOpenPGP_x86_64.a */,
				7588B96C1AA541D3006A8793 /* libz.dylib */,
				7588B96A1AA541CD006A8793 /* libbz2.dylib */,
				7588B9661AA541C8006A8793 /* libcrypto.a */,
				7588B9671AA541C8006A8793 /* libssl.a */,
			);
			name = Frameworks;
			sourceTree = "<group>";
		};
		755E3C1E1C471B6C006B1EE2 /* Resource */ = {
			isa = PBXGroup;
			children = (
				755E3C1F1C471BA6006B1EE2 /* feng_mulitiple_keys.json */,
				755E3C201C471BA6006B1EE2 /* feng_mulitiple_test_message.txt */,
				755E3C211C471BA6006B1EE2 /* feng_bad_msg_emoji_1.txt */,
				755E3C221C471BA6006B1EE2 /* large.zip */,
				755E3C231C471BA7006B1EE2 /* privatekey.txt */,
				755E3C241C471BA7006B1EE2 /* publickey.txt */,
				755E3C251C471BA7006B1EE2 /* test_plain_message.txt */,
				755E3C261C471BA7006B1EE2 /* testpdf.pdf */,
			);
			name = Resource;
			sourceTree = "<group>";
		};
		7571EC3E1C3C839800428F74 /* Resource */ = {
			isa = PBXGroup;
			children = (
				7571EC3C1C3C6C2300428F74 /* feng_addresses.geojson */,
			);
			name = Resource;
			sourceTree = "<group>";
		};
		7588B9361AA53D6D006A8793 = {
			isa = PBXGroup;
			children = (
				7588B9411AA53D6D006A8793 /* OSX_Test */,
				7588B9541AA53D6D006A8793 /* OSX_TestTests */,
				7588B9401AA53D6D006A8793 /* Products */,
				7571EC3E1C3C839800428F74 /* Resource */,
				750BA0E41AAA73BB003FEA16 /* Frameworks */,
			);
			sourceTree = "<group>";
		};
		7588B9401AA53D6D006A8793 /* Products */ = {
			isa = PBXGroup;
			children = (
				7588B93F1AA53D6D006A8793 /* OSX_Test.app */,
				7588B9511AA53D6D006A8793 /* OSX_TestTests.xctest */,
			);
			name = Products;
			sourceTree = "<group>";
		};
		7588B9411AA53D6D006A8793 /* OSX_Test */ = {
			isa = PBXGroup;
			children = (
				7588B9611AA53F4D006A8793 /* SwiftObjC-Bridging-Header.cpp */,
				7588B9621AA53F4D006A8793 /* SwiftObjC-Bridging-Header.h */,
				7588B9441AA53D6D006A8793 /* AppDelegate.swift */,
				7588B9461AA53D6D006A8793 /* ViewController.swift */,
				7588B9481AA53D6D006A8793 /* Images.xcassets */,
				7588B94A1AA53D6D006A8793 /* Main.storyboard */,
				7588B9421AA53D6D006A8793 /* Supporting Files */,
				755E3C2F1C472DBD006B1EE2 /* String_Extention.swift */,
			);
			path = OSX_Test;
			sourceTree = "<group>";
		};
		7588B9421AA53D6D006A8793 /* Supporting Files */ = {
			isa = PBXGroup;
			children = (
				7588B9431AA53D6D006A8793 /* Info.plist */,
			);
			name = "Supporting Files";
			sourceTree = "<group>";
		};
		7588B9541AA53D6D006A8793 /* OSX_TestTests */ = {
			isa = PBXGroup;
			children = (
				755E3C1E1C471B6C006B1EE2 /* Resource */,
				752B38641C46D9150019742F /* OpenPGP_Test.swift */,
				7588B9571AA53D6D006A8793 /* OSX_TestTests.swift */,
				7588B9551AA53D6D006A8793 /* Supporting Files */,
			);
			path = OSX_TestTests;
			sourceTree = "<group>";
		};
		7588B9551AA53D6D006A8793 /* Supporting Files */ = {
			isa = PBXGroup;
			children = (
				7588B9561AA53D6D006A8793 /* Info.plist */,
			);
			name = "Supporting Files";
			sourceTree = "<group>";
		};
/* End PBXGroup section */

/* Begin PBXNativeTarget section */
		7588B93E1AA53D6D006A8793 /* OSX_Test */ = {
			isa = PBXNativeTarget;
			buildConfigurationList = 7588B95B1AA53D6D006A8793 /* Build configuration list for PBXNativeTarget "OSX_Test" */;
			buildPhases = (
				7588B93B1AA53D6D006A8793 /* Sources */,
				7588B93C1AA53D6D006A8793 /* Frameworks */,
				7588B93D1AA53D6D006A8793 /* Resources */,
			);
			buildRules = (
			);
			dependencies = (
			);
			name = OSX_Test;
			productName = OSX_Test;
			productReference = 7588B93F1AA53D6D006A8793 /* OSX_Test.app */;
			productType = "com.apple.product-type.application";
		};
		7588B9501AA53D6D006A8793 /* OSX_TestTests */ = {
			isa = PBXNativeTarget;
			buildConfigurationList = 7588B95E1AA53D6D006A8793 /* Build configuration list for PBXNativeTarget "OSX_TestTests" */;
			buildPhases = (
				7588B94D1AA53D6D006A8793 /* Sources */,
				7588B94E1AA53D6D006A8793 /* Frameworks */,
				7588B94F1AA53D6D006A8793 /* Resources */,
			);
			buildRules = (
			);
			dependencies = (
				7588B9531AA53D6D006A8793 /* PBXTargetDependency */,
			);
			name = OSX_TestTests;
			productName = OSX_TestTests;
			productReference = 7588B9511AA53D6D006A8793 /* OSX_TestTests.xctest */;
			productType = "com.apple.product-type.bundle.unit-test";
		};
/* End PBXNativeTarget section */

/* Begin PBXProject section */
		7588B9371AA53D6D006A8793 /* Project object */ = {
			isa = PBXProject;
			attributes = {
				LastSwiftUpdateCheck = 0700;
				LastUpgradeCheck = 0610;
				ORGANIZATIONNAME = "Yanfeng Zhang";
				TargetAttributes = {
					7588B93E1AA53D6D006A8793 = {
						CreatedOnToolsVersion = 6.1.1;
					};
					7588B9501AA53D6D006A8793 = {
						CreatedOnToolsVersion = 6.1.1;
						TestTargetID = 7588B93E1AA53D6D006A8793;
					};
				};
			};
			buildConfigurationList = 7588B93A1AA53D6D006A8793 /* Build configuration list for PBXProject "OSX_Test" */;
			compatibilityVersion = "Xcode 3.2";
			developmentRegion = English;
			hasScannedForEncodings = 0;
			knownRegions = (
				en,
				Base,
			);
			mainGroup = 7588B9361AA53D6D006A8793;
			productRefGroup = 7588B9401AA53D6D006A8793 /* Products */;
			projectDirPath = "";
			projectRoot = "";
			targets = (
				7588B93E1AA53D6D006A8793 /* OSX_Test */,
				7588B9501AA53D6D006A8793 /* OSX_TestTests */,
			);
		};
/* End PBXProject section */

/* Begin PBXResourcesBuildPhase section */
		7588B93D1AA53D6D006A8793 /* Resources */ = {
			isa = PBXResourcesBuildPhase;
			buildActionMask = 2147483647;
			files = (
				7588B9491AA53D6D006A8793 /* Images.xcassets in Resources */,
				7588B94C1AA53D6D006A8793 /* Main.storyboard in Resources */,
				7571EC3D1C3C6CBE00428F74 /* feng_addresses.geojson in Resources */,
			);
			runOnlyForDeploymentPostprocessing = 0;
		};
		7588B94F1AA53D6D006A8793 /* Resources */ = {
			isa = PBXResourcesBuildPhase;
			buildActionMask = 2147483647;
			files = (
				755E3C321C473928006B1EE2 /* feng_addresses.geojson in Resources */,
				755E3C281C471BA7006B1EE2 /* feng_mulitiple_test_message.txt in Resources */,
				755E3C2A1C471BA7006B1EE2 /* large.zip in Resources */,
				755E3C271C471BA7006B1EE2 /* feng_mulitiple_keys.json in Resources */,
				755E3C2D1C471BA7006B1EE2 /* test_plain_message.txt in Resources */,
				755E3C2C1C471BA7006B1EE2 /* publickey.txt in Resources */,
				755E3C2E1C471BA7006B1EE2 /* testpdf.pdf in Resources */,
				755E3C2B1C471BA7006B1EE2 /* privatekey.txt in Resources */,
				755E3C291C471BA7006B1EE2 /* feng_bad_msg_emoji_1.txt in Resources */,
			);
			runOnlyForDeploymentPostprocessing = 0;
		};
/* End PBXResourcesBuildPhase section */

/* Begin PBXSourcesBuildPhase section */
		7588B93B1AA53D6D006A8793 /* Sources */ = {
			isa = PBXSourcesBuildPhase;
			buildActionMask = 2147483647;
			files = (
				7588B9471AA53D6D006A8793 /* ViewController.swift in Sources */,
				755E3C301C472DBD006B1EE2 /* String_Extention.swift in Sources */,
				7588B9631AA53F4D006A8793 /* SwiftObjC-Bridging-Header.cpp in Sources */,
				7588B9451AA53D6D006A8793 /* AppDelegate.swift in Sources */,
			);
			runOnlyForDeploymentPostprocessing = 0;
		};
		7588B94D1AA53D6D006A8793 /* Sources */ = {
			isa = PBXSourcesBuildPhase;
			buildActionMask = 2147483647;
			files = (
				755E3C311C472DDD006B1EE2 /* String_Extention.swift in Sources */,
				755E3C151C471197006B1EE2 /* SwiftObjC-Bridging-Header.cpp in Sources */,
				7588B9581AA53D6D006A8793 /* OSX_TestTests.swift in Sources */,
				752B38651C46D9150019742F /* OpenPGP_Test.swift in Sources */,
			);
			runOnlyForDeploymentPostprocessing = 0;
		};
/* End PBXSourcesBuildPhase section */

/* Begin PBXTargetDependency section */
		7588B9531AA53D6D006A8793 /* PBXTargetDependency */ = {
			isa = PBXTargetDependency;
			target = 7588B93E1AA53D6D006A8793 /* OSX_Test */;
			targetProxy = 7588B9521AA53D6D006A8793 /* PBXContainerItemProxy */;
		};
/* End PBXTargetDependency section */

/* Begin PBXVariantGroup section */
		7588B94A1AA53D6D006A8793 /* Main.storyboard */ = {
			isa = PBXVariantGroup;
			children = (
				7588B94B1AA53D6D006A8793 /* Base */,
			);
			name = Main.storyboard;
			sourceTree = "<group>";
		};
/* End PBXVariantGroup section */

/* Begin XCBuildConfiguration section */
		7588B9591AA53D6D006A8793 /* Debug */ = {
			isa = XCBuildConfiguration;
			buildSettings = {
				ALWAYS_SEARCH_USER_PATHS = NO;
				CLANG_CXX_LANGUAGE_STANDARD = "gnu++0x";
				CLANG_CXX_LIBRARY = "libc++";
				CLANG_ENABLE_MODULES = YES;
				CLANG_ENABLE_OBJC_ARC = YES;
				CLANG_WARN_BOOL_CONVERSION = YES;
				CLANG_WARN_CONSTANT_CONVERSION = YES;
				CLANG_WARN_DIRECT_OBJC_ISA_USAGE = YES_ERROR;
				CLANG_WARN_EMPTY_BODY = YES;
				CLANG_WARN_ENUM_CONVERSION = YES;
				CLANG_WARN_INT_CONVERSION = YES;
				CLANG_WARN_OBJC_ROOT_CLASS = YES_ERROR;
				CLANG_WARN_UNREACHABLE_CODE = YES;
				CLANG_WARN__DUPLICATE_METHOD_MATCH = YES;
				CODE_SIGN_IDENTITY = "-";
				COPY_PHASE_STRIP = NO;
				ENABLE_STRICT_OBJC_MSGSEND = YES;
				GCC_C_LANGUAGE_STANDARD = gnu99;
				GCC_DYNAMIC_NO_PIC = NO;
				GCC_OPTIMIZATION_LEVEL = 0;
				GCC_PREPROCESSOR_DEFINITIONS = (
					"DEBUG=1",
					"$(inherited)",
				);
				GCC_SYMBOLS_PRIVATE_EXTERN = NO;
				GCC_WARN_64_TO_32_BIT_CONVERSION = YES;
				GCC_WARN_ABOUT_RETURN_TYPE = YES_ERROR;
				GCC_WARN_UNDECLARED_SELECTOR = YES;
				GCC_WARN_UNINITIALIZED_AUTOS = YES_AGGRESSIVE;
				GCC_WARN_UNUSED_FUNCTION = YES;
				GCC_WARN_UNUSED_VARIABLE = YES;
				MACOSX_DEPLOYMENT_TARGET = 10.10;
				MTL_ENABLE_DEBUG_INFO = YES;
				ONLY_ACTIVE_ARCH = YES;
				SDKROOT = macosx;
				SWIFT_OPTIMIZATION_LEVEL = "-Onone";
			};
			name = Debug;
		};
		7588B95A1AA53D6D006A8793 /* Release */ = {
			isa = XCBuildConfiguration;
			buildSettings = {
				ALWAYS_SEARCH_USER_PATHS = NO;
				CLANG_CXX_LANGUAGE_STANDARD = "gnu++0x";
				CLANG_CXX_LIBRARY = "libc++";
				CLANG_ENABLE_MODULES = YES;
				CLANG_ENABLE_OBJC_ARC = YES;
				CLANG_WARN_BOOL_CONVERSION = YES;
				CLANG_WARN_CONSTANT_CONVERSION = YES;
				CLANG_WARN_DIRECT_OBJC_ISA_USAGE = YES_ERROR;
				CLANG_WARN_EMPTY_BODY = YES;
				CLANG_WARN_ENUM_CONVERSION = YES;
				CLANG_WARN_INT_CONVERSION = YES;
				CLANG_WARN_OBJC_ROOT_CLASS = YES_ERROR;
				CLANG_WARN_UNREACHABLE_CODE = YES;
				CLANG_WARN__DUPLICATE_METHOD_MATCH = YES;
				CODE_SIGN_IDENTITY = "-";
				COPY_PHASE_STRIP = YES;
				DEBUG_INFORMATION_FORMAT = "dwarf-with-dsym";
				ENABLE_NS_ASSERTIONS = NO;
				ENABLE_STRICT_OBJC_MSGSEND = YES;
				GCC_C_LANGUAGE_STANDARD = gnu99;
				GCC_WARN_64_TO_32_BIT_CONVERSION = YES;
				GCC_WARN_ABOUT_RETURN_TYPE = YES_ERROR;
				GCC_WARN_UNDECLARED_SELECTOR = YES;
				GCC_WARN_UNINITIALIZED_AUTOS = YES_AGGRESSIVE;
				GCC_WARN_UNUSED_FUNCTION = YES;
				GCC_WARN_UNUSED_VARIABLE = YES;
				MACOSX_DEPLOYMENT_TARGET = 10.10;
				MTL_ENABLE_DEBUG_INFO = NO;
				SDKROOT = macosx;
			};
			name = Release;
		};
		7588B95C1AA53D6D006A8793 /* Debug */ = {
			isa = XCBuildConfiguration;
			buildSettings = {
				ARCHS = "$(ARCHS_STANDARD)";
				ASSETCATALOG_COMPILER_APPICON_NAME = AppIcon;
				COMBINE_HIDPI_IMAGES = YES;
				GCC_OPTIMIZATION_LEVEL = 0;
				"HEADER_SEARCH_PATHS[sdk=macosx*]" = (
					"$(inherited)",
					/Applications/Xcode.app/Contents/Developer/Toolchains/XcodeDefault.xctoolchain/usr/include,
					"$(PROJECT_DIR)/../Bin/include/OpenPGP_x86_64_OSX",
					"$(PROJECT_DIR)/../Bin/include",
				);
				INFOPLIST_FILE = OSX_Test/Info.plist;
				LD_RUNPATH_SEARCH_PATHS = "$(inherited) @executable_path/../Frameworks";
				LIBRARY_SEARCH_PATHS = (
					"$(PROJECT_DIR)/../Bin/libs/Debug",
					/Users/Yanfeng/Documents/ProtonMailGit/OpenPGP/OpenPGP_OSX_Lib/../Bin/libs/Debug,
					"/Users/Yanfeng/Documents/ProtonMailGit/OpenPGP/Bin/libs/Debug-iphoneos",
				);
				PRODUCT_NAME = "$(TARGET_NAME)";
				SWIFT_OBJC_BRIDGING_HEADER = "OSX_Test/SwiftObjC-Bridging-Header.h";
			};
			name = Debug;
		};
		7588B95D1AA53D6D006A8793 /* Release */ = {
			isa = XCBuildConfiguration;
			buildSettings = {
				ARCHS = "$(ARCHS_STANDARD)";
				ASSETCATALOG_COMPILER_APPICON_NAME = AppIcon;
				COMBINE_HIDPI_IMAGES = YES;
				GCC_OPTIMIZATION_LEVEL = s;
				"HEADER_SEARCH_PATHS[sdk=macosx*]" = (
					"$(inherited)",
					/Applications/Xcode.app/Contents/Developer/Toolchains/XcodeDefault.xctoolchain/usr/include,
					"$(PROJECT_DIR)/../Bin/include/OpenPGP_x86_64_OSX",
				);
				INFOPLIST_FILE = OSX_Test/Info.plist;
				LD_RUNPATH_SEARCH_PATHS = "$(inherited) @executable_path/../Frameworks";
				LIBRARY_SEARCH_PATHS = (
					"$(PROJECT_DIR)/../Bin/libs/Debug",
					/Users/Yanfeng/Documents/ProtonMailGit/OpenPGP/OpenPGP_OSX_Lib/../Bin/libs/Debug,
					"/Users/Yanfeng/Documents/ProtonMailGit/OpenPGP/Bin/libs/Debug-iphoneos",
				);
				PRODUCT_NAME = "$(TARGET_NAME)";
				SWIFT_OBJC_BRIDGING_HEADER = "OSX_Test/SwiftObjC-Bridging-Header.h";
			};
			name = Release;
		};
		7588B95F1AA53D6D006A8793 /* Debug */ = {
			isa = XCBuildConfiguration;
			buildSettings = {
				BUNDLE_LOADER = "$(TEST_HOST)";
				COMBINE_HIDPI_IMAGES = YES;
				FRAMEWORK_SEARCH_PATHS = (
					"$(DEVELOPER_FRAMEWORKS_DIR)",
					"$(inherited)",
				);
				GCC_PREPROCESSOR_DEFINITIONS = (
					"DEBUG=1",
					"$(inherited)",
				);
				HEADER_SEARCH_PATHS = (
					"$(inherited)",
					/Applications/Xcode.app/Contents/Developer/Toolchains/XcodeDefault.xctoolchain/usr/include,
					"$(PROJECT_DIR)/../Bin/include/OpenPGP_x86_64_OSX",
					"$(PROJECT_DIR)/../Bin/include",
				);
				INFOPLIST_FILE = OSX_TestTests/Info.plist;
				LD_RUNPATH_SEARCH_PATHS = "$(inherited) @executable_path/../Frameworks @loader_path/../Frameworks";
				LIBRARY_SEARCH_PATHS = (
					"$(inherited)",
					/Users/Yanfeng/Documents/ProtonMailGit/OpenPGP/OpenPGP_OSX_Lib/../Bin/libs/Debug,
					/Users/Yanfeng/Documents/ProtonMailGit/OpenPGP/tmp_lib,
				);
				PRODUCT_NAME = "$(TARGET_NAME)";
				SWIFT_OBJC_BRIDGING_HEADER = "OSX_Test/SwiftObjC-Bridging-Header.h";
				TEST_HOST = "$(BUILT_PRODUCTS_DIR)/OSX_Test.app/Contents/MacOS/OSX_Test";
			};
			name = Debug;
		};
		7588B9601AA53D6D006A8793 /* Release */ = {
			isa = XCBuildConfiguration;
			buildSettings = {
				BUNDLE_LOADER = "$(TEST_HOST)";
				COMBINE_HIDPI_IMAGES = YES;
				FRAMEWORK_SEARCH_PATHS = (
					"$(DEVELOPER_FRAMEWORKS_DIR)",
					"$(inherited)",
				);
				INFOPLIST_FILE = OSX_TestTests/Info.plist;
				LD_RUNPATH_SEARCH_PATHS = "$(inherited) @executable_path/../Frameworks @loader_path/../Frameworks";
				LIBRARY_SEARCH_PATHS = (
					"$(inherited)",
					/Users/Yanfeng/Documents/ProtonMailGit/OpenPGP/OpenPGP_OSX_Lib/../Bin/libs/Debug,
					/Users/Yanfeng/Documents/ProtonMailGit/OpenPGP/tmp_lib,
				);
				PRODUCT_NAME = "$(TARGET_NAME)";
				SWIFT_OBJC_BRIDGING_HEADER = "OSX_Test/SwiftObjC-Bridging-Header.h";
				TEST_HOST = "$(BUILT_PRODUCTS_DIR)/OSX_Test.app/Contents/MacOS/OSX_Test";
			};
			name = Release;
		};
/* End XCBuildConfiguration section */

/* Begin XCConfigurationList section */
		7588B93A1AA53D6D006A8793 /* Build configuration list for PBXProject "OSX_Test" */ = {
			isa = XCConfigurationList;
			buildConfigurations = (
				7588B9591AA53D6D006A8793 /* Debug */,
				7588B95A1AA53D6D006A8793 /* Release */,
			);
			defaultConfigurationIsVisible = 0;
			defaultConfigurationName = Release;
		};
		7588B95B1AA53D6D006A8793 /* Build configuration list for PBXNativeTarget "OSX_Test" */ = {
			isa = XCConfigurationList;
			buildConfigurations = (
				7588B95C1AA53D6D006A8793 /* Debug */,
				7588B95D1AA53D6D006A8793 /* Release */,
			);
			defaultConfigurationIsVisible = 0;
			defaultConfigurationName = Release;
		};
		7588B95E1AA53D6D006A8793 /* Build configuration list for PBXNativeTarget "OSX_TestTests" */ = {
			isa = XCConfigurationList;
			buildConfigurations = (
				7588B95F1AA53D6D006A8793 /* Debug */,
				7588B9601AA53D6D006A8793 /* Release */,
			);
			defaultConfigurationIsVisible = 0;
			defaultConfigurationName = Release;
		};
/* End XCConfigurationList section */
	};
	rootObject = 7588B9371AA53D6D006A8793 /* Project object */;
}
