// !$*UTF8*$!
{
	archiveVersion = 1;
	classes = {
	};
	objectVersion = 46;
	objects = {

/* Begin PBXBuildFile section */
		750188AE1A8EA11600C95352 /* OpenPGP.h in CopyFiles */ = {isa = PBXBuildFile; fileRef = 756C9BBB1A8D8A47007B2B9B /* OpenPGP.h */; settings = {ATTRIBUTES = (CodeSignOnCopy, ); }; };
		750BA3D11AAA8E38003FEA16 /* libOpenPGP.a in Frameworks */ = {isa = PBXBuildFile; fileRef = 7519BBD71A8D868000E0E570 /* libOpenPGP.a */; };
		7519BBE31A8D868000E0E570 /* libOpenPGP.a in Frameworks */ = {isa = PBXBuildFile; fileRef = 7519BBD71A8D868000E0E570 /* libOpenPGP.a */; };
		753FC8341AADB89E003EB084 /* OpenPGP.mm in Sources */ = {isa = PBXBuildFile; fileRef = 756C9BBC1A8D8A47007B2B9B /* OpenPGP.mm */; };
		75419DC51A97AF0E002A1F25 /* OpenPGP.h in CopyFiles */ = {isa = PBXBuildFile; fileRef = 756C9BBB1A8D8A47007B2B9B /* OpenPGP.h */; settings = {ATTRIBUTES = (CodeSignOnCopy, ); }; };
		75419F401A97E1A8002A1F25 /* OpenPGP.mm in Sources */ = {isa = PBXBuildFile; fileRef = 756C9BBC1A8D8A47007B2B9B /* OpenPGP.mm */; };
		75419F431A97E1A8002A1F25 /* OpenPGP.h in CopyFiles */ = {isa = PBXBuildFile; fileRef = 756C9BBB1A8D8A47007B2B9B /* OpenPGP.h */; settings = {ATTRIBUTES = (CodeSignOnCopy, ); }; };
		755A92671AC0D6C000AE78D9 /* rsa_key.cpp in Sources */ = {isa = PBXBuildFile; fileRef = 755A91DE1AC0D6BF00AE78D9 /* rsa_key.cpp */; };
		755A92681AC0D6C000AE78D9 /* compress.cpp in Sources */ = {isa = PBXBuildFile; fileRef = 755A91E11AC0D6BF00AE78D9 /* compress.cpp */; };
		755A92691AC0D6C000AE78D9 /* pgpbzip2.cpp in Sources */ = {isa = PBXBuildFile; fileRef = 755A91E21AC0D6BF00AE78D9 /* pgpbzip2.cpp */; };
		755A926A1AC0D6C000AE78D9 /* pgpzlib.cpp in Sources */ = {isa = PBXBuildFile; fileRef = 755A91E31AC0D6BF00AE78D9 /* pgpzlib.cpp */; };
		755A926B1AC0D6C000AE78D9 /* AES.cpp in Sources */ = {isa = PBXBuildFile; fileRef = 755A91E51AC0D6BF00AE78D9 /* AES.cpp */; };
		755A926C1AC0D6C000AE78D9 /* Blowfish.cpp in Sources */ = {isa = PBXBuildFile; fileRef = 755A91E61AC0D6BF00AE78D9 /* Blowfish.cpp */; };
		755A926D1AC0D6C000AE78D9 /* Camellia.cpp in Sources */ = {isa = PBXBuildFile; fileRef = 755A91E71AC0D6BF00AE78D9 /* Camellia.cpp */; };
		755A926E1AC0D6C000AE78D9 /* CAST128.cpp in Sources */ = {isa = PBXBuildFile; fileRef = 755A91E81AC0D6BF00AE78D9 /* CAST128.cpp */; };
		755A926F1AC0D6C000AE78D9 /* DES.cpp in Sources */ = {isa = PBXBuildFile; fileRef = 755A91E91AC0D6BF00AE78D9 /* DES.cpp */; };
		755A92701AC0D6C000AE78D9 /* DSA.cpp in Sources */ = {isa = PBXBuildFile; fileRef = 755A91EA1AC0D6BF00AE78D9 /* DSA.cpp */; };
		755A92711AC0D6C000AE78D9 /* ElGamal.cpp in Sources */ = {isa = PBXBuildFile; fileRef = 755A91EB1AC0D6BF00AE78D9 /* ElGamal.cpp */; };
		755A92721AC0D6C000AE78D9 /* IDEA.cpp in Sources */ = {isa = PBXBuildFile; fileRef = 755A91EC1AC0D6BF00AE78D9 /* IDEA.cpp */; };
		755A92731AC0D6C000AE78D9 /* PKA.cpp in Sources */ = {isa = PBXBuildFile; fileRef = 755A91ED1AC0D6BF00AE78D9 /* PKA.cpp */; };
		755A92741AC0D6C000AE78D9 /* RSA.cpp in Sources */ = {isa = PBXBuildFile; fileRef = 755A91EE1AC0D6BF00AE78D9 /* RSA.cpp */; };
		755A92751AC0D6C000AE78D9 /* SymAlg.cpp in Sources */ = {isa = PBXBuildFile; fileRef = 755A91EF1AC0D6BF00AE78D9 /* SymAlg.cpp */; };
		755A92761AC0D6C000AE78D9 /* TDES.cpp in Sources */ = {isa = PBXBuildFile; fileRef = 755A91F01AC0D6BF00AE78D9 /* TDES.cpp */; };
		755A92771AC0D6C000AE78D9 /* Twofish.cpp in Sources */ = {isa = PBXBuildFile; fileRef = 755A91F11AC0D6BF00AE78D9 /* Twofish.cpp */; };
		755A92781AC0D6C000AE78D9 /* pgp_exception.cpp in Sources */ = {isa = PBXBuildFile; fileRef = 755A91F31AC0D6BF00AE78D9 /* pgp_exception.cpp */; };
		755A92791AC0D6C000AE78D9 /* pgp_exception_define.cpp in Sources */ = {isa = PBXBuildFile; fileRef = 755A91F41AC0D6BF00AE78D9 /* pgp_exception_define.cpp */; };
		755A927A1AC0D6C000AE78D9 /* Hash.cpp in Sources */ = {isa = PBXBuildFile; fileRef = 755A91F61AC0D6BF00AE78D9 /* Hash.cpp */; };
		755A927B1AC0D6C000AE78D9 /* Hashes.cpp in Sources */ = {isa = PBXBuildFile; fileRef = 755A91F71AC0D6BF00AE78D9 /* Hashes.cpp */; };
		755A927C1AC0D6C000AE78D9 /* MD5.cpp in Sources */ = {isa = PBXBuildFile; fileRef = 755A91F81AC0D6BF00AE78D9 /* MD5.cpp */; };
		755A927D1AC0D6C000AE78D9 /* RIPEMD160.cpp in Sources */ = {isa = PBXBuildFile; fileRef = 755A91FB1AC0D6BF00AE78D9 /* RIPEMD160.cpp */; };
		755A927E1AC0D6C000AE78D9 /* SHA1.cpp in Sources */ = {isa = PBXBuildFile; fileRef = 755A91FC1AC0D6BF00AE78D9 /* SHA1.cpp */; };
		755A927F1AC0D6C000AE78D9 /* SHA224.cpp in Sources */ = {isa = PBXBuildFile; fileRef = 755A91FE1AC0D6C000AE78D9 /* SHA224.cpp */; };
		755A92801AC0D6C000AE78D9 /* SHA256.cpp in Sources */ = {isa = PBXBuildFile; fileRef = 755A92001AC0D6C000AE78D9 /* SHA256.cpp */; };
		755A92811AC0D6C000AE78D9 /* SHA2_Functions.cpp in Sources */ = {isa = PBXBuildFile; fileRef = 755A92031AC0D6C000AE78D9 /* SHA2_Functions.cpp */; };
		755A92821AC0D6C000AE78D9 /* SHA384.cpp in Sources */ = {isa = PBXBuildFile; fileRef = 755A92051AC0D6C000AE78D9 /* SHA384.cpp */; };
		755A92831AC0D6C000AE78D9 /* SHA512.cpp in Sources */ = {isa = PBXBuildFile; fileRef = 755A92071AC0D6C000AE78D9 /* SHA512.cpp */; };
		755A92841AC0D6C000AE78D9 /* sigcalc.cpp in Sources */ = {isa = PBXBuildFile; fileRef = 755A920A1AC0D6C000AE78D9 /* sigcalc.cpp */; };
		755A92851AC0D6C000AE78D9 /* sign.cpp in Sources */ = {isa = PBXBuildFile; fileRef = 755A920B1AC0D6C000AE78D9 /* sign.cpp */; };
		755A92861AC0D6C000AE78D9 /* BaseObject.cpp in Sources */ = {isa = PBXBuildFile; fileRef = 755A920D1AC0D6C000AE78D9 /* BaseObject.cpp */; };
		755A92871AC0D6C000AE78D9 /* cfb.cpp in Sources */ = {isa = PBXBuildFile; fileRef = 755A920E1AC0D6C000AE78D9 /* cfb.cpp */; };
		755A92881AC0D6C000AE78D9 /* decrypt.cpp in Sources */ = {isa = PBXBuildFile; fileRef = 755A920F1AC0D6C000AE78D9 /* decrypt.cpp */; };
		755A92891AC0D6C000AE78D9 /* encrypt.cpp in Sources */ = {isa = PBXBuildFile; fileRef = 755A92101AC0D6C000AE78D9 /* encrypt.cpp */; };
		755A928A1AC0D6C000AE78D9 /* openpgp.cpp in Sources */ = {isa = PBXBuildFile; fileRef = 755A92111AC0D6C000AE78D9 /* openpgp.cpp */; };
		755A928B1AC0D6C000AE78D9 /* pgp.cpp in Sources */ = {isa = PBXBuildFile; fileRef = 755A92121AC0D6C000AE78D9 /* pgp.cpp */; };
		755A928C1AC0D6C000AE78D9 /* PGPCleartextSignature.cpp in Sources */ = {isa = PBXBuildFile; fileRef = 755A92131AC0D6C000AE78D9 /* PGPCleartextSignature.cpp */; };
		755A928D1AC0D6C000AE78D9 /* PGPDetachedSignature.cpp in Sources */ = {isa = PBXBuildFile; fileRef = 755A92141AC0D6C000AE78D9 /* PGPDetachedSignature.cpp */; };
		755A928E1AC0D6C000AE78D9 /* PGPKey.cpp in Sources */ = {isa = PBXBuildFile; fileRef = 755A92151AC0D6C000AE78D9 /* PGPKey.cpp */; };
		755A928F1AC0D6C000AE78D9 /* PGPMessage.cpp in Sources */ = {isa = PBXBuildFile; fileRef = 755A92161AC0D6C000AE78D9 /* PGPMessage.cpp */; };
		755A92901AC0D6C000AE78D9 /* PMPGPMessage.cpp in Sources */ = {isa = PBXBuildFile; fileRef = 755A92171AC0D6C000AE78D9 /* PMPGPMessage.cpp */; };
		755A92911AC0D6C000AE78D9 /* private_key.cpp in Sources */ = {isa = PBXBuildFile; fileRef = 755A92181AC0D6C000AE78D9 /* private_key.cpp */; };
		755A92921AC0D6C000AE78D9 /* public_key.cpp in Sources */ = {isa = PBXBuildFile; fileRef = 755A92191AC0D6C000AE78D9 /* public_key.cpp */; };
		755A92931AC0D6C000AE78D9 /* revoke.cpp in Sources */ = {isa = PBXBuildFile; fileRef = 755A921A1AC0D6C000AE78D9 /* revoke.cpp */; };
		755A92941AC0D6C000AE78D9 /* verify.cpp in Sources */ = {isa = PBXBuildFile; fileRef = 755A921B1AC0D6C000AE78D9 /* verify.cpp */; };
		755A92951AC0D6C000AE78D9 /* packet.cpp in Sources */ = {isa = PBXBuildFile; fileRef = 755A921D1AC0D6C000AE78D9 /* packet.cpp */; };
		755A92961AC0D6C000AE78D9 /* packets.cpp in Sources */ = {isa = PBXBuildFile; fileRef = 755A921E1AC0D6C000AE78D9 /* packets.cpp */; };
		755A92971AC0D6C000AE78D9 /* Partial.cpp in Sources */ = {isa = PBXBuildFile; fileRef = 755A921F1AC0D6C000AE78D9 /* Partial.cpp */; };
		755A92981AC0D6C000AE78D9 /* s2k.cpp in Sources */ = {isa = PBXBuildFile; fileRef = 755A92201AC0D6C000AE78D9 /* s2k.cpp */; };
		755A92991AC0D6C000AE78D9 /* subpacket.cpp in Sources */ = {isa = PBXBuildFile; fileRef = 755A92221AC0D6C000AE78D9 /* subpacket.cpp */; };
		755A929A1AC0D6C000AE78D9 /* Tag17Sub1.cpp in Sources */ = {isa = PBXBuildFile; fileRef = 755A92231AC0D6C000AE78D9 /* Tag17Sub1.cpp */; };
		755A929B1AC0D6C000AE78D9 /* Tag2Sub0.cpp in Sources */ = {isa = PBXBuildFile; fileRef = 755A92241AC0D6C000AE78D9 /* Tag2Sub0.cpp */; };
		755A929C1AC0D6C000AE78D9 /* Tag2Sub1.cpp in Sources */ = {isa = PBXBuildFile; fileRef = 755A92251AC0D6C000AE78D9 /* Tag2Sub1.cpp */; };
		755A929D1AC0D6C000AE78D9 /* Tag2Sub10.cpp in Sources */ = {isa = PBXBuildFile; fileRef = 755A92261AC0D6C000AE78D9 /* Tag2Sub10.cpp */; };
		755A929E1AC0D6C000AE78D9 /* Tag2Sub11.cpp in Sources */ = {isa = PBXBuildFile; fileRef = 755A92271AC0D6C000AE78D9 /* Tag2Sub11.cpp */; };
		755A929F1AC0D6C000AE78D9 /* Tag2Sub12.cpp in Sources */ = {isa = PBXBuildFile; fileRef = 755A92281AC0D6C000AE78D9 /* Tag2Sub12.cpp */; };
		755A92A01AC0D6C000AE78D9 /* Tag2Sub13.cpp in Sources */ = {isa = PBXBuildFile; fileRef = 755A92291AC0D6C000AE78D9 /* Tag2Sub13.cpp */; };
		755A92A11AC0D6C000AE78D9 /* Tag2Sub14.cpp in Sources */ = {isa = PBXBuildFile; fileRef = 755A922A1AC0D6C000AE78D9 /* Tag2Sub14.cpp */; };
		755A92A21AC0D6C000AE78D9 /* Tag2Sub15.cpp in Sources */ = {isa = PBXBuildFile; fileRef = 755A922B1AC0D6C000AE78D9 /* Tag2Sub15.cpp */; };
		755A92A31AC0D6C000AE78D9 /* Tag2Sub16.cpp in Sources */ = {isa = PBXBuildFile; fileRef = 755A922C1AC0D6C000AE78D9 /* Tag2Sub16.cpp */; };
		755A92A41AC0D6C000AE78D9 /* Tag2Sub17.cpp in Sources */ = {isa = PBXBuildFile; fileRef = 755A922D1AC0D6C000AE78D9 /* Tag2Sub17.cpp */; };
		755A92A51AC0D6C000AE78D9 /* Tag2Sub18.cpp in Sources */ = {isa = PBXBuildFile; fileRef = 755A922E1AC0D6C000AE78D9 /* Tag2Sub18.cpp */; };
		755A92A61AC0D6C000AE78D9 /* Tag2Sub19.cpp in Sources */ = {isa = PBXBuildFile; fileRef = 755A922F1AC0D6C000AE78D9 /* Tag2Sub19.cpp */; };
		755A92A71AC0D6C000AE78D9 /* Tag2Sub2.cpp in Sources */ = {isa = PBXBuildFile; fileRef = 755A92301AC0D6C000AE78D9 /* Tag2Sub2.cpp */; };
		755A92A81AC0D6C000AE78D9 /* Tag2Sub20.cpp in Sources */ = {isa = PBXBuildFile; fileRef = 755A92311AC0D6C000AE78D9 /* Tag2Sub20.cpp */; };
		755A92A91AC0D6C000AE78D9 /* Tag2Sub21.cpp in Sources */ = {isa = PBXBuildFile; fileRef = 755A92321AC0D6C000AE78D9 /* Tag2Sub21.cpp */; };
		755A92AA1AC0D6C000AE78D9 /* Tag2Sub22.cpp in Sources */ = {isa = PBXBuildFile; fileRef = 755A92331AC0D6C000AE78D9 /* Tag2Sub22.cpp */; };
		755A92AB1AC0D6C000AE78D9 /* Tag2Sub23.cpp in Sources */ = {isa = PBXBuildFile; fileRef = 755A92341AC0D6C000AE78D9 /* Tag2Sub23.cpp */; };
		755A92AC1AC0D6C000AE78D9 /* Tag2Sub24.cpp in Sources */ = {isa = PBXBuildFile; fileRef = 755A92351AC0D6C000AE78D9 /* Tag2Sub24.cpp */; };
		755A92AD1AC0D6C000AE78D9 /* Tag2Sub25.cpp in Sources */ = {isa = PBXBuildFile; fileRef = 755A92361AC0D6C000AE78D9 /* Tag2Sub25.cpp */; };
		755A92AE1AC0D6C000AE78D9 /* Tag2Sub26.cpp in Sources */ = {isa = PBXBuildFile; fileRef = 755A92371AC0D6C000AE78D9 /* Tag2Sub26.cpp */; };
		755A92AF1AC0D6C000AE78D9 /* Tag2Sub27.cpp in Sources */ = {isa = PBXBuildFile; fileRef = 755A92381AC0D6C000AE78D9 /* Tag2Sub27.cpp */; };
		755A92B01AC0D6C000AE78D9 /* Tag2Sub28.cpp in Sources */ = {isa = PBXBuildFile; fileRef = 755A92391AC0D6C000AE78D9 /* Tag2Sub28.cpp */; };
		755A92B11AC0D6C000AE78D9 /* Tag2Sub29.cpp in Sources */ = {isa = PBXBuildFile; fileRef = 755A923A1AC0D6C000AE78D9 /* Tag2Sub29.cpp */; };
		755A92B21AC0D6C000AE78D9 /* Tag2Sub3.cpp in Sources */ = {isa = PBXBuildFile; fileRef = 755A923B1AC0D6C000AE78D9 /* Tag2Sub3.cpp */; };
		755A92B31AC0D6C000AE78D9 /* Tag2Sub30.cpp in Sources */ = {isa = PBXBuildFile; fileRef = 755A923C1AC0D6C000AE78D9 /* Tag2Sub30.cpp */; };
		755A92B41AC0D6C000AE78D9 /* Tag2Sub31.cpp in Sources */ = {isa = PBXBuildFile; fileRef = 755A923D1AC0D6C000AE78D9 /* Tag2Sub31.cpp */; };
		755A92B51AC0D6C000AE78D9 /* Tag2Sub32.cpp in Sources */ = {isa = PBXBuildFile; fileRef = 755A923E1AC0D6C000AE78D9 /* Tag2Sub32.cpp */; };
		755A92B61AC0D6C000AE78D9 /* Tag2Sub4.cpp in Sources */ = {isa = PBXBuildFile; fileRef = 755A923F1AC0D6C000AE78D9 /* Tag2Sub4.cpp */; };
		755A92B71AC0D6C000AE78D9 /* Tag2Sub5.cpp in Sources */ = {isa = PBXBuildFile; fileRef = 755A92401AC0D6C000AE78D9 /* Tag2Sub5.cpp */; };
		755A92B81AC0D6C000AE78D9 /* Tag2Sub6.cpp in Sources */ = {isa = PBXBuildFile; fileRef = 755A92411AC0D6C000AE78D9 /* Tag2Sub6.cpp */; };
		755A92B91AC0D6C000AE78D9 /* Tag2Sub7.cpp in Sources */ = {isa = PBXBuildFile; fileRef = 755A92421AC0D6C000AE78D9 /* Tag2Sub7.cpp */; };
		755A92BA1AC0D6C000AE78D9 /* Tag2Sub8.cpp in Sources */ = {isa = PBXBuildFile; fileRef = 755A92431AC0D6C000AE78D9 /* Tag2Sub8.cpp */; };
		755A92BB1AC0D6C000AE78D9 /* Tag2Sub9.cpp in Sources */ = {isa = PBXBuildFile; fileRef = 755A92441AC0D6C000AE78D9 /* Tag2Sub9.cpp */; };
		755A92BC1AC0D6C000AE78D9 /* Tag0.cpp in Sources */ = {isa = PBXBuildFile; fileRef = 755A92451AC0D6C000AE78D9 /* Tag0.cpp */; };
		755A92BD1AC0D6C000AE78D9 /* Tag1.cpp in Sources */ = {isa = PBXBuildFile; fileRef = 755A92461AC0D6C000AE78D9 /* Tag1.cpp */; };
		755A92BE1AC0D6C000AE78D9 /* Tag10.cpp in Sources */ = {isa = PBXBuildFile; fileRef = 755A92471AC0D6C000AE78D9 /* Tag10.cpp */; };
		755A92BF1AC0D6C000AE78D9 /* Tag11.cpp in Sources */ = {isa = PBXBuildFile; fileRef = 755A92481AC0D6C000AE78D9 /* Tag11.cpp */; };
		755A92C01AC0D6C000AE78D9 /* Tag12.cpp in Sources */ = {isa = PBXBuildFile; fileRef = 755A92491AC0D6C000AE78D9 /* Tag12.cpp */; };
		755A92C11AC0D6C000AE78D9 /* Tag13.cpp in Sources */ = {isa = PBXBuildFile; fileRef = 755A924A1AC0D6C000AE78D9 /* Tag13.cpp */; };
		755A92C21AC0D6C000AE78D9 /* Tag14.cpp in Sources */ = {isa = PBXBuildFile; fileRef = 755A924B1AC0D6C000AE78D9 /* Tag14.cpp */; };
		755A92C31AC0D6C000AE78D9 /* Tag17.cpp in Sources */ = {isa = PBXBuildFile; fileRef = 755A924C1AC0D6C000AE78D9 /* Tag17.cpp */; };
		755A92C41AC0D6C000AE78D9 /* Tag18.cpp in Sources */ = {isa = PBXBuildFile; fileRef = 755A924D1AC0D6C000AE78D9 /* Tag18.cpp */; };
		755A92C51AC0D6C000AE78D9 /* Tag19.cpp in Sources */ = {isa = PBXBuildFile; fileRef = 755A924E1AC0D6C000AE78D9 /* Tag19.cpp */; };
		755A92C61AC0D6C000AE78D9 /* Tag2.cpp in Sources */ = {isa = PBXBuildFile; fileRef = 755A924F1AC0D6C000AE78D9 /* Tag2.cpp */; };
		755A92C71AC0D6C000AE78D9 /* Tag3.cpp in Sources */ = {isa = PBXBuildFile; fileRef = 755A92501AC0D6C000AE78D9 /* Tag3.cpp */; };
		755A92C81AC0D6C000AE78D9 /* Tag4.cpp in Sources */ = {isa = PBXBuildFile; fileRef = 755A92511AC0D6C000AE78D9 /* Tag4.cpp */; };
		755A92C91AC0D6C000AE78D9 /* Tag5.cpp in Sources */ = {isa = PBXBuildFile; fileRef = 755A92521AC0D6C000AE78D9 /* Tag5.cpp */; };
		755A92CA1AC0D6C000AE78D9 /* Tag6.cpp in Sources */ = {isa = PBXBuildFile; fileRef = 755A92531AC0D6C000AE78D9 /* Tag6.cpp */; };
		755A92CB1AC0D6C000AE78D9 /* Tag60.cpp in Sources */ = {isa = PBXBuildFile; fileRef = 755A92541AC0D6C000AE78D9 /* Tag60.cpp */; };
		755A92CC1AC0D6C000AE78D9 /* Tag61.cpp in Sources */ = {isa = PBXBuildFile; fileRef = 755A92551AC0D6C000AE78D9 /* Tag61.cpp */; };
		755A92CD1AC0D6C000AE78D9 /* Tag62.cpp in Sources */ = {isa = PBXBuildFile; fileRef = 755A92561AC0D6C000AE78D9 /* Tag62.cpp */; };
		755A92CE1AC0D6C000AE78D9 /* Tag63.cpp in Sources */ = {isa = PBXBuildFile; fileRef = 755A92571AC0D6C000AE78D9 /* Tag63.cpp */; };
		755A92CF1AC0D6C000AE78D9 /* Tag7.cpp in Sources */ = {isa = PBXBuildFile; fileRef = 755A92581AC0D6C000AE78D9 /* Tag7.cpp */; };
		755A92D01AC0D6C000AE78D9 /* Tag8.cpp in Sources */ = {isa = PBXBuildFile; fileRef = 755A92591AC0D6C000AE78D9 /* Tag8.cpp */; };
		755A92D11AC0D6C000AE78D9 /* Tag9.cpp in Sources */ = {isa = PBXBuildFile; fileRef = 755A925A1AC0D6C000AE78D9 /* Tag9.cpp */; };
		755A92D21AC0D6C000AE78D9 /* base64.cpp in Sources */ = {isa = PBXBuildFile; fileRef = 755A925C1AC0D6C000AE78D9 /* base64.cpp */; };
		755A92D31AC0D6C000AE78D9 /* BBS.cpp in Sources */ = {isa = PBXBuildFile; fileRef = 755A925D1AC0D6C000AE78D9 /* BBS.cpp */; };
		755A92D41AC0D6C000AE78D9 /* includes.cpp in Sources */ = {isa = PBXBuildFile; fileRef = 755A925E1AC0D6C000AE78D9 /* includes.cpp */; };
		755A92D51AC0D6C000AE78D9 /* integer.cpp in Sources */ = {isa = PBXBuildFile; fileRef = 755A925F1AC0D6C000AE78D9 /* integer.cpp */; };
		755A92D61AC0D6C000AE78D9 /* mpi.cpp in Sources */ = {isa = PBXBuildFile; fileRef = 755A92601AC0D6C000AE78D9 /* mpi.cpp */; };
		755A92D71AC0D6C000AE78D9 /* pgptime.cpp in Sources */ = {isa = PBXBuildFile; fileRef = 755A92611AC0D6C000AE78D9 /* pgptime.cpp */; };
		755A92D81AC0D6C000AE78D9 /* PKCS1.cpp in Sources */ = {isa = PBXBuildFile; fileRef = 755A92621AC0D6C000AE78D9 /* PKCS1.cpp */; };
		755A92D91AC0D6C000AE78D9 /* radix64.cpp in Sources */ = {isa = PBXBuildFile; fileRef = 755A92631AC0D6C000AE78D9 /* radix64.cpp */; };
		755A92DA1AC0D6C000AE78D9 /* UTF8.cpp in Sources */ = {isa = PBXBuildFile; fileRef = 755A92641AC0D6C000AE78D9 /* UTF8.cpp */; };
		755A92DB1AC0D6C000AE78D9 /* utilities.cpp in Sources */ = {isa = PBXBuildFile; fileRef = 755A92651AC0D6C000AE78D9 /* utilities.cpp */; };
		755A92DC1AC0D6C000AE78D9 /* utility.cpp in Sources */ = {isa = PBXBuildFile; fileRef = 755A92661AC0D6C000AE78D9 /* utility.cpp */; };
		755A92DD1AC0E87100AE78D9 /* rsa_key.cpp in Sources */ = {isa = PBXBuildFile; fileRef = 755A91DE1AC0D6BF00AE78D9 /* rsa_key.cpp */; };
		755A92DE1AC0E87100AE78D9 /* compress.cpp in Sources */ = {isa = PBXBuildFile; fileRef = 755A91E11AC0D6BF00AE78D9 /* compress.cpp */; };
		755A92DF1AC0E87100AE78D9 /* pgpbzip2.cpp in Sources */ = {isa = PBXBuildFile; fileRef = 755A91E21AC0D6BF00AE78D9 /* pgpbzip2.cpp */; };
		755A92E01AC0E87100AE78D9 /* pgpzlib.cpp in Sources */ = {isa = PBXBuildFile; fileRef = 755A91E31AC0D6BF00AE78D9 /* pgpzlib.cpp */; };
		755A92E11AC0E87100AE78D9 /* AES.cpp in Sources */ = {isa = PBXBuildFile; fileRef = 755A91E51AC0D6BF00AE78D9 /* AES.cpp */; };
		755A92E21AC0E87100AE78D9 /* Blowfish.cpp in Sources */ = {isa = PBXBuildFile; fileRef = 755A91E61AC0D6BF00AE78D9 /* Blowfish.cpp */; };
		755A92E31AC0E87100AE78D9 /* Camellia.cpp in Sources */ = {isa = PBXBuildFile; fileRef = 755A91E71AC0D6BF00AE78D9 /* Camellia.cpp */; };
		755A92E41AC0E87100AE78D9 /* CAST128.cpp in Sources */ = {isa = PBXBuildFile; fileRef = 755A91E81AC0D6BF00AE78D9 /* CAST128.cpp */; };
		755A92E51AC0E87100AE78D9 /* DES.cpp in Sources */ = {isa = PBXBuildFile; fileRef = 755A91E91AC0D6BF00AE78D9 /* DES.cpp */; };
		755A92E61AC0E87100AE78D9 /* DSA.cpp in Sources */ = {isa = PBXBuildFile; fileRef = 755A91EA1AC0D6BF00AE78D9 /* DSA.cpp */; };
		755A92E71AC0E87100AE78D9 /* ElGamal.cpp in Sources */ = {isa = PBXBuildFile; fileRef = 755A91EB1AC0D6BF00AE78D9 /* ElGamal.cpp */; };
		755A92E81AC0E87100AE78D9 /* IDEA.cpp in Sources */ = {isa = PBXBuildFile; fileRef = 755A91EC1AC0D6BF00AE78D9 /* IDEA.cpp */; };
		755A92E91AC0E87100AE78D9 /* PKA.cpp in Sources */ = {isa = PBXBuildFile; fileRef = 755A91ED1AC0D6BF00AE78D9 /* PKA.cpp */; };
		755A92EA1AC0E87100AE78D9 /* RSA.cpp in Sources */ = {isa = PBXBuildFile; fileRef = 755A91EE1AC0D6BF00AE78D9 /* RSA.cpp */; };
		755A92EB1AC0E87100AE78D9 /* SymAlg.cpp in Sources */ = {isa = PBXBuildFile; fileRef = 755A91EF1AC0D6BF00AE78D9 /* SymAlg.cpp */; };
		755A92EC1AC0E87100AE78D9 /* TDES.cpp in Sources */ = {isa = PBXBuildFile; fileRef = 755A91F01AC0D6BF00AE78D9 /* TDES.cpp */; };
		755A92ED1AC0E87100AE78D9 /* Twofish.cpp in Sources */ = {isa = PBXBuildFile; fileRef = 755A91F11AC0D6BF00AE78D9 /* Twofish.cpp */; };
		755A92EE1AC0E87100AE78D9 /* pgp_exception.cpp in Sources */ = {isa = PBXBuildFile; fileRef = 755A91F31AC0D6BF00AE78D9 /* pgp_exception.cpp */; };
		755A92EF1AC0E87100AE78D9 /* pgp_exception_define.cpp in Sources */ = {isa = PBXBuildFile; fileRef = 755A91F41AC0D6BF00AE78D9 /* pgp_exception_define.cpp */; };
		755A92F01AC0E87100AE78D9 /* Hash.cpp in Sources */ = {isa = PBXBuildFile; fileRef = 755A91F61AC0D6BF00AE78D9 /* Hash.cpp */; };
		755A92F11AC0E87100AE78D9 /* Hashes.cpp in Sources */ = {isa = PBXBuildFile; fileRef = 755A91F71AC0D6BF00AE78D9 /* Hashes.cpp */; };
		755A92F21AC0E87100AE78D9 /* MD5.cpp in Sources */ = {isa = PBXBuildFile; fileRef = 755A91F81AC0D6BF00AE78D9 /* MD5.cpp */; };
		755A92F31AC0E87100AE78D9 /* RIPEMD160.cpp in Sources */ = {isa = PBXBuildFile; fileRef = 755A91FB1AC0D6BF00AE78D9 /* RIPEMD160.cpp */; };
		755A92F41AC0E87100AE78D9 /* SHA1.cpp in Sources */ = {isa = PBXBuildFile; fileRef = 755A91FC1AC0D6BF00AE78D9 /* SHA1.cpp */; };
		755A92F51AC0E87100AE78D9 /* SHA224.cpp in Sources */ = {isa = PBXBuildFile; fileRef = 755A91FE1AC0D6C000AE78D9 /* SHA224.cpp */; };
		755A92F61AC0E87100AE78D9 /* SHA256.cpp in Sources */ = {isa = PBXBuildFile; fileRef = 755A92001AC0D6C000AE78D9 /* SHA256.cpp */; };
		755A92F71AC0E87100AE78D9 /* SHA2_Functions.cpp in Sources */ = {isa = PBXBuildFile; fileRef = 755A92031AC0D6C000AE78D9 /* SHA2_Functions.cpp */; };
		755A92F81AC0E87100AE78D9 /* SHA384.cpp in Sources */ = {isa = PBXBuildFile; fileRef = 755A92051AC0D6C000AE78D9 /* SHA384.cpp */; };
		755A92F91AC0E87100AE78D9 /* SHA512.cpp in Sources */ = {isa = PBXBuildFile; fileRef = 755A92071AC0D6C000AE78D9 /* SHA512.cpp */; };
		755A92FA1AC0E87100AE78D9 /* sigcalc.cpp in Sources */ = {isa = PBXBuildFile; fileRef = 755A920A1AC0D6C000AE78D9 /* sigcalc.cpp */; };
		755A92FB1AC0E87100AE78D9 /* sign.cpp in Sources */ = {isa = PBXBuildFile; fileRef = 755A920B1AC0D6C000AE78D9 /* sign.cpp */; };
		755A92FC1AC0E87100AE78D9 /* BaseObject.cpp in Sources */ = {isa = PBXBuildFile; fileRef = 755A920D1AC0D6C000AE78D9 /* BaseObject.cpp */; };
		755A92FD1AC0E87100AE78D9 /* cfb.cpp in Sources */ = {isa = PBXBuildFile; fileRef = 755A920E1AC0D6C000AE78D9 /* cfb.cpp */; };
		755A92FE1AC0E87100AE78D9 /* decrypt.cpp in Sources */ = {isa = PBXBuildFile; fileRef = 755A920F1AC0D6C000AE78D9 /* decrypt.cpp */; };
		755A92FF1AC0E87100AE78D9 /* encrypt.cpp in Sources */ = {isa = PBXBuildFile; fileRef = 755A92101AC0D6C000AE78D9 /* encrypt.cpp */; };
		755A93001AC0E87100AE78D9 /* openpgp.cpp in Sources */ = {isa = PBXBuildFile; fileRef = 755A92111AC0D6C000AE78D9 /* openpgp.cpp */; };
		755A93011AC0E87100AE78D9 /* pgp.cpp in Sources */ = {isa = PBXBuildFile; fileRef = 755A92121AC0D6C000AE78D9 /* pgp.cpp */; };
		755A93021AC0E87100AE78D9 /* PGPCleartextSignature.cpp in Sources */ = {isa = PBXBuildFile; fileRef = 755A92131AC0D6C000AE78D9 /* PGPCleartextSignature.cpp */; };
		755A93031AC0E87100AE78D9 /* PGPDetachedSignature.cpp in Sources */ = {isa = PBXBuildFile; fileRef = 755A92141AC0D6C000AE78D9 /* PGPDetachedSignature.cpp */; };
		755A93041AC0E87100AE78D9 /* PGPKey.cpp in Sources */ = {isa = PBXBuildFile; fileRef = 755A92151AC0D6C000AE78D9 /* PGPKey.cpp */; };
		755A93051AC0E87100AE78D9 /* PGPMessage.cpp in Sources */ = {isa = PBXBuildFile; fileRef = 755A92161AC0D6C000AE78D9 /* PGPMessage.cpp */; };
		755A93061AC0E87100AE78D9 /* PMPGPMessage.cpp in Sources */ = {isa = PBXBuildFile; fileRef = 755A92171AC0D6C000AE78D9 /* PMPGPMessage.cpp */; };
		755A93071AC0E87100AE78D9 /* private_key.cpp in Sources */ = {isa = PBXBuildFile; fileRef = 755A92181AC0D6C000AE78D9 /* private_key.cpp */; };
		755A93081AC0E87100AE78D9 /* public_key.cpp in Sources */ = {isa = PBXBuildFile; fileRef = 755A92191AC0D6C000AE78D9 /* public_key.cpp */; };
		755A93091AC0E87100AE78D9 /* revoke.cpp in Sources */ = {isa = PBXBuildFile; fileRef = 755A921A1AC0D6C000AE78D9 /* revoke.cpp */; };
		755A930A1AC0E87100AE78D9 /* verify.cpp in Sources */ = {isa = PBXBuildFile; fileRef = 755A921B1AC0D6C000AE78D9 /* verify.cpp */; };
		755A930B1AC0E87100AE78D9 /* packet.cpp in Sources */ = {isa = PBXBuildFile; fileRef = 755A921D1AC0D6C000AE78D9 /* packet.cpp */; };
		755A930C1AC0E87100AE78D9 /* packets.cpp in Sources */ = {isa = PBXBuildFile; fileRef = 755A921E1AC0D6C000AE78D9 /* packets.cpp */; };
		755A930D1AC0E87100AE78D9 /* Partial.cpp in Sources */ = {isa = PBXBuildFile; fileRef = 755A921F1AC0D6C000AE78D9 /* Partial.cpp */; };
		755A930E1AC0E87100AE78D9 /* s2k.cpp in Sources */ = {isa = PBXBuildFile; fileRef = 755A92201AC0D6C000AE78D9 /* s2k.cpp */; };
		755A930F1AC0E87100AE78D9 /* subpacket.cpp in Sources */ = {isa = PBXBuildFile; fileRef = 755A92221AC0D6C000AE78D9 /* subpacket.cpp */; };
		755A93101AC0E87100AE78D9 /* Tag17Sub1.cpp in Sources */ = {isa = PBXBuildFile; fileRef = 755A92231AC0D6C000AE78D9 /* Tag17Sub1.cpp */; };
		755A93111AC0E87100AE78D9 /* Tag2Sub0.cpp in Sources */ = {isa = PBXBuildFile; fileRef = 755A92241AC0D6C000AE78D9 /* Tag2Sub0.cpp */; };
		755A93121AC0E87100AE78D9 /* Tag2Sub1.cpp in Sources */ = {isa = PBXBuildFile; fileRef = 755A92251AC0D6C000AE78D9 /* Tag2Sub1.cpp */; };
		755A93131AC0E87100AE78D9 /* Tag2Sub10.cpp in Sources */ = {isa = PBXBuildFile; fileRef = 755A92261AC0D6C000AE78D9 /* Tag2Sub10.cpp */; };
		755A93141AC0E87100AE78D9 /* Tag2Sub11.cpp in Sources */ = {isa = PBXBuildFile; fileRef = 755A92271AC0D6C000AE78D9 /* Tag2Sub11.cpp */; };
		755A93151AC0E87100AE78D9 /* Tag2Sub12.cpp in Sources */ = {isa = PBXBuildFile; fileRef = 755A92281AC0D6C000AE78D9 /* Tag2Sub12.cpp */; };
		755A93161AC0E87100AE78D9 /* Tag2Sub13.cpp in Sources */ = {isa = PBXBuildFile; fileRef = 755A92291AC0D6C000AE78D9 /* Tag2Sub13.cpp */; };
		755A93171AC0E87100AE78D9 /* Tag2Sub14.cpp in Sources */ = {isa = PBXBuildFile; fileRef = 755A922A1AC0D6C000AE78D9 /* Tag2Sub14.cpp */; };
		755A93181AC0E87100AE78D9 /* Tag2Sub15.cpp in Sources */ = {isa = PBXBuildFile; fileRef = 755A922B1AC0D6C000AE78D9 /* Tag2Sub15.cpp */; };
		755A93191AC0E87100AE78D9 /* Tag2Sub16.cpp in Sources */ = {isa = PBXBuildFile; fileRef = 755A922C1AC0D6C000AE78D9 /* Tag2Sub16.cpp */; };
		755A931A1AC0E87100AE78D9 /* Tag2Sub17.cpp in Sources */ = {isa = PBXBuildFile; fileRef = 755A922D1AC0D6C000AE78D9 /* Tag2Sub17.cpp */; };
		755A931B1AC0E87100AE78D9 /* Tag2Sub18.cpp in Sources */ = {isa = PBXBuildFile; fileRef = 755A922E1AC0D6C000AE78D9 /* Tag2Sub18.cpp */; };
		755A931C1AC0E87100AE78D9 /* Tag2Sub19.cpp in Sources */ = {isa = PBXBuildFile; fileRef = 755A922F1AC0D6C000AE78D9 /* Tag2Sub19.cpp */; };
		755A931D1AC0E87100AE78D9 /* Tag2Sub2.cpp in Sources */ = {isa = PBXBuildFile; fileRef = 755A92301AC0D6C000AE78D9 /* Tag2Sub2.cpp */; };
		755A931E1AC0E87100AE78D9 /* Tag2Sub20.cpp in Sources */ = {isa = PBXBuildFile; fileRef = 755A92311AC0D6C000AE78D9 /* Tag2Sub20.cpp */; };
		755A931F1AC0E87100AE78D9 /* Tag2Sub21.cpp in Sources */ = {isa = PBXBuildFile; fileRef = 755A92321AC0D6C000AE78D9 /* Tag2Sub21.cpp */; };
		755A93201AC0E87100AE78D9 /* Tag2Sub22.cpp in Sources */ = {isa = PBXBuildFile; fileRef = 755A92331AC0D6C000AE78D9 /* Tag2Sub22.cpp */; };
		755A93211AC0E87100AE78D9 /* Tag2Sub23.cpp in Sources */ = {isa = PBXBuildFile; fileRef = 755A92341AC0D6C000AE78D9 /* Tag2Sub23.cpp */; };
		755A93221AC0E87100AE78D9 /* Tag2Sub24.cpp in Sources */ = {isa = PBXBuildFile; fileRef = 755A92351AC0D6C000AE78D9 /* Tag2Sub24.cpp */; };
		755A93231AC0E87100AE78D9 /* Tag2Sub25.cpp in Sources */ = {isa = PBXBuildFile; fileRef = 755A92361AC0D6C000AE78D9 /* Tag2Sub25.cpp */; };
		755A93241AC0E87100AE78D9 /* Tag2Sub26.cpp in Sources */ = {isa = PBXBuildFile; fileRef = 755A92371AC0D6C000AE78D9 /* Tag2Sub26.cpp */; };
		755A93251AC0E87100AE78D9 /* Tag2Sub27.cpp in Sources */ = {isa = PBXBuildFile; fileRef = 755A92381AC0D6C000AE78D9 /* Tag2Sub27.cpp */; };
		755A93261AC0E87100AE78D9 /* Tag2Sub28.cpp in Sources */ = {isa = PBXBuildFile; fileRef = 755A92391AC0D6C000AE78D9 /* Tag2Sub28.cpp */; };
		755A93271AC0E87100AE78D9 /* Tag2Sub29.cpp in Sources */ = {isa = PBXBuildFile; fileRef = 755A923A1AC0D6C000AE78D9 /* Tag2Sub29.cpp */; };
		755A93281AC0E87100AE78D9 /* Tag2Sub3.cpp in Sources */ = {isa = PBXBuildFile; fileRef = 755A923B1AC0D6C000AE78D9 /* Tag2Sub3.cpp */; };
		755A93291AC0E87100AE78D9 /* Tag2Sub30.cpp in Sources */ = {isa = PBXBuildFile; fileRef = 755A923C1AC0D6C000AE78D9 /* Tag2Sub30.cpp */; };
		755A932A1AC0E87100AE78D9 /* Tag2Sub31.cpp in Sources */ = {isa = PBXBuildFile; fileRef = 755A923D1AC0D6C000AE78D9 /* Tag2Sub31.cpp */; };
		755A932B1AC0E87100AE78D9 /* Tag2Sub32.cpp in Sources */ = {isa = PBXBuildFile; fileRef = 755A923E1AC0D6C000AE78D9 /* Tag2Sub32.cpp */; };
		755A932C1AC0E87100AE78D9 /* Tag2Sub4.cpp in Sources */ = {isa = PBXBuildFile; fileRef = 755A923F1AC0D6C000AE78D9 /* Tag2Sub4.cpp */; };
		755A932D1AC0E87100AE78D9 /* Tag2Sub5.cpp in Sources */ = {isa = PBXBuildFile; fileRef = 755A92401AC0D6C000AE78D9 /* Tag2Sub5.cpp */; };
		755A932E1AC0E87100AE78D9 /* Tag2Sub6.cpp in Sources */ = {isa = PBXBuildFile; fileRef = 755A92411AC0D6C000AE78D9 /* Tag2Sub6.cpp */; };
		755A932F1AC0E87100AE78D9 /* Tag2Sub7.cpp in Sources */ = {isa = PBXBuildFile; fileRef = 755A92421AC0D6C000AE78D9 /* Tag2Sub7.cpp */; };
		755A93301AC0E87100AE78D9 /* Tag2Sub8.cpp in Sources */ = {isa = PBXBuildFile; fileRef = 755A92431AC0D6C000AE78D9 /* Tag2Sub8.cpp */; };
		755A93311AC0E87100AE78D9 /* Tag2Sub9.cpp in Sources */ = {isa = PBXBuildFile; fileRef = 755A92441AC0D6C000AE78D9 /* Tag2Sub9.cpp */; };
		755A93321AC0E87100AE78D9 /* Tag0.cpp in Sources */ = {isa = PBXBuildFile; fileRef = 755A92451AC0D6C000AE78D9 /* Tag0.cpp */; };
		755A93331AC0E87100AE78D9 /* Tag1.cpp in Sources */ = {isa = PBXBuildFile; fileRef = 755A92461AC0D6C000AE78D9 /* Tag1.cpp */; };
		755A93341AC0E87100AE78D9 /* Tag10.cpp in Sources */ = {isa = PBXBuildFile; fileRef = 755A92471AC0D6C000AE78D9 /* Tag10.cpp */; };
		755A93351AC0E87100AE78D9 /* Tag11.cpp in Sources */ = {isa = PBXBuildFile; fileRef = 755A92481AC0D6C000AE78D9 /* Tag11.cpp */; };
		755A93361AC0E87100AE78D9 /* Tag12.cpp in Sources */ = {isa = PBXBuildFile; fileRef = 755A92491AC0D6C000AE78D9 /* Tag12.cpp */; };
		755A93371AC0E87100AE78D9 /* Tag13.cpp in Sources */ = {isa = PBXBuildFile; fileRef = 755A924A1AC0D6C000AE78D9 /* Tag13.cpp */; };
		755A93381AC0E87100AE78D9 /* Tag14.cpp in Sources */ = {isa = PBXBuildFile; fileRef = 755A924B1AC0D6C000AE78D9 /* Tag14.cpp */; };
		755A93391AC0E87100AE78D9 /* Tag17.cpp in Sources */ = {isa = PBXBuildFile; fileRef = 755A924C1AC0D6C000AE78D9 /* Tag17.cpp */; };
		755A933A1AC0E87100AE78D9 /* Tag18.cpp in Sources */ = {isa = PBXBuildFile; fileRef = 755A924D1AC0D6C000AE78D9 /* Tag18.cpp */; };
		755A933B1AC0E87100AE78D9 /* Tag19.cpp in Sources */ = {isa = PBXBuildFile; fileRef = 755A924E1AC0D6C000AE78D9 /* Tag19.cpp */; };
		755A933C1AC0E87100AE78D9 /* Tag2.cpp in Sources */ = {isa = PBXBuildFile; fileRef = 755A924F1AC0D6C000AE78D9 /* Tag2.cpp */; };
		755A933D1AC0E87100AE78D9 /* Tag3.cpp in Sources */ = {isa = PBXBuildFile; fileRef = 755A92501AC0D6C000AE78D9 /* Tag3.cpp */; };
		755A933E1AC0E87100AE78D9 /* Tag4.cpp in Sources */ = {isa = PBXBuildFile; fileRef = 755A92511AC0D6C000AE78D9 /* Tag4.cpp */; };
		755A933F1AC0E87100AE78D9 /* Tag5.cpp in Sources */ = {isa = PBXBuildFile; fileRef = 755A92521AC0D6C000AE78D9 /* Tag5.cpp */; };
		755A93401AC0E87100AE78D9 /* Tag6.cpp in Sources */ = {isa = PBXBuildFile; fileRef = 755A92531AC0D6C000AE78D9 /* Tag6.cpp */; };
		755A93411AC0E87100AE78D9 /* Tag60.cpp in Sources */ = {isa = PBXBuildFile; fileRef = 755A92541AC0D6C000AE78D9 /* Tag60.cpp */; };
		755A93421AC0E87100AE78D9 /* Tag61.cpp in Sources */ = {isa = PBXBuildFile; fileRef = 755A92551AC0D6C000AE78D9 /* Tag61.cpp */; };
		755A93431AC0E87100AE78D9 /* Tag62.cpp in Sources */ = {isa = PBXBuildFile; fileRef = 755A92561AC0D6C000AE78D9 /* Tag62.cpp */; };
		755A93441AC0E87100AE78D9 /* Tag63.cpp in Sources */ = {isa = PBXBuildFile; fileRef = 755A92571AC0D6C000AE78D9 /* Tag63.cpp */; };
		755A93451AC0E87100AE78D9 /* Tag7.cpp in Sources */ = {isa = PBXBuildFile; fileRef = 755A92581AC0D6C000AE78D9 /* Tag7.cpp */; };
		755A93461AC0E87100AE78D9 /* Tag8.cpp in Sources */ = {isa = PBXBuildFile; fileRef = 755A92591AC0D6C000AE78D9 /* Tag8.cpp */; };
		755A93471AC0E87100AE78D9 /* Tag9.cpp in Sources */ = {isa = PBXBuildFile; fileRef = 755A925A1AC0D6C000AE78D9 /* Tag9.cpp */; };
		755A93481AC0E87100AE78D9 /* base64.cpp in Sources */ = {isa = PBXBuildFile; fileRef = 755A925C1AC0D6C000AE78D9 /* base64.cpp */; };
		755A93491AC0E87100AE78D9 /* BBS.cpp in Sources */ = {isa = PBXBuildFile; fileRef = 755A925D1AC0D6C000AE78D9 /* BBS.cpp */; };
		755A934A1AC0E87100AE78D9 /* includes.cpp in Sources */ = {isa = PBXBuildFile; fileRef = 755A925E1AC0D6C000AE78D9 /* includes.cpp */; };
		755A934B1AC0E87100AE78D9 /* integer.cpp in Sources */ = {isa = PBXBuildFile; fileRef = 755A925F1AC0D6C000AE78D9 /* integer.cpp */; };
		755A934C1AC0E87100AE78D9 /* mpi.cpp in Sources */ = {isa = PBXBuildFile; fileRef = 755A92601AC0D6C000AE78D9 /* mpi.cpp */; };
		755A934D1AC0E87100AE78D9 /* pgptime.cpp in Sources */ = {isa = PBXBuildFile; fileRef = 755A92611AC0D6C000AE78D9 /* pgptime.cpp */; };
		755A934E1AC0E87100AE78D9 /* PKCS1.cpp in Sources */ = {isa = PBXBuildFile; fileRef = 755A92621AC0D6C000AE78D9 /* PKCS1.cpp */; };
		755A934F1AC0E87100AE78D9 /* radix64.cpp in Sources */ = {isa = PBXBuildFile; fileRef = 755A92631AC0D6C000AE78D9 /* radix64.cpp */; };
		755A93501AC0E87100AE78D9 /* UTF8.cpp in Sources */ = {isa = PBXBuildFile; fileRef = 755A92641AC0D6C000AE78D9 /* UTF8.cpp */; };
		755A93511AC0E87100AE78D9 /* utilities.cpp in Sources */ = {isa = PBXBuildFile; fileRef = 755A92651AC0D6C000AE78D9 /* utilities.cpp */; };
		755A93521AC0E87100AE78D9 /* utility.cpp in Sources */ = {isa = PBXBuildFile; fileRef = 755A92661AC0D6C000AE78D9 /* utility.cpp */; };
		755EF6541AD4FEC1008F238E /* FindKey.cpp in Sources */ = {isa = PBXBuildFile; fileRef = 755EF6521AD4FEC1008F238E /* FindKey.cpp */; };
		756C9BBD1A8D8A47007B2B9B /* OpenPGP.mm in Sources */ = {isa = PBXBuildFile; fileRef = 756C9BBC1A8D8A47007B2B9B /* OpenPGP.mm */; };
/* End PBXBuildFile section */

/* Begin PBXContainerItemProxy section */
		7519BBE41A8D868000E0E570 /* PBXContainerItemProxy */ = {
			isa = PBXContainerItemProxy;
			containerPortal = 7519BBCF1A8D868000E0E570 /* Project object */;
			proxyType = 1;
			remoteGlobalIDString = 7519BBD61A8D868000E0E570;
			remoteInfo = OpenPGP_OSX_Lib;
		};
/* End PBXContainerItemProxy section */

/* Begin PBXCopyFilesBuildPhase section */
		7519BBD51A8D868000E0E570 /* CopyFiles */ = {
			isa = PBXCopyFilesBuildPhase;
			buildActionMask = 2147483647;
			dstPath = "$(PROJECT_DIR)/../Bin/include/$(PRODUCT_NAME)_IOS";
			dstSubfolderSpec = 0;
			files = (
				750188AE1A8EA11600C95352 /* OpenPGP.h in CopyFiles */,
			);
			runOnlyForDeploymentPostprocessing = 0;
		};
		7519BBF51A8D869000E0E570 /* CopyFiles */ = {
			isa = PBXCopyFilesBuildPhase;
			buildActionMask = 2147483647;
			dstPath = "$(PROJECT_DIR)/../Bin/include/$(PRODUCT_NAME)_OSX";
			dstSubfolderSpec = 0;
			files = (
				75419DC51A97AF0E002A1F25 /* OpenPGP.h in CopyFiles */,
			);
			runOnlyForDeploymentPostprocessing = 0;
		};
		75419F421A97E1A8002A1F25 /* CopyFiles */ = {
			isa = PBXCopyFilesBuildPhase;
			buildActionMask = 2147483647;
			dstPath = "$(PROJECT_DIR)/../Bin/include/$(PRODUCT_NAME)_OSX";
			dstSubfolderSpec = 0;
			files = (
				75419F431A97E1A8002A1F25 /* OpenPGP.h in CopyFiles */,
			);
			runOnlyForDeploymentPostprocessing = 0;
		};
/* End PBXCopyFilesBuildPhase section */

/* Begin PBXFileReference section */
		7519BBD71A8D868000E0E570 /* libOpenPGP.a */ = {isa = PBXFileReference; explicitFileType = archive.ar; includeInIndex = 0; path = libOpenPGP.a; sourceTree = BUILT_PRODUCTS_DIR; };
		7519BBE21A8D868000E0E570 /* OpenPGP_OSX_LibTests.xctest */ = {isa = PBXFileReference; explicitFileType = wrapper.cfbundle; includeInIndex = 0; path = OpenPGP_OSX_LibTests.xctest; sourceTree = BUILT_PRODUCTS_DIR; };
		7519BBE81A8D868000E0E570 /* Info.plist */ = {isa = PBXFileReference; lastKnownFileType = text.plist.xml; path = Info.plist; sourceTree = "<group>"; };
		7519BBFA1A8D869000E0E570 /* libOpenPGP_x86_64.a */ = {isa = PBXFileReference; explicitFileType = archive.ar; includeInIndex = 0; path = libOpenPGP_x86_64.a; sourceTree = BUILT_PRODUCTS_DIR; };
		75419F471A97E1A8002A1F25 /* libOpenPGP_i386.a */ = {isa = PBXFileReference; explicitFileType = archive.ar; includeInIndex = 0; path = libOpenPGP_i386.a; sourceTree = BUILT_PRODUCTS_DIR; };
		755A91DE1AC0D6BF00AE78D9 /* rsa_key.cpp */ = {isa = PBXFileReference; fileEncoding = 4; lastKnownFileType = sourcecode.cpp.cpp; path = rsa_key.cpp; sourceTree = "<group>"; };
		755A91E11AC0D6BF00AE78D9 /* compress.cpp */ = {isa = PBXFileReference; fileEncoding = 4; lastKnownFileType = sourcecode.cpp.cpp; path = compress.cpp; sourceTree = "<group>"; };
		755A91E21AC0D6BF00AE78D9 /* pgpbzip2.cpp */ = {isa = PBXFileReference; fileEncoding = 4; lastKnownFileType = sourcecode.cpp.cpp; path = pgpbzip2.cpp; sourceTree = "<group>"; };
		755A91E31AC0D6BF00AE78D9 /* pgpzlib.cpp */ = {isa = PBXFileReference; fileEncoding = 4; lastKnownFileType = sourcecode.cpp.cpp; path = pgpzlib.cpp; sourceTree = "<group>"; };
		755A91E51AC0D6BF00AE78D9 /* AES.cpp */ = {isa = PBXFileReference; fileEncoding = 4; lastKnownFileType = sourcecode.cpp.cpp; path = AES.cpp; sourceTree = "<group>"; };
		755A91E61AC0D6BF00AE78D9 /* Blowfish.cpp */ = {isa = PBXFileReference; fileEncoding = 4; lastKnownFileType = sourcecode.cpp.cpp; path = Blowfish.cpp; sourceTree = "<group>"; };
		755A91E71AC0D6BF00AE78D9 /* Camellia.cpp */ = {isa = PBXFileReference; fileEncoding = 4; lastKnownFileType = sourcecode.cpp.cpp; path = Camellia.cpp; sourceTree = "<group>"; };
		755A91E81AC0D6BF00AE78D9 /* CAST128.cpp */ = {isa = PBXFileReference; fileEncoding = 4; lastKnownFileType = sourcecode.cpp.cpp; path = CAST128.cpp; sourceTree = "<group>"; };
		755A91E91AC0D6BF00AE78D9 /* DES.cpp */ = {isa = PBXFileReference; fileEncoding = 4; lastKnownFileType = sourcecode.cpp.cpp; path = DES.cpp; sourceTree = "<group>"; };
		755A91EA1AC0D6BF00AE78D9 /* DSA.cpp */ = {isa = PBXFileReference; fileEncoding = 4; lastKnownFileType = sourcecode.cpp.cpp; path = DSA.cpp; sourceTree = "<group>"; };
		755A91EB1AC0D6BF00AE78D9 /* ElGamal.cpp */ = {isa = PBXFileReference; fileEncoding = 4; lastKnownFileType = sourcecode.cpp.cpp; path = ElGamal.cpp; sourceTree = "<group>"; };
		755A91EC1AC0D6BF00AE78D9 /* IDEA.cpp */ = {isa = PBXFileReference; fileEncoding = 4; lastKnownFileType = sourcecode.cpp.cpp; path = IDEA.cpp; sourceTree = "<group>"; };
		755A91ED1AC0D6BF00AE78D9 /* PKA.cpp */ = {isa = PBXFileReference; fileEncoding = 4; lastKnownFileType = sourcecode.cpp.cpp; path = PKA.cpp; sourceTree = "<group>"; };
		755A91EE1AC0D6BF00AE78D9 /* RSA.cpp */ = {isa = PBXFileReference; fileEncoding = 4; lastKnownFileType = sourcecode.cpp.cpp; path = RSA.cpp; sourceTree = "<group>"; };
		755A91EF1AC0D6BF00AE78D9 /* SymAlg.cpp */ = {isa = PBXFileReference; fileEncoding = 4; lastKnownFileType = sourcecode.cpp.cpp; path = SymAlg.cpp; sourceTree = "<group>"; };
		755A91F01AC0D6BF00AE78D9 /* TDES.cpp */ = {isa = PBXFileReference; fileEncoding = 4; lastKnownFileType = sourcecode.cpp.cpp; path = TDES.cpp; sourceTree = "<group>"; };
		755A91F11AC0D6BF00AE78D9 /* Twofish.cpp */ = {isa = PBXFileReference; fileEncoding = 4; lastKnownFileType = sourcecode.cpp.cpp; path = Twofish.cpp; sourceTree = "<group>"; };
		755A91F31AC0D6BF00AE78D9 /* pgp_exception.cpp */ = {isa = PBXFileReference; fileEncoding = 4; lastKnownFileType = sourcecode.cpp.cpp; path = pgp_exception.cpp; sourceTree = "<group>"; };
		755A91F41AC0D6BF00AE78D9 /* pgp_exception_define.cpp */ = {isa = PBXFileReference; fileEncoding = 4; lastKnownFileType = sourcecode.cpp.cpp; path = pgp_exception_define.cpp; sourceTree = "<group>"; };
		755A91F61AC0D6BF00AE78D9 /* Hash.cpp */ = {isa = PBXFileReference; fileEncoding = 4; lastKnownFileType = sourcecode.cpp.cpp; path = Hash.cpp; sourceTree = "<group>"; };
		755A91F71AC0D6BF00AE78D9 /* Hashes.cpp */ = {isa = PBXFileReference; fileEncoding = 4; lastKnownFileType = sourcecode.cpp.cpp; path = Hashes.cpp; sourceTree = "<group>"; };
		755A91F81AC0D6BF00AE78D9 /* MD5.cpp */ = {isa = PBXFileReference; fileEncoding = 4; lastKnownFileType = sourcecode.cpp.cpp; path = MD5.cpp; sourceTree = "<group>"; };
		755A91FB1AC0D6BF00AE78D9 /* RIPEMD160.cpp */ = {isa = PBXFileReference; fileEncoding = 4; lastKnownFileType = sourcecode.cpp.cpp; path = RIPEMD160.cpp; sourceTree = "<group>"; };
		755A91FC1AC0D6BF00AE78D9 /* SHA1.cpp */ = {isa = PBXFileReference; fileEncoding = 4; lastKnownFileType = sourcecode.cpp.cpp; path = SHA1.cpp; sourceTree = "<group>"; };
		755A91FE1AC0D6C000AE78D9 /* SHA224.cpp */ = {isa = PBXFileReference; fileEncoding = 4; lastKnownFileType = sourcecode.cpp.cpp; path = SHA224.cpp; sourceTree = "<group>"; };
		755A92001AC0D6C000AE78D9 /* SHA256.cpp */ = {isa = PBXFileReference; fileEncoding = 4; lastKnownFileType = sourcecode.cpp.cpp; path = SHA256.cpp; sourceTree = "<group>"; };
		755A92031AC0D6C000AE78D9 /* SHA2_Functions.cpp */ = {isa = PBXFileReference; fileEncoding = 4; lastKnownFileType = sourcecode.cpp.cpp; path = SHA2_Functions.cpp; sourceTree = "<group>"; };
		755A92051AC0D6C000AE78D9 /* SHA384.cpp */ = {isa = PBXFileReference; fileEncoding = 4; lastKnownFileType = sourcecode.cpp.cpp; path = SHA384.cpp; sourceTree = "<group>"; };
		755A92071AC0D6C000AE78D9 /* SHA512.cpp */ = {isa = PBXFileReference; fileEncoding = 4; lastKnownFileType = sourcecode.cpp.cpp; path = SHA512.cpp; sourceTree = "<group>"; };
		755A920A1AC0D6C000AE78D9 /* sigcalc.cpp */ = {isa = PBXFileReference; fileEncoding = 4; lastKnownFileType = sourcecode.cpp.cpp; path = sigcalc.cpp; sourceTree = "<group>"; };
		755A920B1AC0D6C000AE78D9 /* sign.cpp */ = {isa = PBXFileReference; fileEncoding = 4; lastKnownFileType = sourcecode.cpp.cpp; path = sign.cpp; sourceTree = "<group>"; };
		755A920D1AC0D6C000AE78D9 /* BaseObject.cpp */ = {isa = PBXFileReference; fileEncoding = 4; lastKnownFileType = sourcecode.cpp.cpp; path = BaseObject.cpp; sourceTree = "<group>"; };
		755A920E1AC0D6C000AE78D9 /* cfb.cpp */ = {isa = PBXFileReference; fileEncoding = 4; lastKnownFileType = sourcecode.cpp.cpp; path = cfb.cpp; sourceTree = "<group>"; };
		755A920F1AC0D6C000AE78D9 /* decrypt.cpp */ = {isa = PBXFileReference; fileEncoding = 4; lastKnownFileType = sourcecode.cpp.cpp; path = decrypt.cpp; sourceTree = "<group>"; };
		755A92101AC0D6C000AE78D9 /* encrypt.cpp */ = {isa = PBXFileReference; fileEncoding = 4; lastKnownFileType = sourcecode.cpp.cpp; path = encrypt.cpp; sourceTree = "<group>"; };
		755A92111AC0D6C000AE78D9 /* openpgp.cpp */ = {isa = PBXFileReference; fileEncoding = 4; lastKnownFileType = sourcecode.cpp.cpp; path = openpgp.cpp; sourceTree = "<group>"; };
		755A92121AC0D6C000AE78D9 /* pgp.cpp */ = {isa = PBXFileReference; fileEncoding = 4; lastKnownFileType = sourcecode.cpp.cpp; path = pgp.cpp; sourceTree = "<group>"; };
		755A92131AC0D6C000AE78D9 /* PGPCleartextSignature.cpp */ = {isa = PBXFileReference; fileEncoding = 4; lastKnownFileType = sourcecode.cpp.cpp; path = PGPCleartextSignature.cpp; sourceTree = "<group>"; };
		755A92141AC0D6C000AE78D9 /* PGPDetachedSignature.cpp */ = {isa = PBXFileReference; fileEncoding = 4; lastKnownFileType = sourcecode.cpp.cpp; path = PGPDetachedSignature.cpp; sourceTree = "<group>"; };
		755A92151AC0D6C000AE78D9 /* PGPKey.cpp */ = {isa = PBXFileReference; fileEncoding = 4; lastKnownFileType = sourcecode.cpp.cpp; path = PGPKey.cpp; sourceTree = "<group>"; };
		755A92161AC0D6C000AE78D9 /* PGPMessage.cpp */ = {isa = PBXFileReference; fileEncoding = 4; lastKnownFileType = sourcecode.cpp.cpp; path = PGPMessage.cpp; sourceTree = "<group>"; };
		755A92171AC0D6C000AE78D9 /* PMPGPMessage.cpp */ = {isa = PBXFileReference; fileEncoding = 4; lastKnownFileType = sourcecode.cpp.cpp; path = PMPGPMessage.cpp; sourceTree = "<group>"; };
		755A92181AC0D6C000AE78D9 /* private_key.cpp */ = {isa = PBXFileReference; fileEncoding = 4; lastKnownFileType = sourcecode.cpp.cpp; path = private_key.cpp; sourceTree = "<group>"; };
		755A92191AC0D6C000AE78D9 /* public_key.cpp */ = {isa = PBXFileReference; fileEncoding = 4; lastKnownFileType = sourcecode.cpp.cpp; path = public_key.cpp; sourceTree = "<group>"; };
		755A921A1AC0D6C000AE78D9 /* revoke.cpp */ = {isa = PBXFileReference; fileEncoding = 4; lastKnownFileType = sourcecode.cpp.cpp; path = revoke.cpp; sourceTree = "<group>"; };
		755A921B1AC0D6C000AE78D9 /* verify.cpp */ = {isa = PBXFileReference; fileEncoding = 4; lastKnownFileType = sourcecode.cpp.cpp; path = verify.cpp; sourceTree = "<group>"; };
		755A921D1AC0D6C000AE78D9 /* packet.cpp */ = {isa = PBXFileReference; fileEncoding = 4; lastKnownFileType = sourcecode.cpp.cpp; path = packet.cpp; sourceTree = "<group>"; };
		755A921E1AC0D6C000AE78D9 /* packets.cpp */ = {isa = PBXFileReference; fileEncoding = 4; lastKnownFileType = sourcecode.cpp.cpp; path = packets.cpp; sourceTree = "<group>"; };
		755A921F1AC0D6C000AE78D9 /* Partial.cpp */ = {isa = PBXFileReference; fileEncoding = 4; lastKnownFileType = sourcecode.cpp.cpp; path = Partial.cpp; sourceTree = "<group>"; };
		755A92201AC0D6C000AE78D9 /* s2k.cpp */ = {isa = PBXFileReference; fileEncoding = 4; lastKnownFileType = sourcecode.cpp.cpp; path = s2k.cpp; sourceTree = "<group>"; };
		755A92221AC0D6C000AE78D9 /* subpacket.cpp */ = {isa = PBXFileReference; fileEncoding = 4; lastKnownFileType = sourcecode.cpp.cpp; path = subpacket.cpp; sourceTree = "<group>"; };
		755A92231AC0D6C000AE78D9 /* Tag17Sub1.cpp */ = {isa = PBXFileReference; fileEncoding = 4; lastKnownFileType = sourcecode.cpp.cpp; path = Tag17Sub1.cpp; sourceTree = "<group>"; };
		755A92241AC0D6C000AE78D9 /* Tag2Sub0.cpp */ = {isa = PBXFileReference; fileEncoding = 4; lastKnownFileType = sourcecode.cpp.cpp; path = Tag2Sub0.cpp; sourceTree = "<group>"; };
		755A92251AC0D6C000AE78D9 /* Tag2Sub1.cpp */ = {isa = PBXFileReference; fileEncoding = 4; lastKnownFileType = sourcecode.cpp.cpp; path = Tag2Sub1.cpp; sourceTree = "<group>"; };
		755A92261AC0D6C000AE78D9 /* Tag2Sub10.cpp */ = {isa = PBXFileReference; fileEncoding = 4; lastKnownFileType = sourcecode.cpp.cpp; path = Tag2Sub10.cpp; sourceTree = "<group>"; };
		755A92271AC0D6C000AE78D9 /* Tag2Sub11.cpp */ = {isa = PBXFileReference; fileEncoding = 4; lastKnownFileType = sourcecode.cpp.cpp; path = Tag2Sub11.cpp; sourceTree = "<group>"; };
		755A92281AC0D6C000AE78D9 /* Tag2Sub12.cpp */ = {isa = PBXFileReference; fileEncoding = 4; lastKnownFileType = sourcecode.cpp.cpp; path = Tag2Sub12.cpp; sourceTree = "<group>"; };
		755A92291AC0D6C000AE78D9 /* Tag2Sub13.cpp */ = {isa = PBXFileReference; fileEncoding = 4; lastKnownFileType = sourcecode.cpp.cpp; path = Tag2Sub13.cpp; sourceTree = "<group>"; };
		755A922A1AC0D6C000AE78D9 /* Tag2Sub14.cpp */ = {isa = PBXFileReference; fileEncoding = 4; lastKnownFileType = sourcecode.cpp.cpp; path = Tag2Sub14.cpp; sourceTree = "<group>"; };
		755A922B1AC0D6C000AE78D9 /* Tag2Sub15.cpp */ = {isa = PBXFileReference; fileEncoding = 4; lastKnownFileType = sourcecode.cpp.cpp; path = Tag2Sub15.cpp; sourceTree = "<group>"; };
		755A922C1AC0D6C000AE78D9 /* Tag2Sub16.cpp */ = {isa = PBXFileReference; fileEncoding = 4; lastKnownFileType = sourcecode.cpp.cpp; path = Tag2Sub16.cpp; sourceTree = "<group>"; };
		755A922D1AC0D6C000AE78D9 /* Tag2Sub17.cpp */ = {isa = PBXFileReference; fileEncoding = 4; lastKnownFileType = sourcecode.cpp.cpp; path = Tag2Sub17.cpp; sourceTree = "<group>"; };
		755A922E1AC0D6C000AE78D9 /* Tag2Sub18.cpp */ = {isa = PBXFileReference; fileEncoding = 4; lastKnownFileType = sourcecode.cpp.cpp; path = Tag2Sub18.cpp; sourceTree = "<group>"; };
		755A922F1AC0D6C000AE78D9 /* Tag2Sub19.cpp */ = {isa = PBXFileReference; fileEncoding = 4; lastKnownFileType = sourcecode.cpp.cpp; path = Tag2Sub19.cpp; sourceTree = "<group>"; };
		755A92301AC0D6C000AE78D9 /* Tag2Sub2.cpp */ = {isa = PBXFileReference; fileEncoding = 4; lastKnownFileType = sourcecode.cpp.cpp; path = Tag2Sub2.cpp; sourceTree = "<group>"; };
		755A92311AC0D6C000AE78D9 /* Tag2Sub20.cpp */ = {isa = PBXFileReference; fileEncoding = 4; lastKnownFileType = sourcecode.cpp.cpp; path = Tag2Sub20.cpp; sourceTree = "<group>"; };
		755A92321AC0D6C000AE78D9 /* Tag2Sub21.cpp */ = {isa = PBXFileReference; fileEncoding = 4; lastKnownFileType = sourcecode.cpp.cpp; path = Tag2Sub21.cpp; sourceTree = "<group>"; };
		755A92331AC0D6C000AE78D9 /* Tag2Sub22.cpp */ = {isa = PBXFileReference; fileEncoding = 4; lastKnownFileType = sourcecode.cpp.cpp; path = Tag2Sub22.cpp; sourceTree = "<group>"; };
		755A92341AC0D6C000AE78D9 /* Tag2Sub23.cpp */ = {isa = PBXFileReference; fileEncoding = 4; lastKnownFileType = sourcecode.cpp.cpp; path = Tag2Sub23.cpp; sourceTree = "<group>"; };
		755A92351AC0D6C000AE78D9 /* Tag2Sub24.cpp */ = {isa = PBXFileReference; fileEncoding = 4; lastKnownFileType = sourcecode.cpp.cpp; path = Tag2Sub24.cpp; sourceTree = "<group>"; };
		755A92361AC0D6C000AE78D9 /* Tag2Sub25.cpp */ = {isa = PBXFileReference; fileEncoding = 4; lastKnownFileType = sourcecode.cpp.cpp; path = Tag2Sub25.cpp; sourceTree = "<group>"; };
		755A92371AC0D6C000AE78D9 /* Tag2Sub26.cpp */ = {isa = PBXFileReference; fileEncoding = 4; lastKnownFileType = sourcecode.cpp.cpp; path = Tag2Sub26.cpp; sourceTree = "<group>"; };
		755A92381AC0D6C000AE78D9 /* Tag2Sub27.cpp */ = {isa = PBXFileReference; fileEncoding = 4; lastKnownFileType = sourcecode.cpp.cpp; path = Tag2Sub27.cpp; sourceTree = "<group>"; };
		755A92391AC0D6C000AE78D9 /* Tag2Sub28.cpp */ = {isa = PBXFileReference; fileEncoding = 4; lastKnownFileType = sourcecode.cpp.cpp; path = Tag2Sub28.cpp; sourceTree = "<group>"; };
		755A923A1AC0D6C000AE78D9 /* Tag2Sub29.cpp */ = {isa = PBXFileReference; fileEncoding = 4; lastKnownFileType = sourcecode.cpp.cpp; path = Tag2Sub29.cpp; sourceTree = "<group>"; };
		755A923B1AC0D6C000AE78D9 /* Tag2Sub3.cpp */ = {isa = PBXFileReference; fileEncoding = 4; lastKnownFileType = sourcecode.cpp.cpp; path = Tag2Sub3.cpp; sourceTree = "<group>"; };
		755A923C1AC0D6C000AE78D9 /* Tag2Sub30.cpp */ = {isa = PBXFileReference; fileEncoding = 4; lastKnownFileType = sourcecode.cpp.cpp; path = Tag2Sub30.cpp; sourceTree = "<group>"; };
		755A923D1AC0D6C000AE78D9 /* Tag2Sub31.cpp */ = {isa = PBXFileReference; fileEncoding = 4; lastKnownFileType = sourcecode.cpp.cpp; path = Tag2Sub31.cpp; sourceTree = "<group>"; };
		755A923E1AC0D6C000AE78D9 /* Tag2Sub32.cpp */ = {isa = PBXFileReference; fileEncoding = 4; lastKnownFileType = sourcecode.cpp.cpp; path = Tag2Sub32.cpp; sourceTree = "<group>"; };
		755A923F1AC0D6C000AE78D9 /* Tag2Sub4.cpp */ = {isa = PBXFileReference; fileEncoding = 4; lastKnownFileType = sourcecode.cpp.cpp; path = Tag2Sub4.cpp; sourceTree = "<group>"; };
		755A92401AC0D6C000AE78D9 /* Tag2Sub5.cpp */ = {isa = PBXFileReference; fileEncoding = 4; lastKnownFileType = sourcecode.cpp.cpp; path = Tag2Sub5.cpp; sourceTree = "<group>"; };
		755A92411AC0D6C000AE78D9 /* Tag2Sub6.cpp */ = {isa = PBXFileReference; fileEncoding = 4; lastKnownFileType = sourcecode.cpp.cpp; path = Tag2Sub6.cpp; sourceTree = "<group>"; };
		755A92421AC0D6C000AE78D9 /* Tag2Sub7.cpp */ = {isa = PBXFileReference; fileEncoding = 4; lastKnownFileType = sourcecode.cpp.cpp; path = Tag2Sub7.cpp; sourceTree = "<group>"; };
		755A92431AC0D6C000AE78D9 /* Tag2Sub8.cpp */ = {isa = PBXFileReference; fileEncoding = 4; lastKnownFileType = sourcecode.cpp.cpp; path = Tag2Sub8.cpp; sourceTree = "<group>"; };
		755A92441AC0D6C000AE78D9 /* Tag2Sub9.cpp */ = {isa = PBXFileReference; fileEncoding = 4; lastKnownFileType = sourcecode.cpp.cpp; path = Tag2Sub9.cpp; sourceTree = "<group>"; };
		755A92451AC0D6C000AE78D9 /* Tag0.cpp */ = {isa = PBXFileReference; fileEncoding = 4; lastKnownFileType = sourcecode.cpp.cpp; path = Tag0.cpp; sourceTree = "<group>"; };
		755A92461AC0D6C000AE78D9 /* Tag1.cpp */ = {isa = PBXFileReference; fileEncoding = 4; lastKnownFileType = sourcecode.cpp.cpp; path = Tag1.cpp; sourceTree = "<group>"; };
		755A92471AC0D6C000AE78D9 /* Tag10.cpp */ = {isa = PBXFileReference; fileEncoding = 4; lastKnownFileType = sourcecode.cpp.cpp; path = Tag10.cpp; sourceTree = "<group>"; };
		755A92481AC0D6C000AE78D9 /* Tag11.cpp */ = {isa = PBXFileReference; fileEncoding = 4; lastKnownFileType = sourcecode.cpp.cpp; path = Tag11.cpp; sourceTree = "<group>"; };
		755A92491AC0D6C000AE78D9 /* Tag12.cpp */ = {isa = PBXFileReference; fileEncoding = 4; lastKnownFileType = sourcecode.cpp.cpp; path = Tag12.cpp; sourceTree = "<group>"; };
		755A924A1AC0D6C000AE78D9 /* Tag13.cpp */ = {isa = PBXFileReference; fileEncoding = 4; lastKnownFileType = sourcecode.cpp.cpp; path = Tag13.cpp; sourceTree = "<group>"; };
		755A924B1AC0D6C000AE78D9 /* Tag14.cpp */ = {isa = PBXFileReference; fileEncoding = 4; lastKnownFileType = sourcecode.cpp.cpp; path = Tag14.cpp; sourceTree = "<group>"; };
		755A924C1AC0D6C000AE78D9 /* Tag17.cpp */ = {isa = PBXFileReference; fileEncoding = 4; lastKnownFileType = sourcecode.cpp.cpp; path = Tag17.cpp; sourceTree = "<group>"; };
		755A924D1AC0D6C000AE78D9 /* Tag18.cpp */ = {isa = PBXFileReference; fileEncoding = 4; lastKnownFileType = sourcecode.cpp.cpp; path = Tag18.cpp; sourceTree = "<group>"; };
		755A924E1AC0D6C000AE78D9 /* Tag19.cpp */ = {isa = PBXFileReference; fileEncoding = 4; lastKnownFileType = sourcecode.cpp.cpp; path = Tag19.cpp; sourceTree = "<group>"; };
		755A924F1AC0D6C000AE78D9 /* Tag2.cpp */ = {isa = PBXFileReference; fileEncoding = 4; lastKnownFileType = sourcecode.cpp.cpp; path = Tag2.cpp; sourceTree = "<group>"; };
		755A92501AC0D6C000AE78D9 /* Tag3.cpp */ = {isa = PBXFileReference; fileEncoding = 4; lastKnownFileType = sourcecode.cpp.cpp; path = Tag3.cpp; sourceTree = "<group>"; };
		755A92511AC0D6C000AE78D9 /* Tag4.cpp */ = {isa = PBXFileReference; fileEncoding = 4; lastKnownFileType = sourcecode.cpp.cpp; path = Tag4.cpp; sourceTree = "<group>"; };
		755A92521AC0D6C000AE78D9 /* Tag5.cpp */ = {isa = PBXFileReference; fileEncoding = 4; lastKnownFileType = sourcecode.cpp.cpp; path = Tag5.cpp; sourceTree = "<group>"; };
		755A92531AC0D6C000AE78D9 /* Tag6.cpp */ = {isa = PBXFileReference; fileEncoding = 4; lastKnownFileType = sourcecode.cpp.cpp; path = Tag6.cpp; sourceTree = "<group>"; };
		755A92541AC0D6C000AE78D9 /* Tag60.cpp */ = {isa = PBXFileReference; fileEncoding = 4; lastKnownFileType = sourcecode.cpp.cpp; path = Tag60.cpp; sourceTree = "<group>"; };
		755A92551AC0D6C000AE78D9 /* Tag61.cpp */ = {isa = PBXFileReference; fileEncoding = 4; lastKnownFileType = sourcecode.cpp.cpp; path = Tag61.cpp; sourceTree = "<group>"; };
		755A92561AC0D6C000AE78D9 /* Tag62.cpp */ = {isa = PBXFileReference; fileEncoding = 4; lastKnownFileType = sourcecode.cpp.cpp; path = Tag62.cpp; sourceTree = "<group>"; };
		755A92571AC0D6C000AE78D9 /* Tag63.cpp */ = {isa = PBXFileReference; fileEncoding = 4; lastKnownFileType = sourcecode.cpp.cpp; path = Tag63.cpp; sourceTree = "<group>"; };
		755A92581AC0D6C000AE78D9 /* Tag7.cpp */ = {isa = PBXFileReference; fileEncoding = 4; lastKnownFileType = sourcecode.cpp.cpp; path = Tag7.cpp; sourceTree = "<group>"; };
		755A92591AC0D6C000AE78D9 /* Tag8.cpp */ = {isa = PBXFileReference; fileEncoding = 4; lastKnownFileType = sourcecode.cpp.cpp; path = Tag8.cpp; sourceTree = "<group>"; };
		755A925A1AC0D6C000AE78D9 /* Tag9.cpp */ = {isa = PBXFileReference; fileEncoding = 4; lastKnownFileType = sourcecode.cpp.cpp; path = Tag9.cpp; sourceTree = "<group>"; };
		755A925C1AC0D6C000AE78D9 /* base64.cpp */ = {isa = PBXFileReference; fileEncoding = 4; lastKnownFileType = sourcecode.cpp.cpp; path = base64.cpp; sourceTree = "<group>"; };
		755A925D1AC0D6C000AE78D9 /* BBS.cpp */ = {isa = PBXFileReference; fileEncoding = 4; lastKnownFileType = sourcecode.cpp.cpp; path = BBS.cpp; sourceTree = "<group>"; };
		755A925E1AC0D6C000AE78D9 /* includes.cpp */ = {isa = PBXFileReference; fileEncoding = 4; lastKnownFileType = sourcecode.cpp.cpp; path = includes.cpp; sourceTree = "<group>"; };
		755A925F1AC0D6C000AE78D9 /* integer.cpp */ = {isa = PBXFileReference; fileEncoding = 4; lastKnownFileType = sourcecode.cpp.cpp; path = integer.cpp; sourceTree = "<group>"; };
		755A92601AC0D6C000AE78D9 /* mpi.cpp */ = {isa = PBXFileReference; fileEncoding = 4; lastKnownFileType = sourcecode.cpp.cpp; path = mpi.cpp; sourceTree = "<group>"; };
		755A92611AC0D6C000AE78D9 /* pgptime.cpp */ = {isa = PBXFileReference; fileEncoding = 4; lastKnownFileType = sourcecode.cpp.cpp; path = pgptime.cpp; sourceTree = "<group>"; };
		755A92621AC0D6C000AE78D9 /* PKCS1.cpp */ = {isa = PBXFileReference; fileEncoding = 4; lastKnownFileType = sourcecode.cpp.cpp; path = PKCS1.cpp; sourceTree = "<group>"; };
		755A92631AC0D6C000AE78D9 /* radix64.cpp */ = {isa = PBXFileReference; fileEncoding = 4; lastKnownFileType = sourcecode.cpp.cpp; path = radix64.cpp; sourceTree = "<group>"; };
		755A92641AC0D6C000AE78D9 /* UTF8.cpp */ = {isa = PBXFileReference; fileEncoding = 4; lastKnownFileType = sourcecode.cpp.cpp; path = UTF8.cpp; sourceTree = "<group>"; };
		755A92651AC0D6C000AE78D9 /* utilities.cpp */ = {isa = PBXFileReference; fileEncoding = 4; lastKnownFileType = sourcecode.cpp.cpp; path = utilities.cpp; sourceTree = "<group>"; };
		755A92661AC0D6C000AE78D9 /* utility.cpp */ = {isa = PBXFileReference; fileEncoding = 4; lastKnownFileType = sourcecode.cpp.cpp; path = utility.cpp; sourceTree = "<group>"; };
		755EF6521AD4FEC1008F238E /* FindKey.cpp */ = {isa = PBXFileReference; fileEncoding = 4; lastKnownFileType = sourcecode.cpp.cpp; path = FindKey.cpp; sourceTree = "<group>"; };
		756C9BBB1A8D8A47007B2B9B /* OpenPGP.h */ = {isa = PBXFileReference; fileEncoding = 4; lastKnownFileType = sourcecode.c.h; path = OpenPGP.h; sourceTree = "<group>"; };
		756C9BBC1A8D8A47007B2B9B /* OpenPGP.mm */ = {isa = PBXFileReference; fileEncoding = 4; lastKnownFileType = sourcecode.cpp.objcpp; path = OpenPGP.mm; sourceTree = "<group>"; };
/* End PBXFileReference section */

/* Begin PBXFrameworksBuildPhase section */
		7519BBD41A8D868000E0E570 /* Frameworks */ = {
			isa = PBXFrameworksBuildPhase;
			buildActionMask = 2147483647;
			files = (
			);
			runOnlyForDeploymentPostprocessing = 0;
		};
		7519BBDF1A8D868000E0E570 /* Frameworks */ = {
			isa = PBXFrameworksBuildPhase;
			buildActionMask = 2147483647;
			files = (
				7519BBE31A8D868000E0E570 /* libOpenPGP.a in Frameworks */,
			);
			runOnlyForDeploymentPostprocessing = 0;
		};
		7519BBF41A8D869000E0E570 /* Frameworks */ = {
			isa = PBXFrameworksBuildPhase;
			buildActionMask = 2147483647;
			files = (
			);
			runOnlyForDeploymentPostprocessing = 0;
		};
		75419F411A97E1A8002A1F25 /* Frameworks */ = {
			isa = PBXFrameworksBuildPhase;
			buildActionMask = 2147483647;
			files = (
				750BA3D11AAA8E38003FEA16 /* libOpenPGP.a in Frameworks */,
			);
			runOnlyForDeploymentPostprocessing = 0;
		};
/* End PBXFrameworksBuildPhase section */

/* Begin PBXGroup section */
		750BA3D61AAA9583003FEA16 /* Source */ = {
			isa = PBXGroup;
			children = (
				755A91DC1AC0D6BF00AE78D9 /* src */,
				750BA3DF1AAA9583003FEA16 /* samples */,
				750BA4E91AAA9584003FEA16 /* tests */,
			);
			name = Source;
			path = ../Source;
			sourceTree = "<group>";
		};
		750BA3DF1AAA9583003FEA16 /* samples */ = {
			isa = PBXGroup;
			children = (
			);
			path = samples;
			sourceTree = "<group>";
		};
		750BA4E91AAA9584003FEA16 /* tests */ = {
			isa = PBXGroup;
			children = (
			);
			path = tests;
			sourceTree = "<group>";
		};
		7519BBCE1A8D868000E0E570 = {
			isa = PBXGroup;
			children = (
				750BA3D61AAA9583003FEA16 /* Source */,
				7519BBD91A8D868000E0E570 /* OpenPGP_OSX_Lib */,
				7519BBE61A8D868000E0E570 /* OpenPGP_OSX_LibTests */,
				7519BBD81A8D868000E0E570 /* Products */,
			);
			sourceTree = "<group>";
		};
		7519BBD81A8D868000E0E570 /* Products */ = {
			isa = PBXGroup;
			children = (
				7519BBD71A8D868000E0E570 /* libOpenPGP.a */,
				7519BBE21A8D868000E0E570 /* OpenPGP_OSX_LibTests.xctest */,
				7519BBFA1A8D869000E0E570 /* libOpenPGP_x86_64.a */,
				75419F471A97E1A8002A1F25 /* libOpenPGP_i386.a */,
			);
			name = Products;
			sourceTree = "<group>";
		};
		7519BBD91A8D868000E0E570 /* OpenPGP_OSX_Lib */ = {
			isa = PBXGroup;
			children = (
				756C9BBB1A8D8A47007B2B9B /* OpenPGP.h */,
				756C9BBC1A8D8A47007B2B9B /* OpenPGP.mm */,
			);
			path = OpenPGP_OSX_Lib;
			sourceTree = "<group>";
		};
		7519BBE61A8D868000E0E570 /* OpenPGP_OSX_LibTests */ = {
			isa = PBXGroup;
			children = (
				7519BBE71A8D868000E0E570 /* Supporting Files */,
			);
			path = OpenPGP_OSX_LibTests;
			sourceTree = "<group>";
		};
		7519BBE71A8D868000E0E570 /* Supporting Files */ = {
			isa = PBXGroup;
			children = (
				7519BBE81A8D868000E0E570 /* Info.plist */,
			);
			name = "Supporting Files";
			sourceTree = "<group>";
		};
		755A91DC1AC0D6BF00AE78D9 /* src */ = {
			isa = PBXGroup;
			children = (
				755A91DD1AC0D6BF00AE78D9 /* base */,
				755A91E01AC0D6BF00AE78D9 /* compress */,
				755A91E41AC0D6BF00AE78D9 /* encryption */,
				755A91F21AC0D6BF00AE78D9 /* exception */,
				755A91F51AC0D6BF00AE78D9 /* hash */,
				755A920C1AC0D6C000AE78D9 /* openpgp */,
				755A921C1AC0D6C000AE78D9 /* package */,
				755A925B1AC0D6C000AE78D9 /* utilities */,
			);
			path = src;
			sourceTree = "<group>";
		};
		755A91DD1AC0D6BF00AE78D9 /* base */ = {
			isa = PBXGroup;
			children = (
				755A91DE1AC0D6BF00AE78D9 /* rsa_key.cpp */,
			);
			path = base;
			sourceTree = "<group>";
		};
		755A91E01AC0D6BF00AE78D9 /* compress */ = {
			isa = PBXGroup;
			children = (
				755A91E11AC0D6BF00AE78D9 /* compress.cpp */,
				755A91E21AC0D6BF00AE78D9 /* pgpbzip2.cpp */,
				755A91E31AC0D6BF00AE78D9 /* pgpzlib.cpp */,
			);
			path = compress;
			sourceTree = "<group>";
		};
		755A91E41AC0D6BF00AE78D9 /* encryption */ = {
			isa = PBXGroup;
			children = (
				755A91E51AC0D6BF00AE78D9 /* AES.cpp */,
				755A91E61AC0D6BF00AE78D9 /* Blowfish.cpp */,
				755A91E71AC0D6BF00AE78D9 /* Camellia.cpp */,
				755A91E81AC0D6BF00AE78D9 /* CAST128.cpp */,
				755A91E91AC0D6BF00AE78D9 /* DES.cpp */,
				755A91EA1AC0D6BF00AE78D9 /* DSA.cpp */,
				755A91EB1AC0D6BF00AE78D9 /* ElGamal.cpp */,
				755A91EC1AC0D6BF00AE78D9 /* IDEA.cpp */,
				755A91ED1AC0D6BF00AE78D9 /* PKA.cpp */,
				755A91EE1AC0D6BF00AE78D9 /* RSA.cpp */,
				755A91EF1AC0D6BF00AE78D9 /* SymAlg.cpp */,
				755A91F01AC0D6BF00AE78D9 /* TDES.cpp */,
				755A91F11AC0D6BF00AE78D9 /* Twofish.cpp */,
			);
			path = encryption;
			sourceTree = "<group>";
		};
		755A91F21AC0D6BF00AE78D9 /* exception */ = {
			isa = PBXGroup;
			children = (
				755A91F31AC0D6BF00AE78D9 /* pgp_exception.cpp */,
				755A91F41AC0D6BF00AE78D9 /* pgp_exception_define.cpp */,
			);
			path = exception;
			sourceTree = "<group>";
		};
		755A91F51AC0D6BF00AE78D9 /* hash */ = {
			isa = PBXGroup;
			children = (
				755A91F61AC0D6BF00AE78D9 /* Hash.cpp */,
				755A91F71AC0D6BF00AE78D9 /* Hashes.cpp */,
				755A91F81AC0D6BF00AE78D9 /* MD5.cpp */,
				755A91FB1AC0D6BF00AE78D9 /* RIPEMD160.cpp */,
				755A91FC1AC0D6BF00AE78D9 /* SHA1.cpp */,
				755A91FE1AC0D6C000AE78D9 /* SHA224.cpp */,
				755A92001AC0D6C000AE78D9 /* SHA256.cpp */,
				755A92031AC0D6C000AE78D9 /* SHA2_Functions.cpp */,
				755A92051AC0D6C000AE78D9 /* SHA384.cpp */,
				755A92071AC0D6C000AE78D9 /* SHA512.cpp */,
				755A920A1AC0D6C000AE78D9 /* sigcalc.cpp */,
				755A920B1AC0D6C000AE78D9 /* sign.cpp */,
			);
			path = hash;
			sourceTree = "<group>";
		};
		755A920C1AC0D6C000AE78D9 /* openpgp */ = {
			isa = PBXGroup;
			children = (
				755A920D1AC0D6C000AE78D9 /* BaseObject.cpp */,
				755A920E1AC0D6C000AE78D9 /* cfb.cpp */,
				755A920F1AC0D6C000AE78D9 /* decrypt.cpp */,
				755A92101AC0D6C000AE78D9 /* encrypt.cpp */,
				755A92111AC0D6C000AE78D9 /* openpgp.cpp */,
				755A92121AC0D6C000AE78D9 /* pgp.cpp */,
				755A92131AC0D6C000AE78D9 /* PGPCleartextSignature.cpp */,
				755A92141AC0D6C000AE78D9 /* PGPDetachedSignature.cpp */,
				755A92151AC0D6C000AE78D9 /* PGPKey.cpp */,
				755A92161AC0D6C000AE78D9 /* PGPMessage.cpp */,
				755A92171AC0D6C000AE78D9 /* PMPGPMessage.cpp */,
				755A92181AC0D6C000AE78D9 /* private_key.cpp */,
				755A92191AC0D6C000AE78D9 /* public_key.cpp */,
				755A921A1AC0D6C000AE78D9 /* revoke.cpp */,
				755A921B1AC0D6C000AE78D9 /* verify.cpp */,
				755EF6521AD4FEC1008F238E /* FindKey.cpp */,
			);
			path = openpgp;
			sourceTree = "<group>";
		};
		755A921C1AC0D6C000AE78D9 /* package */ = {
			isa = PBXGroup;
			children = (
				755A921D1AC0D6C000AE78D9 /* packet.cpp */,
				755A921E1AC0D6C000AE78D9 /* packets.cpp */,
				755A921F1AC0D6C000AE78D9 /* Partial.cpp */,
				755A92201AC0D6C000AE78D9 /* s2k.cpp */,
				755A92211AC0D6C000AE78D9 /* subpackage */,
				755A92451AC0D6C000AE78D9 /* Tag0.cpp */,
				755A92461AC0D6C000AE78D9 /* Tag1.cpp */,
				755A92471AC0D6C000AE78D9 /* Tag10.cpp */,
				755A92481AC0D6C000AE78D9 /* Tag11.cpp */,
				755A92491AC0D6C000AE78D9 /* Tag12.cpp */,
				755A924A1AC0D6C000AE78D9 /* Tag13.cpp */,
				755A924B1AC0D6C000AE78D9 /* Tag14.cpp */,
				755A924C1AC0D6C000AE78D9 /* Tag17.cpp */,
				755A924D1AC0D6C000AE78D9 /* Tag18.cpp */,
				755A924E1AC0D6C000AE78D9 /* Tag19.cpp */,
				755A924F1AC0D6C000AE78D9 /* Tag2.cpp */,
				755A92501AC0D6C000AE78D9 /* Tag3.cpp */,
				755A92511AC0D6C000AE78D9 /* Tag4.cpp */,
				755A92521AC0D6C000AE78D9 /* Tag5.cpp */,
				755A92531AC0D6C000AE78D9 /* Tag6.cpp */,
				755A92541AC0D6C000AE78D9 /* Tag60.cpp */,
				755A92551AC0D6C000AE78D9 /* Tag61.cpp */,
				755A92561AC0D6C000AE78D9 /* Tag62.cpp */,
				755A92571AC0D6C000AE78D9 /* Tag63.cpp */,
				755A92581AC0D6C000AE78D9 /* Tag7.cpp */,
				755A92591AC0D6C000AE78D9 /* Tag8.cpp */,
				755A925A1AC0D6C000AE78D9 /* Tag9.cpp */,
			);
			path = package;
			sourceTree = "<group>";
		};
		755A92211AC0D6C000AE78D9 /* subpackage */ = {
			isa = PBXGroup;
			children = (
				755A92221AC0D6C000AE78D9 /* subpacket.cpp */,
				755A92231AC0D6C000AE78D9 /* Tag17Sub1.cpp */,
				755A92241AC0D6C000AE78D9 /* Tag2Sub0.cpp */,
				755A92251AC0D6C000AE78D9 /* Tag2Sub1.cpp */,
				755A92261AC0D6C000AE78D9 /* Tag2Sub10.cpp */,
				755A92271AC0D6C000AE78D9 /* Tag2Sub11.cpp */,
				755A92281AC0D6C000AE78D9 /* Tag2Sub12.cpp */,
				755A92291AC0D6C000AE78D9 /* Tag2Sub13.cpp */,
				755A922A1AC0D6C000AE78D9 /* Tag2Sub14.cpp */,
				755A922B1AC0D6C000AE78D9 /* Tag2Sub15.cpp */,
				755A922C1AC0D6C000AE78D9 /* Tag2Sub16.cpp */,
				755A922D1AC0D6C000AE78D9 /* Tag2Sub17.cpp */,
				755A922E1AC0D6C000AE78D9 /* Tag2Sub18.cpp */,
				755A922F1AC0D6C000AE78D9 /* Tag2Sub19.cpp */,
				755A92301AC0D6C000AE78D9 /* Tag2Sub2.cpp */,
				755A92311AC0D6C000AE78D9 /* Tag2Sub20.cpp */,
				755A92321AC0D6C000AE78D9 /* Tag2Sub21.cpp */,
				755A92331AC0D6C000AE78D9 /* Tag2Sub22.cpp */,
				755A92341AC0D6C000AE78D9 /* Tag2Sub23.cpp */,
				755A92351AC0D6C000AE78D9 /* Tag2Sub24.cpp */,
				755A92361AC0D6C000AE78D9 /* Tag2Sub25.cpp */,
				755A92371AC0D6C000AE78D9 /* Tag2Sub26.cpp */,
				755A92381AC0D6C000AE78D9 /* Tag2Sub27.cpp */,
				755A92391AC0D6C000AE78D9 /* Tag2Sub28.cpp */,
				755A923A1AC0D6C000AE78D9 /* Tag2Sub29.cpp */,
				755A923B1AC0D6C000AE78D9 /* Tag2Sub3.cpp */,
				755A923C1AC0D6C000AE78D9 /* Tag2Sub30.cpp */,
				755A923D1AC0D6C000AE78D9 /* Tag2Sub31.cpp */,
				755A923E1AC0D6C000AE78D9 /* Tag2Sub32.cpp */,
				755A923F1AC0D6C000AE78D9 /* Tag2Sub4.cpp */,
				755A92401AC0D6C000AE78D9 /* Tag2Sub5.cpp */,
				755A92411AC0D6C000AE78D9 /* Tag2Sub6.cpp */,
				755A92421AC0D6C000AE78D9 /* Tag2Sub7.cpp */,
				755A92431AC0D6C000AE78D9 /* Tag2Sub8.cpp */,
				755A92441AC0D6C000AE78D9 /* Tag2Sub9.cpp */,
			);
			path = subpackage;
			sourceTree = "<group>";
		};
		755A925B1AC0D6C000AE78D9 /* utilities */ = {
			isa = PBXGroup;
			children = (
				755A925C1AC0D6C000AE78D9 /* base64.cpp */,
				755A925D1AC0D6C000AE78D9 /* BBS.cpp */,
				755A925E1AC0D6C000AE78D9 /* includes.cpp */,
				755A925F1AC0D6C000AE78D9 /* integer.cpp */,
				755A92601AC0D6C000AE78D9 /* mpi.cpp */,
				755A92611AC0D6C000AE78D9 /* pgptime.cpp */,
				755A92621AC0D6C000AE78D9 /* PKCS1.cpp */,
				755A92631AC0D6C000AE78D9 /* radix64.cpp */,
				755A92641AC0D6C000AE78D9 /* UTF8.cpp */,
				755A92651AC0D6C000AE78D9 /* utilities.cpp */,
				755A92661AC0D6C000AE78D9 /* utility.cpp */,
			);
			path = utilities;
			sourceTree = "<group>";
		};
/* End PBXGroup section */

/* Begin PBXNativeTarget section */
		7519BBD61A8D868000E0E570 /* OpenPGP_IOS */ = {
			isa = PBXNativeTarget;
			buildConfigurationList = 7519BBEB1A8D868000E0E570 /* Build configuration list for PBXNativeTarget "OpenPGP_IOS" */;
			buildPhases = (
				7519BBD31A8D868000E0E570 /* Sources */,
				7519BBD41A8D868000E0E570 /* Frameworks */,
				7519BBD51A8D868000E0E570 /* CopyFiles */,
			);
			buildRules = (
			);
			dependencies = (
			);
			name = OpenPGP_IOS;
			productName = OpenPGP_OSX_Lib;
			productReference = 7519BBD71A8D868000E0E570 /* libOpenPGP.a */;
			productType = "com.apple.product-type.library.static";
		};
		7519BBE11A8D868000E0E570 /* OpenPGP_OSX_LibTests */ = {
			isa = PBXNativeTarget;
			buildConfigurationList = 7519BBEE1A8D868000E0E570 /* Build configuration list for PBXNativeTarget "OpenPGP_OSX_LibTests" */;
			buildPhases = (
				7519BBDE1A8D868000E0E570 /* Sources */,
				7519BBDF1A8D868000E0E570 /* Frameworks */,
				7519BBE01A8D868000E0E570 /* Resources */,
			);
			buildRules = (
			);
			dependencies = (
				7519BBE51A8D868000E0E570 /* PBXTargetDependency */,
			);
			name = OpenPGP_OSX_LibTests;
			productName = OpenPGP_OSX_LibTests;
			productReference = 7519BBE21A8D868000E0E570 /* OpenPGP_OSX_LibTests.xctest */;
			productType = "com.apple.product-type.bundle.unit-test";
		};
		7519BBF11A8D869000E0E570 /* OpenPGP_x86_64 */ = {
			isa = PBXNativeTarget;
			buildConfigurationList = 7519BBF71A8D869000E0E570 /* Build configuration list for PBXNativeTarget "OpenPGP_x86_64" */;
			buildPhases = (
				7519BBF21A8D869000E0E570 /* Sources */,
				7519BBF41A8D869000E0E570 /* Frameworks */,
				7519BBF51A8D869000E0E570 /* CopyFiles */,
			);
			buildRules = (
			);
			dependencies = (
			);
			name = OpenPGP_x86_64;
			productName = OpenPGP_OSX_Lib;
			productReference = 7519BBFA1A8D869000E0E570 /* libOpenPGP_x86_64.a */;
			productType = "com.apple.product-type.library.static";
		};
		75419EC81A97E1A8002A1F25 /* OpenPGP_i386 */ = {
			isa = PBXNativeTarget;
			buildConfigurationList = 75419F441A97E1A8002A1F25 /* Build configuration list for PBXNativeTarget "OpenPGP_i386" */;
			buildPhases = (
				75419EC91A97E1A8002A1F25 /* Sources */,
				75419F411A97E1A8002A1F25 /* Frameworks */,
				75419F421A97E1A8002A1F25 /* CopyFiles */,
			);
			buildRules = (
			);
			dependencies = (
			);
			name = OpenPGP_i386;
			productName = OpenPGP_OSX_Lib;
			productReference = 75419F471A97E1A8002A1F25 /* libOpenPGP_i386.a */;
			productType = "com.apple.product-type.library.static";
		};
/* End PBXNativeTarget section */

/* Begin PBXProject section */
		7519BBCF1A8D868000E0E570 /* Project object */ = {
			isa = PBXProject;
			attributes = {
				LastUpgradeCheck = 0620;
				ORGANIZATIONNAME = "Yanfeng Zhang";
				TargetAttributes = {
					7519BBD61A8D868000E0E570 = {
						CreatedOnToolsVersion = 6.1.1;
					};
					7519BBE11A8D868000E0E570 = {
						CreatedOnToolsVersion = 6.1.1;
					};
				};
			};
			buildConfigurationList = 7519BBD21A8D868000E0E570 /* Build configuration list for PBXProject "OpenPGP_OSX_Lib" */;
			compatibilityVersion = "Xcode 3.2";
			developmentRegion = English;
			hasScannedForEncodings = 0;
			knownRegions = (
				en,
			);
			mainGroup = 7519BBCE1A8D868000E0E570;
			productRefGroup = 7519BBD81A8D868000E0E570 /* Products */;
			projectDirPath = "";
			projectRoot = "";
			targets = (
				7519BBD61A8D868000E0E570 /* OpenPGP_IOS */,
				7519BBF11A8D869000E0E570 /* OpenPGP_x86_64 */,
				75419EC81A97E1A8002A1F25 /* OpenPGP_i386 */,
				7519BBE11A8D868000E0E570 /* OpenPGP_OSX_LibTests */,
			);
		};
/* End PBXProject section */

/* Begin PBXResourcesBuildPhase section */
		7519BBE01A8D868000E0E570 /* Resources */ = {
			isa = PBXResourcesBuildPhase;
			buildActionMask = 2147483647;
			files = (
			);
			runOnlyForDeploymentPostprocessing = 0;
		};
/* End PBXResourcesBuildPhase section */

/* Begin PBXSourcesBuildPhase section */
		7519BBD31A8D868000E0E570 /* Sources */ = {
			isa = PBXSourcesBuildPhase;
			buildActionMask = 2147483647;
			files = (
				755A92CF1AC0D6C000AE78D9 /* Tag7.cpp in Sources */,
				755A92C51AC0D6C000AE78D9 /* Tag19.cpp in Sources */,
				755A92D61AC0D6C000AE78D9 /* mpi.cpp in Sources */,
				755A927C1AC0D6C000AE78D9 /* MD5.cpp in Sources */,
				755A92B01AC0D6C000AE78D9 /* Tag2Sub28.cpp in Sources */,
				755A92891AC0D6C000AE78D9 /* encrypt.cpp in Sources */,
				755A929A1AC0D6C000AE78D9 /* Tag17Sub1.cpp in Sources */,
				755A92AF1AC0D6C000AE78D9 /* Tag2Sub27.cpp in Sources */,
				755A92CD1AC0D6C000AE78D9 /* Tag62.cpp in Sources */,
				755A92B11AC0D6C000AE78D9 /* Tag2Sub29.cpp in Sources */,
				755A92D91AC0D6C000AE78D9 /* radix64.cpp in Sources */,
				755A92CC1AC0D6C000AE78D9 /* Tag61.cpp in Sources */,
				755A92761AC0D6C000AE78D9 /* TDES.cpp in Sources */,
				755A92951AC0D6C000AE78D9 /* packet.cpp in Sources */,
				755A926A1AC0D6C000AE78D9 /* pgpzlib.cpp in Sources */,
				755A92671AC0D6C000AE78D9 /* rsa_key.cpp in Sources */,
				755A92B81AC0D6C000AE78D9 /* Tag2Sub6.cpp in Sources */,
				755A92CB1AC0D6C000AE78D9 /* Tag60.cpp in Sources */,
				755A92AA1AC0D6C000AE78D9 /* Tag2Sub22.cpp in Sources */,
				755A92B41AC0D6C000AE78D9 /* Tag2Sub31.cpp in Sources */,
				755A92A31AC0D6C000AE78D9 /* Tag2Sub16.cpp in Sources */,
				755A929B1AC0D6C000AE78D9 /* Tag2Sub0.cpp in Sources */,
				755A92931AC0D6C000AE78D9 /* revoke.cpp in Sources */,
				755A92D81AC0D6C000AE78D9 /* PKCS1.cpp in Sources */,
				755A92DC1AC0D6C000AE78D9 /* utility.cpp in Sources */,
				755A92AB1AC0D6C000AE78D9 /* Tag2Sub23.cpp in Sources */,
				755A92D21AC0D6C000AE78D9 /* base64.cpp in Sources */,
				755A92C81AC0D6C000AE78D9 /* Tag4.cpp in Sources */,
				755A926F1AC0D6C000AE78D9 /* DES.cpp in Sources */,
				755A92AD1AC0D6C000AE78D9 /* Tag2Sub25.cpp in Sources */,
				755A92831AC0D6C000AE78D9 /* SHA512.cpp in Sources */,
				755A92BB1AC0D6C000AE78D9 /* Tag2Sub9.cpp in Sources */,
				755A92C61AC0D6C000AE78D9 /* Tag2.cpp in Sources */,
				755A92BC1AC0D6C000AE78D9 /* Tag0.cpp in Sources */,
				755A92C31AC0D6C000AE78D9 /* Tag17.cpp in Sources */,
				755A92801AC0D6C000AE78D9 /* SHA256.cpp in Sources */,
				755A92A91AC0D6C000AE78D9 /* Tag2Sub21.cpp in Sources */,
				755A92AC1AC0D6C000AE78D9 /* Tag2Sub24.cpp in Sources */,
				756C9BBD1A8D8A47007B2B9B /* OpenPGP.mm in Sources */,
				755A92C11AC0D6C000AE78D9 /* Tag13.cpp in Sources */,
				755A926C1AC0D6C000AE78D9 /* Blowfish.cpp in Sources */,
				755A929C1AC0D6C000AE78D9 /* Tag2Sub1.cpp in Sources */,
				755A92991AC0D6C000AE78D9 /* subpacket.cpp in Sources */,
				755A92771AC0D6C000AE78D9 /* Twofish.cpp in Sources */,
				755A92BD1AC0D6C000AE78D9 /* Tag1.cpp in Sources */,
				755A929F1AC0D6C000AE78D9 /* Tag2Sub12.cpp in Sources */,
				755A92851AC0D6C000AE78D9 /* sign.cpp in Sources */,
				755A92A11AC0D6C000AE78D9 /* Tag2Sub14.cpp in Sources */,
				755A927B1AC0D6C000AE78D9 /* Hashes.cpp in Sources */,
				755A928F1AC0D6C000AE78D9 /* PGPMessage.cpp in Sources */,
				755A92781AC0D6C000AE78D9 /* pgp_exception.cpp in Sources */,
				755A92791AC0D6C000AE78D9 /* pgp_exception_define.cpp in Sources */,
				755A92B71AC0D6C000AE78D9 /* Tag2Sub5.cpp in Sources */,
				755A929E1AC0D6C000AE78D9 /* Tag2Sub11.cpp in Sources */,
				755A928A1AC0D6C000AE78D9 /* openpgp.cpp in Sources */,
				755A92D31AC0D6C000AE78D9 /* BBS.cpp in Sources */,
				755A929D1AC0D6C000AE78D9 /* Tag2Sub10.cpp in Sources */,
				755A926B1AC0D6C000AE78D9 /* AES.cpp in Sources */,
				755A92B31AC0D6C000AE78D9 /* Tag2Sub30.cpp in Sources */,
				755A92941AC0D6C000AE78D9 /* verify.cpp in Sources */,
				755A92D11AC0D6C000AE78D9 /* Tag9.cpp in Sources */,
				755A92741AC0D6C000AE78D9 /* RSA.cpp in Sources */,
				755A92A71AC0D6C000AE78D9 /* Tag2Sub2.cpp in Sources */,
				755A92C41AC0D6C000AE78D9 /* Tag18.cpp in Sources */,
				755A92DA1AC0D6C000AE78D9 /* UTF8.cpp in Sources */,
				755A92A51AC0D6C000AE78D9 /* Tag2Sub18.cpp in Sources */,
				755A92B51AC0D6C000AE78D9 /* Tag2Sub32.cpp in Sources */,
				755A92C71AC0D6C000AE78D9 /* Tag3.cpp in Sources */,
				755A92921AC0D6C000AE78D9 /* public_key.cpp in Sources */,
				755A92701AC0D6C000AE78D9 /* DSA.cpp in Sources */,
				755A928E1AC0D6C000AE78D9 /* PGPKey.cpp in Sources */,
				755A927D1AC0D6C000AE78D9 /* RIPEMD160.cpp in Sources */,
				755A92751AC0D6C000AE78D9 /* SymAlg.cpp in Sources */,
				755A92971AC0D6C000AE78D9 /* Partial.cpp in Sources */,
				755A92D71AC0D6C000AE78D9 /* pgptime.cpp in Sources */,
				755A92A41AC0D6C000AE78D9 /* Tag2Sub17.cpp in Sources */,
				755A92C21AC0D6C000AE78D9 /* Tag14.cpp in Sources */,
				755A926E1AC0D6C000AE78D9 /* CAST128.cpp in Sources */,
				755A92A21AC0D6C000AE78D9 /* Tag2Sub15.cpp in Sources */,
				755A92D41AC0D6C000AE78D9 /* includes.cpp in Sources */,
				755A92D51AC0D6C000AE78D9 /* integer.cpp in Sources */,
				755A92961AC0D6C000AE78D9 /* packets.cpp in Sources */,
				755A926D1AC0D6C000AE78D9 /* Camellia.cpp in Sources */,
				755A92821AC0D6C000AE78D9 /* SHA384.cpp in Sources */,
				755A927A1AC0D6C000AE78D9 /* Hash.cpp in Sources */,
				755A928B1AC0D6C000AE78D9 /* pgp.cpp in Sources */,
				755A928C1AC0D6C000AE78D9 /* PGPCleartextSignature.cpp in Sources */,
				755A927E1AC0D6C000AE78D9 /* SHA1.cpp in Sources */,
				755A92841AC0D6C000AE78D9 /* sigcalc.cpp in Sources */,
				755A92C91AC0D6C000AE78D9 /* Tag5.cpp in Sources */,
				755A92BE1AC0D6C000AE78D9 /* Tag10.cpp in Sources */,
				755A92B61AC0D6C000AE78D9 /* Tag2Sub4.cpp in Sources */,
				755A92B91AC0D6C000AE78D9 /* Tag2Sub7.cpp in Sources */,
				755A92A61AC0D6C000AE78D9 /* Tag2Sub19.cpp in Sources */,
				755EF6541AD4FEC1008F238E /* FindKey.cpp in Sources */,
				755A92B21AC0D6C000AE78D9 /* Tag2Sub3.cpp in Sources */,
				755A92911AC0D6C000AE78D9 /* private_key.cpp in Sources */,
				755A92811AC0D6C000AE78D9 /* SHA2_Functions.cpp in Sources */,
				755A92BA1AC0D6C000AE78D9 /* Tag2Sub8.cpp in Sources */,
				755A92A01AC0D6C000AE78D9 /* Tag2Sub13.cpp in Sources */,
				755A92721AC0D6C000AE78D9 /* IDEA.cpp in Sources */,
				755A92871AC0D6C000AE78D9 /* cfb.cpp in Sources */,
				755A92731AC0D6C000AE78D9 /* PKA.cpp in Sources */,
				755A92D01AC0D6C000AE78D9 /* Tag8.cpp in Sources */,
				755A92BF1AC0D6C000AE78D9 /* Tag11.cpp in Sources */,
				755A92881AC0D6C000AE78D9 /* decrypt.cpp in Sources */,
				755A92DB1AC0D6C000AE78D9 /* utilities.cpp in Sources */,
				755A92861AC0D6C000AE78D9 /* BaseObject.cpp in Sources */,
				755A92681AC0D6C000AE78D9 /* compress.cpp in Sources */,
				755A928D1AC0D6C000AE78D9 /* PGPDetachedSignature.cpp in Sources */,
				755A92901AC0D6C000AE78D9 /* PMPGPMessage.cpp in Sources */,
				755A92691AC0D6C000AE78D9 /* pgpbzip2.cpp in Sources */,
				755A92A81AC0D6C000AE78D9 /* Tag2Sub20.cpp in Sources */,
				755A92981AC0D6C000AE78D9 /* s2k.cpp in Sources */,
				755A92CE1AC0D6C000AE78D9 /* Tag63.cpp in Sources */,
				755A92711AC0D6C000AE78D9 /* ElGamal.cpp in Sources */,
				755A927F1AC0D6C000AE78D9 /* SHA224.cpp in Sources */,
				755A92CA1AC0D6C000AE78D9 /* Tag6.cpp in Sources */,
				755A92AE1AC0D6C000AE78D9 /* Tag2Sub26.cpp in Sources */,
				755A92C01AC0D6C000AE78D9 /* Tag12.cpp in Sources */,
			);
			runOnlyForDeploymentPostprocessing = 0;
		};
		7519BBDE1A8D868000E0E570 /* Sources */ = {
			isa = PBXSourcesBuildPhase;
			buildActionMask = 2147483647;
			files = (
			);
			runOnlyForDeploymentPostprocessing = 0;
		};
		7519BBF21A8D869000E0E570 /* Sources */ = {
			isa = PBXSourcesBuildPhase;
			buildActionMask = 2147483647;
			files = (
				755A92DD1AC0E87100AE78D9 /* rsa_key.cpp in Sources */,
				755A92DE1AC0E87100AE78D9 /* compress.cpp in Sources */,
				755A92DF1AC0E87100AE78D9 /* pgpbzip2.cpp in Sources */,
				755A92E01AC0E87100AE78D9 /* pgpzlib.cpp in Sources */,
				755A92E11AC0E87100AE78D9 /* AES.cpp in Sources */,
				755A92E21AC0E87100AE78D9 /* Blowfish.cpp in Sources */,
				755A92E31AC0E87100AE78D9 /* Camellia.cpp in Sources */,
				755A92E41AC0E87100AE78D9 /* CAST128.cpp in Sources */,
				755A92E51AC0E87100AE78D9 /* DES.cpp in Sources */,
				755A92E61AC0E87100AE78D9 /* DSA.cpp in Sources */,
				755A92E71AC0E87100AE78D9 /* ElGamal.cpp in Sources */,
				755A92E81AC0E87100AE78D9 /* IDEA.cpp in Sources */,
				755A92E91AC0E87100AE78D9 /* PKA.cpp in Sources */,
				755A92EA1AC0E87100AE78D9 /* RSA.cpp in Sources */,
				755A92EB1AC0E87100AE78D9 /* SymAlg.cpp in Sources */,
				755A92EC1AC0E87100AE78D9 /* TDES.cpp in Sources */,
				755A92ED1AC0E87100AE78D9 /* Twofish.cpp in Sources */,
				755A92EE1AC0E87100AE78D9 /* pgp_exception.cpp in Sources */,
				755A92EF1AC0E87100AE78D9 /* pgp_exception_define.cpp in Sources */,
				755A92F01AC0E87100AE78D9 /* Hash.cpp in Sources */,
				755A92F11AC0E87100AE78D9 /* Hashes.cpp in Sources */,
				755A92F21AC0E87100AE78D9 /* MD5.cpp in Sources */,
				755A92F31AC0E87100AE78D9 /* RIPEMD160.cpp in Sources */,
				755A92F41AC0E87100AE78D9 /* SHA1.cpp in Sources */,
				755A92F51AC0E87100AE78D9 /* SHA224.cpp in Sources */,
				755A92F61AC0E87100AE78D9 /* SHA256.cpp in Sources */,
				755A92F71AC0E87100AE78D9 /* SHA2_Functions.cpp in Sources */,
				755A92F81AC0E87100AE78D9 /* SHA384.cpp in Sources */,
				755A92F91AC0E87100AE78D9 /* SHA512.cpp in Sources */,
				755A92FA1AC0E87100AE78D9 /* sigcalc.cpp in Sources */,
				755A92FB1AC0E87100AE78D9 /* sign.cpp in Sources */,
				755A92FC1AC0E87100AE78D9 /* BaseObject.cpp in Sources */,
				755A92FD1AC0E87100AE78D9 /* cfb.cpp in Sources */,
				755A92FE1AC0E87100AE78D9 /* decrypt.cpp in Sources */,
				755A92FF1AC0E87100AE78D9 /* encrypt.cpp in Sources */,
				755A93001AC0E87100AE78D9 /* openpgp.cpp in Sources */,
				755A93011AC0E87100AE78D9 /* pgp.cpp in Sources */,
				755A93021AC0E87100AE78D9 /* PGPCleartextSignature.cpp in Sources */,
				755A93031AC0E87100AE78D9 /* PGPDetachedSignature.cpp in Sources */,
				755A93041AC0E87100AE78D9 /* PGPKey.cpp in Sources */,
				755A93051AC0E87100AE78D9 /* PGPMessage.cpp in Sources */,
				755A93061AC0E87100AE78D9 /* PMPGPMessage.cpp in Sources */,
				755A93071AC0E87100AE78D9 /* private_key.cpp in Sources */,
				755A93081AC0E87100AE78D9 /* public_key.cpp in Sources */,
				755A93091AC0E87100AE78D9 /* revoke.cpp in Sources */,
				755A930A1AC0E87100AE78D9 /* verify.cpp in Sources */,
				755A930B1AC0E87100AE78D9 /* packet.cpp in Sources */,
				755A930C1AC0E87100AE78D9 /* packets.cpp in Sources */,
				755A930D1AC0E87100AE78D9 /* Partial.cpp in Sources */,
				755A930E1AC0E87100AE78D9 /* s2k.cpp in Sources */,
				755A930F1AC0E87100AE78D9 /* subpacket.cpp in Sources */,
				755A93101AC0E87100AE78D9 /* Tag17Sub1.cpp in Sources */,
				755A93111AC0E87100AE78D9 /* Tag2Sub0.cpp in Sources */,
				755A93121AC0E87100AE78D9 /* Tag2Sub1.cpp in Sources */,
				755A93131AC0E87100AE78D9 /* Tag2Sub10.cpp in Sources */,
				755A93141AC0E87100AE78D9 /* Tag2Sub11.cpp in Sources */,
				755A93151AC0E87100AE78D9 /* Tag2Sub12.cpp in Sources */,
				755A93161AC0E87100AE78D9 /* Tag2Sub13.cpp in Sources */,
				755A93171AC0E87100AE78D9 /* Tag2Sub14.cpp in Sources */,
				755A93181AC0E87100AE78D9 /* Tag2Sub15.cpp in Sources */,
				755A93191AC0E87100AE78D9 /* Tag2Sub16.cpp in Sources */,
				755A931A1AC0E87100AE78D9 /* Tag2Sub17.cpp in Sources */,
				755A931B1AC0E87100AE78D9 /* Tag2Sub18.cpp in Sources */,
				755A931C1AC0E87100AE78D9 /* Tag2Sub19.cpp in Sources */,
				755A931D1AC0E87100AE78D9 /* Tag2Sub2.cpp in Sources */,
				755A931E1AC0E87100AE78D9 /* Tag2Sub20.cpp in Sources */,
				755A931F1AC0E87100AE78D9 /* Tag2Sub21.cpp in Sources */,
				755A93201AC0E87100AE78D9 /* Tag2Sub22.cpp in Sources */,
				755A93211AC0E87100AE78D9 /* Tag2Sub23.cpp in Sources */,
				755A93221AC0E87100AE78D9 /* Tag2Sub24.cpp in Sources */,
				755A93231AC0E87100AE78D9 /* Tag2Sub25.cpp in Sources */,
				755A93241AC0E87100AE78D9 /* Tag2Sub26.cpp in Sources */,
				755A93251AC0E87100AE78D9 /* Tag2Sub27.cpp in Sources */,
				755A93261AC0E87100AE78D9 /* Tag2Sub28.cpp in Sources */,
				755A93271AC0E87100AE78D9 /* Tag2Sub29.cpp in Sources */,
				755A93281AC0E87100AE78D9 /* Tag2Sub3.cpp in Sources */,
				755A93291AC0E87100AE78D9 /* Tag2Sub30.cpp in Sources */,
				755A932A1AC0E87100AE78D9 /* Tag2Sub31.cpp in Sources */,
				755A932B1AC0E87100AE78D9 /* Tag2Sub32.cpp in Sources */,
				755A932C1AC0E87100AE78D9 /* Tag2Sub4.cpp in Sources */,
				755A932D1AC0E87100AE78D9 /* Tag2Sub5.cpp in Sources */,
				755A932E1AC0E87100AE78D9 /* Tag2Sub6.cpp in Sources */,
				755A932F1AC0E87100AE78D9 /* Tag2Sub7.cpp in Sources */,
				755A93301AC0E87100AE78D9 /* Tag2Sub8.cpp in Sources */,
				755A93311AC0E87100AE78D9 /* Tag2Sub9.cpp in Sources */,
				755A93321AC0E87100AE78D9 /* Tag0.cpp in Sources */,
				755A93331AC0E87100AE78D9 /* Tag1.cpp in Sources */,
				755A93341AC0E87100AE78D9 /* Tag10.cpp in Sources */,
				755A93351AC0E87100AE78D9 /* Tag11.cpp in Sources */,
				755A93361AC0E87100AE78D9 /* Tag12.cpp in Sources */,
				755A93371AC0E87100AE78D9 /* Tag13.cpp in Sources */,
				755A93381AC0E87100AE78D9 /* Tag14.cpp in Sources */,
				755A93391AC0E87100AE78D9 /* Tag17.cpp in Sources */,
				755A933A1AC0E87100AE78D9 /* Tag18.cpp in Sources */,
				755A933B1AC0E87100AE78D9 /* Tag19.cpp in Sources */,
				755A933C1AC0E87100AE78D9 /* Tag2.cpp in Sources */,
				755A933D1AC0E87100AE78D9 /* Tag3.cpp in Sources */,
				755A933E1AC0E87100AE78D9 /* Tag4.cpp in Sources */,
				755A933F1AC0E87100AE78D9 /* Tag5.cpp in Sources */,
				755A93401AC0E87100AE78D9 /* Tag6.cpp in Sources */,
				755A93411AC0E87100AE78D9 /* Tag60.cpp in Sources */,
				755A93421AC0E87100AE78D9 /* Tag61.cpp in Sources */,
				755A93431AC0E87100AE78D9 /* Tag62.cpp in Sources */,
				755A93441AC0E87100AE78D9 /* Tag63.cpp in Sources */,
				755A93451AC0E87100AE78D9 /* Tag7.cpp in Sources */,
				755A93461AC0E87100AE78D9 /* Tag8.cpp in Sources */,
				755A93471AC0E87100AE78D9 /* Tag9.cpp in Sources */,
				755A93481AC0E87100AE78D9 /* base64.cpp in Sources */,
				755A93491AC0E87100AE78D9 /* BBS.cpp in Sources */,
				755A934A1AC0E87100AE78D9 /* includes.cpp in Sources */,
				755A934B1AC0E87100AE78D9 /* integer.cpp in Sources */,
				755A934C1AC0E87100AE78D9 /* mpi.cpp in Sources */,
				755A934D1AC0E87100AE78D9 /* pgptime.cpp in Sources */,
				755A934E1AC0E87100AE78D9 /* PKCS1.cpp in Sources */,
				755A934F1AC0E87100AE78D9 /* radix64.cpp in Sources */,
				755A93501AC0E87100AE78D9 /* UTF8.cpp in Sources */,
				755A93511AC0E87100AE78D9 /* utilities.cpp in Sources */,
				755A93521AC0E87100AE78D9 /* utility.cpp in Sources */,
				753FC8341AADB89E003EB084 /* OpenPGP.mm in Sources */,
			);
			runOnlyForDeploymentPostprocessing = 0;
		};
		75419EC91A97E1A8002A1F25 /* Sources */ = {
			isa = PBXSourcesBuildPhase;
			buildActionMask = 2147483647;
			files = (
				75419F401A97E1A8002A1F25 /* OpenPGP.mm in Sources */,
			);
			runOnlyForDeploymentPostprocessing = 0;
		};
/* End PBXSourcesBuildPhase section */

/* Begin PBXTargetDependency section */
		7519BBE51A8D868000E0E570 /* PBXTargetDependency */ = {
			isa = PBXTargetDependency;
			target = 7519BBD61A8D868000E0E570 /* OpenPGP_IOS */;
			targetProxy = 7519BBE41A8D868000E0E570 /* PBXContainerItemProxy */;
		};
/* End PBXTargetDependency section */

/* Begin XCBuildConfiguration section */
		7519BBE91A8D868000E0E570 /* Debug */ = {
			isa = XCBuildConfiguration;
			buildSettings = {
				ALWAYS_SEARCH_USER_PATHS = NO;
				CLANG_CXX_LANGUAGE_STANDARD = "gnu++0x";
				CLANG_CXX_LIBRARY = "libc++";
				CLANG_ENABLE_MODULES = YES;
				CLANG_ENABLE_OBJC_ARC = YES;
				CLANG_WARN_BOOL_CONVERSION = YES;
				CLANG_WARN_CONSTANT_CONVERSION = YES;
				CLANG_WARN_DIRECT_OBJC_ISA_USAGE = YES_ERROR;
				CLANG_WARN_EMPTY_BODY = YES;
				CLANG_WARN_ENUM_CONVERSION = YES;
				CLANG_WARN_INT_CONVERSION = YES;
				CLANG_WARN_OBJC_ROOT_CLASS = YES_ERROR;
				CLANG_WARN_UNREACHABLE_CODE = YES;
				CLANG_WARN__DUPLICATE_METHOD_MATCH = YES;
				CODE_SIGN_IDENTITY = "iPhone Developer";
				CONFIGURATION_BUILD_DIR = "$(PROJECT_DIR)/../Bin/libs/$(CONFIGURATION)$(EFFECTIVE_PLATFORM_NAME)";
				COPY_PHASE_STRIP = NO;
				ENABLE_STRICT_OBJC_MSGSEND = YES;
				GCC_C_LANGUAGE_STANDARD = gnu99;
				GCC_DYNAMIC_NO_PIC = NO;
				GCC_OPTIMIZATION_LEVEL = 0;
				GCC_PREPROCESSOR_DEFINITIONS = (
					"DEBUG=1",
					"$(inherited)",
				);
				GCC_SYMBOLS_PRIVATE_EXTERN = NO;
				GCC_WARN_64_TO_32_BIT_CONVERSION = YES;
				GCC_WARN_ABOUT_RETURN_TYPE = YES_ERROR;
				GCC_WARN_UNDECLARED_SELECTOR = YES;
				GCC_WARN_UNINITIALIZED_AUTOS = YES_AGGRESSIVE;
				GCC_WARN_UNUSED_FUNCTION = YES;
				GCC_WARN_UNUSED_VARIABLE = YES;
				HEADER_SEARCH_PATHS = (
					"$(inherited)",
					/Applications/Xcode.app/Contents/Developer/Toolchains/XcodeDefault.xctoolchain/usr/include,
					"$(PROJECT_DIR)/../Bin/include",
					"$(PROJECT_DIR)/../Source/include",
				);
				IPHONEOS_DEPLOYMENT_TARGET = 8.1;
				MTL_ENABLE_DEBUG_INFO = YES;
				ONLY_ACTIVE_ARCH = YES;
				SDKROOT = iphoneos;
				VALID_ARCHS = "arm64 armv7 armv7s x86_64 i386";
			};
			name = Debug;
		};
		7519BBEA1A8D868000E0E570 /* Release */ = {
			isa = XCBuildConfiguration;
			buildSettings = {
				ALWAYS_SEARCH_USER_PATHS = NO;
				CLANG_CXX_LANGUAGE_STANDARD = "gnu++0x";
				CLANG_CXX_LIBRARY = "libc++";
				CLANG_ENABLE_MODULES = YES;
				CLANG_ENABLE_OBJC_ARC = YES;
				CLANG_WARN_BOOL_CONVERSION = YES;
				CLANG_WARN_CONSTANT_CONVERSION = YES;
				CLANG_WARN_DIRECT_OBJC_ISA_USAGE = YES_ERROR;
				CLANG_WARN_EMPTY_BODY = YES;
				CLANG_WARN_ENUM_CONVERSION = YES;
				CLANG_WARN_INT_CONVERSION = YES;
				CLANG_WARN_OBJC_ROOT_CLASS = YES_ERROR;
				CLANG_WARN_UNREACHABLE_CODE = YES;
				CLANG_WARN__DUPLICATE_METHOD_MATCH = YES;
				CODE_SIGN_IDENTITY = "iPhone Developer";
				CONFIGURATION_BUILD_DIR = "$(PROJECT_DIR)/../Bin/libs/$(CONFIGURATION)$(EFFECTIVE_PLATFORM_NAME)";
				COPY_PHASE_STRIP = YES;
				ENABLE_NS_ASSERTIONS = NO;
				ENABLE_STRICT_OBJC_MSGSEND = YES;
				GCC_C_LANGUAGE_STANDARD = gnu99;
				GCC_WARN_64_TO_32_BIT_CONVERSION = YES;
				GCC_WARN_ABOUT_RETURN_TYPE = YES_ERROR;
				GCC_WARN_UNDECLARED_SELECTOR = YES;
				GCC_WARN_UNINITIALIZED_AUTOS = YES_AGGRESSIVE;
				GCC_WARN_UNUSED_FUNCTION = YES;
				GCC_WARN_UNUSED_VARIABLE = YES;
				HEADER_SEARCH_PATHS = (
					"$(inherited)",
					/Applications/Xcode.app/Contents/Developer/Toolchains/XcodeDefault.xctoolchain/usr/include,
					"$(PROJECT_DIR)/../Bin/include",
					"$(PROJECT_DIR)/../Source/include",
				);
				IPHONEOS_DEPLOYMENT_TARGET = 8.1;
				MTL_ENABLE_DEBUG_INFO = NO;
				SDKROOT = iphoneos;
				VALIDATE_PRODUCT = YES;
				VALID_ARCHS = "arm64 armv7 armv7s x86_64 i386";
			};
			name = Release;
		};
		7519BBEC1A8D868000E0E570 /* Debug */ = {
			isa = XCBuildConfiguration;
			buildSettings = {
				GCC_OPTIMIZATION_LEVEL = 0;
				HEADER_SEARCH_PATHS = (
					"$(inherited)",
					/Applications/Xcode.app/Contents/Developer/Toolchains/XcodeDefault.xctoolchain/usr/include,
					"$(PROJECT_DIR)/../Source/include",
					"$(PROJECT_DIR)/../Bin/include",
				);
				LIBRARY_SEARCH_PATHS = (
					"$(inherited)",
					"/Users/Yanfeng/Documents/ProtonMailGit/OpenPGP/OpenPGP/../Bin/libs/Debug-iphoneos",
				);
				OTHER_LDFLAGS = "-ObjC";
				PRODUCT_NAME = OpenPGP;
				SKIP_INSTALL = YES;
			};
			name = Debug;
		};
		7519BBED1A8D868000E0E570 /* Release */ = {
			isa = XCBuildConfiguration;
			buildSettings = {
				HEADER_SEARCH_PATHS = (
					"$(inherited)",
					/Applications/Xcode.app/Contents/Developer/Toolchains/XcodeDefault.xctoolchain/usr/include,
					"$(PROJECT_DIR)/../Source/include",
					"$(PROJECT_DIR)/../Bin/include",
				);
				LIBRARY_SEARCH_PATHS = (
					"$(inherited)",
					"/Users/Yanfeng/Documents/ProtonMailGit/OpenPGP/OpenPGP/../Bin/libs/Debug-iphoneos",
				);
				OTHER_LDFLAGS = "-ObjC";
				PRODUCT_NAME = OpenPGP;
				SKIP_INSTALL = YES;
			};
			name = Release;
		};
		7519BBEF1A8D868000E0E570 /* Debug */ = {
			isa = XCBuildConfiguration;
			buildSettings = {
				CODE_SIGN_IDENTITY = "iPhone Developer";
				FRAMEWORK_SEARCH_PATHS = (
					"$(SDKROOT)/Developer/Library/Frameworks",
					"$(inherited)",
				);
				GCC_PREPROCESSOR_DEFINITIONS = (
					"DEBUG=1",
					"$(inherited)",
				);
				INFOPLIST_FILE = OpenPGP_OSX_LibTests/Info.plist;
				LD_RUNPATH_SEARCH_PATHS = "$(inherited) @executable_path/Frameworks @loader_path/Frameworks";
				PRODUCT_NAME = "$(TARGET_NAME)";
			};
			name = Debug;
		};
		7519BBF01A8D868000E0E570 /* Release */ = {
			isa = XCBuildConfiguration;
			buildSettings = {
				CODE_SIGN_IDENTITY = "iPhone Developer";
				FRAMEWORK_SEARCH_PATHS = (
					"$(SDKROOT)/Developer/Library/Frameworks",
					"$(inherited)",
				);
				INFOPLIST_FILE = OpenPGP_OSX_LibTests/Info.plist;
				LD_RUNPATH_SEARCH_PATHS = "$(inherited) @executable_path/Frameworks @loader_path/Frameworks";
				PRODUCT_NAME = "$(TARGET_NAME)";
			};
			name = Release;
		};
		7519BBF81A8D869000E0E570 /* Debug */ = {
			isa = XCBuildConfiguration;
			buildSettings = {
				COMBINE_HIDPI_IMAGES = YES;
				OTHER_LDFLAGS = "-ObjC";
				PRODUCT_NAME = OpenPGP_x86_64;
				SDKROOT = macosx;
				SKIP_INSTALL = YES;
				VALID_ARCHS = x86_64;
			};
			name = Debug;
		};
		7519BBF91A8D869000E0E570 /* Release */ = {
			isa = XCBuildConfiguration;
			buildSettings = {
				COMBINE_HIDPI_IMAGES = YES;
				OTHER_LDFLAGS = "-ObjC";
				PRODUCT_NAME = OpenPGP_x86_64;
				SDKROOT = macosx;
				SKIP_INSTALL = YES;
				VALID_ARCHS = x86_64;
			};
			name = Release;
		};
		75419F451A97E1A8002A1F25 /* Debug */ = {
			isa = XCBuildConfiguration;
			buildSettings = {
				CLANG_ENABLE_OBJC_ARC = YES;
				COMBINE_HIDPI_IMAGES = YES;
				OTHER_LDFLAGS = "-ObjC";
				PRODUCT_NAME = OpenPGP_i386;
				SDKROOT = macosx;
				SKIP_INSTALL = YES;
			};
			name = Debug;
		};
		75419F461A97E1A8002A1F25 /* Release */ = {
			isa = XCBuildConfiguration;
			buildSettings = {
				CLANG_ENABLE_OBJC_ARC = YES;
				COMBINE_HIDPI_IMAGES = YES;
				OTHER_LDFLAGS = "-ObjC";
				PRODUCT_NAME = OpenPGP_i386;
				SDKROOT = macosx;
				SKIP_INSTALL = YES;
			};
			name = Release;
		};
/* End XCBuildConfiguration section */

/* Begin XCConfigurationList section */
		7519BBD21A8D868000E0E570 /* Build configuration list for PBXProject "OpenPGP_OSX_Lib" */ = {
			isa = XCConfigurationList;
			buildConfigurations = (
				7519BBE91A8D868000E0E570 /* Debug */,
				7519BBEA1A8D868000E0E570 /* Release */,
			);
			defaultConfigurationIsVisible = 0;
			defaultConfigurationName = Release;
		};
		7519BBEB1A8D868000E0E570 /* Build configuration list for PBXNativeTarget "OpenPGP_IOS" */ = {
			isa = XCConfigurationList;
			buildConfigurations = (
				7519BBEC1A8D868000E0E570 /* Debug */,
				7519BBED1A8D868000E0E570 /* Release */,
			);
			defaultConfigurationIsVisible = 0;
			defaultConfigurationName = Release;
		};
		7519BBEE1A8D868000E0E570 /* Build configuration list for PBXNativeTarget "OpenPGP_OSX_LibTests" */ = {
			isa = XCConfigurationList;
			buildConfigurations = (
				7519BBEF1A8D868000E0E570 /* Debug */,
				7519BBF01A8D868000E0E570 /* Release */,
			);
			defaultConfigurationIsVisible = 0;
			defaultConfigurationName = Release;
		};
		7519BBF71A8D869000E0E570 /* Build configuration list for PBXNativeTarget "OpenPGP_x86_64" */ = {
			isa = XCConfigurationList;
			buildConfigurations = (
				7519BBF81A8D869000E0E570 /* Debug */,
				7519BBF91A8D869000E0E570 /* Release */,
			);
			defaultConfigurationIsVisible = 0;
			defaultConfigurationName = Release;
		};
		75419F441A97E1A8002A1F25 /* Build configuration list for PBXNativeTarget "OpenPGP_i386" */ = {
			isa = XCConfigurationList;
			buildConfigurations = (
				75419F451A97E1A8002A1F25 /* Debug */,
				75419F461A97E1A8002A1F25 /* Release */,
			);
			defaultConfigurationIsVisible = 0;
			defaultConfigurationName = Release;
		};
/* End XCConfigurationList section */
	};
	rootObject = 7519BBCF1A8D868000E0E570 /* Project object */;
}
