// !$*UTF8*$!
{
	archiveVersion = 1;
	classes = {
	};
	objectVersion = 46;
	objects = {

/* Begin PBXBuildFile section */
		7514AEC11A8D92F7000A1FAB /* libcrypto.a in Frameworks */ = {isa = PBXBuildFile; fileRef = 7514AEBF1A8D92F7000A1FAB /* libcrypto.a */; };
		7514AEC21A8D92F7000A1FAB /* libssl.a in Frameworks */ = {isa = PBXBuildFile; fileRef = 7514AEC01A8D92F7000A1FAB /* libssl.a */; };
		7514AEC41A8D92FD000A1FAB /* libbz2.dylib in Frameworks */ = {isa = PBXBuildFile; fileRef = 7514AEC31A8D92FD000A1FAB /* libbz2.dylib */; };
		7514AEC61A8D9302000A1FAB /* libz.dylib in Frameworks */ = {isa = PBXBuildFile; fileRef = 7514AEC51A8D9302000A1FAB /* libz.dylib */; };
		7514AECA1A8D95D3000A1FAB /* LoadString.swift in Sources */ = {isa = PBXBuildFile; fileRef = 7514AEC71A8D95D3000A1FAB /* LoadString.swift */; };
		7514AECB1A8D95D3000A1FAB /* SwiftObjC-Bridging-Header.cpp in Sources */ = {isa = PBXBuildFile; fileRef = 7514AEC81A8D95D3000A1FAB /* SwiftObjC-Bridging-Header.cpp */; };
		756C9B9C1A8D886E007B2B9B /* AppDelegate.swift in Sources */ = {isa = PBXBuildFile; fileRef = 756C9B9B1A8D886E007B2B9B /* AppDelegate.swift */; };
		756C9BA11A8D886E007B2B9B /* Main.storyboard in Resources */ = {isa = PBXBuildFile; fileRef = 756C9B9F1A8D886E007B2B9B /* Main.storyboard */; };
		756C9BA31A8D886E007B2B9B /* Images.xcassets in Resources */ = {isa = PBXBuildFile; fileRef = 756C9BA21A8D886E007B2B9B /* Images.xcassets */; };
		756C9BA61A8D886E007B2B9B /* LaunchScreen.xib in Resources */ = {isa = PBXBuildFile; fileRef = 756C9BA41A8D886E007B2B9B /* LaunchScreen.xib */; };
		756C9D471A8D916E007B2B9B /* sample.strings in Resources */ = {isa = PBXBuildFile; fileRef = 756C9D431A8D916E007B2B9B /* sample.strings */; };
		756C9D491A8D916E007B2B9B /* TestView.swift in Sources */ = {isa = PBXBuildFile; fileRef = 756C9D461A8D916E007B2B9B /* TestView.swift */; };
		756C9D4C1A8D9191007B2B9B /* libOpenPGP.a in Frameworks */ = {isa = PBXBuildFile; fileRef = 756C9D4B1A8D9191007B2B9B /* libOpenPGP.a */; };
/* End PBXBuildFile section */

/* Begin PBXFileReference section */
		7514AEBF1A8D92F7000A1FAB /* libcrypto.a */ = {isa = PBXFileReference; lastKnownFileType = archive.ar; name = libcrypto.a; path = ../../Bin/libs/OpenSSL/libcrypto.a; sourceTree = "<group>"; };
		7514AEC01A8D92F7000A1FAB /* libssl.a */ = {isa = PBXFileReference; lastKnownFileType = archive.ar; name = libssl.a; path = ../../Bin/libs/OpenSSL/libssl.a; sourceTree = "<group>"; };
		7514AEC31A8D92FD000A1FAB /* libbz2.dylib */ = {isa = PBXFileReference; lastKnownFileType = "compiled.mach-o.dylib"; name = libbz2.dylib; path = usr/lib/libbz2.dylib; sourceTree = SDKROOT; };
		7514AEC51A8D9302000A1FAB /* libz.dylib */ = {isa = PBXFileReference; lastKnownFileType = "compiled.mach-o.dylib"; name = libz.dylib; path = usr/lib/libz.dylib; sourceTree = SDKROOT; };
		7514AEC71A8D95D3000A1FAB /* LoadString.swift */ = {isa = PBXFileReference; fileEncoding = 4; lastKnownFileType = sourcecode.swift; path = LoadString.swift; sourceTree = "<group>"; };
		7514AEC81A8D95D3000A1FAB /* SwiftObjC-Bridging-Header.cpp */ = {isa = PBXFileReference; fileEncoding = 4; lastKnownFileType = sourcecode.cpp.cpp; path = "SwiftObjC-Bridging-Header.cpp"; sourceTree = "<group>"; };
		7514AEC91A8D95D3000A1FAB /* SwiftObjC-Bridging-Header.h */ = {isa = PBXFileReference; fileEncoding = 4; lastKnownFileType = sourcecode.c.h; path = "SwiftObjC-Bridging-Header.h"; sourceTree = "<group>"; };
		756C9B961A8D886E007B2B9B /* Swift_Test.app */ = {isa = PBXFileReference; explicitFileType = wrapper.application; includeInIndex = 0; path = Swift_Test.app; sourceTree = BUILT_PRODUCTS_DIR; };
		756C9B9A1A8D886E007B2B9B /* Info.plist */ = {isa = PBXFileReference; lastKnownFileType = text.plist.xml; path = Info.plist; sourceTree = "<group>"; };
		756C9B9B1A8D886E007B2B9B /* AppDelegate.swift */ = {isa = PBXFileReference; lastKnownFileType = sourcecode.swift; path = AppDelegate.swift; sourceTree = "<group>"; };
		756C9BA01A8D886E007B2B9B /* Base */ = {isa = PBXFileReference; lastKnownFileType = file.storyboard; name = Base; path = Base.lproj/Main.storyboard; sourceTree = "<group>"; };
		756C9BA21A8D886E007B2B9B /* Images.xcassets */ = {isa = PBXFileReference; lastKnownFileType = folder.assetcatalog; path = Images.xcassets; sourceTree = "<group>"; };
		756C9BA51A8D886E007B2B9B /* Base */ = {isa = PBXFileReference; lastKnownFileType = file.xib; name = Base; path = Base.lproj/LaunchScreen.xib; sourceTree = "<group>"; };
		756C9D431A8D916E007B2B9B /* sample.strings */ = {isa = PBXFileReference; fileEncoding = 4; lastKnownFileType = text.plist.strings; path = sample.strings; sourceTree = "<group>"; };
		756C9D461A8D916E007B2B9B /* TestView.swift */ = {isa = PBXFileReference; fileEncoding = 4; lastKnownFileType = sourcecode.swift; path = TestView.swift; sourceTree = "<group>"; };
		756C9D4B1A8D9191007B2B9B /* libOpenPGP.a */ = {isa = PBXFileReference; lastKnownFileType = archive.ar; name = libOpenPGP.a; path = "../../Bin/libs/Debug-iphoneos/libOpenPGP.a"; sourceTree = "<group>"; };
/* End PBXFileReference section */

/* Begin PBXFrameworksBuildPhase section */
		756C9B931A8D886E007B2B9B /* Frameworks */ = {
			isa = PBXFrameworksBuildPhase;
			buildActionMask = 2147483647;
			files = (
				7514AEC61A8D9302000A1FAB /* libz.dylib in Frameworks */,
				7514AEC41A8D92FD000A1FAB /* libbz2.dylib in Frameworks */,
				7514AEC11A8D92F7000A1FAB /* libcrypto.a in Frameworks */,
				7514AEC21A8D92F7000A1FAB /* libssl.a in Frameworks */,
				756C9D4C1A8D9191007B2B9B /* libOpenPGP.a in Frameworks */,
			);
			runOnlyForDeploymentPostprocessing = 0;
		};
/* End PBXFrameworksBuildPhase section */

/* Begin PBXGroup section */
		756C9B8D1A8D886E007B2B9B = {
			isa = PBXGroup;
			children = (
				756C9B981A8D886E007B2B9B /* Swift_Test */,
				756C9B971A8D886E007B2B9B /* Products */,
				756C9D4A1A8D9171007B2B9B /* Frameworks */,
			);
			sourceTree = "<group>";
		};
		756C9B971A8D886E007B2B9B /* Products */ = {
			isa = PBXGroup;
			children = (
				756C9B961A8D886E007B2B9B /* Swift_Test.app */,
			);
			name = Products;
			sourceTree = "<group>";
		};
		756C9B981A8D886E007B2B9B /* Swift_Test */ = {
			isa = PBXGroup;
			children = (
				7514AEC71A8D95D3000A1FAB /* LoadString.swift */,
				7514AEC81A8D95D3000A1FAB /* SwiftObjC-Bridging-Header.cpp */,
				7514AEC91A8D95D3000A1FAB /* SwiftObjC-Bridging-Header.h */,
				756C9D431A8D916E007B2B9B /* sample.strings */,
				756C9D461A8D916E007B2B9B /* TestView.swift */,
				756C9B9B1A8D886E007B2B9B /* AppDelegate.swift */,
				756C9B9F1A8D886E007B2B9B /* Main.storyboard */,
				756C9BA21A8D886E007B2B9B /* Images.xcassets */,
				756C9BA41A8D886E007B2B9B /* LaunchScreen.xib */,
				756C9B991A8D886E007B2B9B /* Supporting Files */,
			);
			path = Swift_Test;
			sourceTree = "<group>";
		};
		756C9B991A8D886E007B2B9B /* Supporting Files */ = {
			isa = PBXGroup;
			children = (
				756C9B9A1A8D886E007B2B9B /* Info.plist */,
			);
			name = "Supporting Files";
			sourceTree = "<group>";
		};
		756C9D4A1A8D9171007B2B9B /* Frameworks */ = {
			isa = PBXGroup;
			children = (
				7514AEC51A8D9302000A1FAB /* libz.dylib */,
				7514AEC31A8D92FD000A1FAB /* libbz2.dylib */,
				7514AEBF1A8D92F7000A1FAB /* libcrypto.a */,
				7514AEC01A8D92F7000A1FAB /* libssl.a */,
				756C9D4B1A8D9191007B2B9B /* libOpenPGP.a */,
			);
			name = Frameworks;
			path = Swift_Test;
			sourceTree = "<group>";
		};
/* End PBXGroup section */

/* Begin PBXNativeTarget section */
		756C9B951A8D886E007B2B9B /* Swift_Test */ = {
			isa = PBXNativeTarget;
			buildConfigurationList = 756C9BB51A8D886E007B2B9B /* Build configuration list for PBXNativeTarget "Swift_Test" */;
			buildPhases = (
				756C9B921A8D886E007B2B9B /* Sources */,
				756C9B931A8D886E007B2B9B /* Frameworks */,
				756C9B941A8D886E007B2B9B /* Resources */,
			);
			buildRules = (
			);
			dependencies = (
			);
			name = Swift_Test;
			productName = Swift_Test;
			productReference = 756C9B961A8D886E007B2B9B /* Swift_Test.app */;
			productType = "com.apple.product-type.application";
		};
/* End PBXNativeTarget section */

/* Begin PBXProject section */
		756C9B8E1A8D886E007B2B9B /* Project object */ = {
			isa = PBXProject;
			attributes = {
				LastSwiftUpdateCheck = 0700;
				LastUpgradeCheck = 0610;
				ORGANIZATIONNAME = "Yanfeng Zhang";
				TargetAttributes = {
					756C9B951A8D886E007B2B9B = {
						CreatedOnToolsVersion = 6.1.1;
					};
				};
			};
			buildConfigurationList = 756C9B911A8D886E007B2B9B /* Build configuration list for PBXProject "Swift_Test" */;
			compatibilityVersion = "Xcode 3.2";
			developmentRegion = English;
			hasScannedForEncodings = 0;
			knownRegions = (
				en,
				Base,
			);
			mainGroup = 756C9B8D1A8D886E007B2B9B;
			productRefGroup = 756C9B971A8D886E007B2B9B /* Products */;
			projectDirPath = "";
			projectRoot = "";
			targets = (
				756C9B951A8D886E007B2B9B /* Swift_Test */,
			);
		};
/* End PBXProject section */

/* Begin PBXResourcesBuildPhase section */
		756C9B941A8D886E007B2B9B /* Resources */ = {
			isa = PBXResourcesBuildPhase;
			buildActionMask = 2147483647;
			files = (
				756C9D471A8D916E007B2B9B /* sample.strings in Resources */,
				756C9BA11A8D886E007B2B9B /* Main.storyboard in Resources */,
				756C9BA61A8D886E007B2B9B /* LaunchScreen.xib in Resources */,
				756C9BA31A8D886E007B2B9B /* Images.xcassets in Resources */,
			);
			runOnlyForDeploymentPostprocessing = 0;
		};
/* End PBXResourcesBuildPhase section */

/* Begin PBXSourcesBuildPhase section */
		756C9B921A8D886E007B2B9B /* Sources */ = {
			isa = PBXSourcesBuildPhase;
			buildActionMask = 2147483647;
			files = (
				7514AECA1A8D95D3000A1FAB /* LoadString.swift in Sources */,
				756C9D491A8D916E007B2B9B /* TestView.swift in Sources */,
				7514AECB1A8D95D3000A1FAB /* SwiftObjC-Bridging-Header.cpp in Sources */,
				756C9B9C1A8D886E007B2B9B /* AppDelegate.swift in Sources */,
			);
			runOnlyForDeploymentPostprocessing = 0;
		};
/* End PBXSourcesBuildPhase section */

/* Begin PBXVariantGroup section */
		756C9B9F1A8D886E007B2B9B /* Main.storyboard */ = {
			isa = PBXVariantGroup;
			children = (
				756C9BA01A8D886E007B2B9B /* Base */,
			);
			name = Main.storyboard;
			sourceTree = "<group>";
		};
		756C9BA41A8D886E007B2B9B /* LaunchScreen.xib */ = {
			isa = PBXVariantGroup;
			children = (
				756C9BA51A8D886E007B2B9B /* Base */,
			);
			name = LaunchScreen.xib;
			sourceTree = "<group>";
		};
/* End PBXVariantGroup section */

/* Begin XCBuildConfiguration section */
		756C9BB31A8D886E007B2B9B /* Debug */ = {
			isa = XCBuildConfiguration;
			buildSettings = {
				ALWAYS_SEARCH_USER_PATHS = NO;
				CLANG_CXX_LANGUAGE_STANDARD = "gnu++0x";
				CLANG_CXX_LIBRARY = "libc++";
				CLANG_ENABLE_MODULES = YES;
				CLANG_ENABLE_OBJC_ARC = YES;
				CLANG_WARN_BOOL_CONVERSION = YES;
				CLANG_WARN_CONSTANT_CONVERSION = YES;
				CLANG_WARN_DIRECT_OBJC_ISA_USAGE = YES_ERROR;
				CLANG_WARN_EMPTY_BODY = YES;
				CLANG_WARN_ENUM_CONVERSION = YES;
				CLANG_WARN_INT_CONVERSION = YES;
				CLANG_WARN_OBJC_ROOT_CLASS = YES_ERROR;
				CLANG_WARN_UNREACHABLE_CODE = YES;
				CLANG_WARN__DUPLICATE_METHOD_MATCH = YES;
				"CODE_SIGN_IDENTITY[sdk=iphoneos*]" = "iPhone Developer";
				COPY_PHASE_STRIP = NO;
				ENABLE_STRICT_OBJC_MSGSEND = YES;
				GCC_C_LANGUAGE_STANDARD = gnu99;
				GCC_DYNAMIC_NO_PIC = NO;
				GCC_OPTIMIZATION_LEVEL = 0;
				GCC_PREPROCESSOR_DEFINITIONS = (
					"DEBUG=1",
					"$(inherited)",
				);
				GCC_SYMBOLS_PRIVATE_EXTERN = NO;
				GCC_WARN_64_TO_32_BIT_CONVERSION = YES;
				GCC_WARN_ABOUT_RETURN_TYPE = YES_ERROR;
				GCC_WARN_UNDECLARED_SELECTOR = YES;
				GCC_WARN_UNINITIALIZED_AUTOS = YES_AGGRESSIVE;
				GCC_WARN_UNUSED_FUNCTION = YES;
				GCC_WARN_UNUSED_VARIABLE = YES;
				IPHONEOS_DEPLOYMENT_TARGET = 8.1;
				MTL_ENABLE_DEBUG_INFO = YES;
				ONLY_ACTIVE_ARCH = YES;
				SDKROOT = iphoneos;
				SWIFT_OPTIMIZATION_LEVEL = "-Onone";
				TARGETED_DEVICE_FAMILY = "1,2";
			};
			name = Debug;
		};
		756C9BB41A8D886E007B2B9B /* Release */ = {
			isa = XCBuildConfiguration;
			buildSettings = {
				ALWAYS_SEARCH_USER_PATHS = NO;
				CLANG_CXX_LANGUAGE_STANDARD = "gnu++0x";
				CLANG_CXX_LIBRARY = "libc++";
				CLANG_ENABLE_MODULES = YES;
				CLANG_ENABLE_OBJC_ARC = YES;
				CLANG_WARN_BOOL_CONVERSION = YES;
				CLANG_WARN_CONSTANT_CONVERSION = YES;
				CLANG_WARN_DIRECT_OBJC_ISA_USAGE = YES_ERROR;
				CLANG_WARN_EMPTY_BODY = YES;
				CLANG_WARN_ENUM_CONVERSION = YES;
				CLANG_WARN_INT_CONVERSION = YES;
				CLANG_WARN_OBJC_ROOT_CLASS = YES_ERROR;
				CLANG_WARN_UNREACHABLE_CODE = YES;
				CLANG_WARN__DUPLICATE_METHOD_MATCH = YES;
				"CODE_SIGN_IDENTITY[sdk=iphoneos*]" = "iPhone Developer";
				COPY_PHASE_STRIP = YES;
				ENABLE_NS_ASSERTIONS = NO;
				ENABLE_STRICT_OBJC_MSGSEND = YES;
				GCC_C_LANGUAGE_STANDARD = gnu99;
				GCC_WARN_64_TO_32_BIT_CONVERSION = YES;
				GCC_WARN_ABOUT_RETURN_TYPE = YES_ERROR;
				GCC_WARN_UNDECLARED_SELECTOR = YES;
				GCC_WARN_UNINITIALIZED_AUTOS = YES_AGGRESSIVE;
				GCC_WARN_UNUSED_FUNCTION = YES;
				GCC_WARN_UNUSED_VARIABLE = YES;
				IPHONEOS_DEPLOYMENT_TARGET = 8.1;
				MTL_ENABLE_DEBUG_INFO = NO;
				SDKROOT = iphoneos;
				TARGETED_DEVICE_FAMILY = "1,2";
				VALIDATE_PRODUCT = YES;
			};
			name = Release;
		};
		756C9BB61A8D886E007B2B9B /* Debug */ = {
			isa = XCBuildConfiguration;
			buildSettings = {
				ASSETCATALOG_COMPILER_APPICON_NAME = AppIcon;
				GCC_OPTIMIZATION_LEVEL = 0;
				HEADER_SEARCH_PATHS = (
					"$(inherited)",
					/Applications/Xcode.app/Contents/Developer/Toolchains/XcodeDefault.xctoolchain/usr/include,
					"$(PROJECT_DIR)/../Bin/include/OpenPGP_IOS",
				);
				INFOPLIST_FILE = Swift_Test/Info.plist;
				LD_RUNPATH_SEARCH_PATHS = "$(inherited) @executable_path/Frameworks";
				LIBRARY_SEARCH_PATHS = (
					"$(inherited)",
					/Users/Yanfeng/Documents/ProtonMailGit/OpenPGP/Bin/libs/OpenSSL,
				);
				"LIBRARY_SEARCH_PATHS[sdk=iphoneos*]" = (
					"$(inherited)",
					/Users/Yanfeng/Documents/ProtonMailGit/OpenPGP/Bin/libs/OpenSSL,
					"$(PROJECT_DIR)/../bin/libs/Debug-iphoneos",
				);
				"LIBRARY_SEARCH_PATHS[sdk=iphonesimulator*]" = (
					"$(inherited)",
					"$(PROJECT_DIR)/../bin/libs/OpenSSL",
					"$(PROJECT_DIR)/../bin/libs/Debug-iphonesimulator",
				);
				PRODUCT_NAME = "$(TARGET_NAME)";
				SWIFT_OBJC_BRIDGING_HEADER = "Swift_Test/SwiftObjC-Bridging-Header.h";
				SWIFT_OPTIMIZATION_LEVEL = "-Onone";
			};
			name = Debug;
		};
		756C9BB71A8D886E007B2B9B /* Release */ = {
			isa = XCBuildConfiguration;
			buildSettings = {
				ASSETCATALOG_COMPILER_APPICON_NAME = AppIcon;
				HEADER_SEARCH_PATHS = (
					"$(inherited)",
					/Applications/Xcode.app/Contents/Developer/Toolchains/XcodeDefault.xctoolchain/usr/include,
					"$(PROJECT_DIR)/../Bin/include/OpenPGP_IOS",
				);
				INFOPLIST_FILE = Swift_Test/Info.plist;
				LD_RUNPATH_SEARCH_PATHS = "$(inherited) @executable_path/Frameworks";
				LIBRARY_SEARCH_PATHS = (
					"$(inherited)",
					"/Users/Yanfeng/Documents/ProtonMailGit/OpenPGP/Bin/libs/Debug-iphoneos",
					/Users/Yanfeng/Documents/ProtonMailGit/OpenPGP/Bin/libs/OpenSSL,
				);
				PRODUCT_NAME = "$(TARGET_NAME)";
				SWIFT_OBJC_BRIDGING_HEADER = "Swift_Test/SwiftObjC-Bridging-Header.h";
			};
			name = Release;
		};
/* End XCBuildConfiguration section */

/* Begin XCConfigurationList section */
		756C9B911A8D886E007B2B9B /* Build configuration list for PBXProject "Swift_Test" */ = {
			isa = XCConfigurationList;
			buildConfigurations = (
				756C9BB31A8D886E007B2B9B /* Debug */,
				756C9BB41A8D886E007B2B9B /* Release */,
			);
			defaultConfigurationIsVisible = 0;
			defaultConfigurationName = Release;
		};
		756C9BB51A8D886E007B2B9B /* Build configuration list for PBXNativeTarget "Swift_Test" */ = {
			isa = XCConfigurationList;
			buildConfigurations = (
				756C9BB61A8D886E007B2B9B /* Debug */,
				756C9BB71A8D886E007B2B9B /* Release */,
			);
			defaultConfigurationIsVisible = 0;
			defaultConfigurationName = Release;
		};
/* End XCConfigurationList section */
	};
	rootObject = 756C9B8E1A8D886E007B2B9B /* Project object */;
}
